{
  "version": 4,
  "terraform_version": "1.7.4",
  "serial": 611,
  "lineage": "fafc73e3-9850-5f56-9039-57487b73892f",
  "outputs": {
    "api_gateway_url": {
      "value": "https://9cd2niyk10.execute-api.ap-south-1.amazonaws.com/v1",
      "type": "string"
    },
    "private_subnet_id": {
      "value": [
        "subnet-00a28379a54070b67",
        "subnet-075412e6463eaf940",
        "subnet-0f24d0611186df9b9"
      ],
      "type": [
        "tuple",
        [
          "string",
          "string",
          "string"
        ]
      ]
    },
    "public_instance_id": {
      "value": "i-0268d05afcfe7ce85",
      "type": "string"
    },
    "public_subnet_id": {
      "value": "subnet-0eaa4757782af0f62",
      "type": "string"
    },
    "vpc_id": {
      "value": "vpc-072bbac1398ceb65a",
      "type": "string"
    }
  },
  "resources": [
    {
      "module": "module.api_gateway",
      "mode": "managed",
      "type": "aws_api_gateway_deployment",
      "name": "main",
      "provider": "provider[\"registry.terraform.io/hashicorp/aws\"]",
      "instances": [
        {
          "schema_version": 0,
          "attributes": {
            "created_date": "2024-03-03T19:40:20Z",
            "description": "",
            "execution_arn": "arn:aws:execute-api:ap-south-1:107534347551:9cd2niyk10/prod",
            "id": "pjdp1b",
            "invoke_url": "https://9cd2niyk10.execute-api.ap-south-1.amazonaws.com/prod",
            "rest_api_id": "9cd2niyk10",
            "stage_description": null,
            "stage_name": "prod",
            "triggers": null,
            "variables": null
          },
          "sensitive_attributes": [],
          "private": "bnVsbA==",
          "dependencies": [
            "module.api_gateway.aws_api_gateway_integration.api_integration",
            "module.api_gateway.aws_api_gateway_method.any_method",
            "module.api_gateway.aws_api_gateway_resource.root",
            "module.api_gateway.aws_api_gateway_rest_api.main",
            "module.api_gateway.module.load_balancer.aws_lb.private_alb",
            "module.api_gateway.module.load_balancer.module.vpc.aws_subnet.private_subnet",
            "module.api_gateway.module.load_balancer.module.vpc.aws_vpc.zenskar"
          ]
        }
      ]
    },
    {
      "module": "module.api_gateway",
      "mode": "managed",
      "type": "aws_api_gateway_integration",
      "name": "api_integration",
      "provider": "provider[\"registry.terraform.io/hashicorp/aws\"]",
      "instances": [
        {
          "schema_version": 0,
          "attributes": {
            "cache_key_parameters": null,
            "cache_namespace": "kyyp0i",
            "connection_id": "",
            "connection_type": "INTERNET",
            "content_handling": "",
            "credentials": "",
            "http_method": "ANY",
            "id": "agi-9cd2niyk10-kyyp0i-ANY",
            "integration_http_method": "GET",
            "passthrough_behavior": "WHEN_NO_MATCH",
            "request_parameters": null,
            "request_templates": null,
            "resource_id": "kyyp0i",
            "rest_api_id": "9cd2niyk10",
            "timeout_milliseconds": 29000,
            "tls_config": [],
            "type": "HTTP_PROXY",
            "uri": "http://internal-private-alb-748674845.ap-south-1.elb.amazonaws.com/nginx"
          },
          "sensitive_attributes": [],
          "private": "bnVsbA==",
          "dependencies": [
            "module.api_gateway.aws_api_gateway_method.any_method",
            "module.api_gateway.aws_api_gateway_resource.root",
            "module.api_gateway.aws_api_gateway_rest_api.main",
            "module.api_gateway.module.load_balancer.aws_lb.private_alb",
            "module.api_gateway.module.load_balancer.module.vpc.aws_subnet.private_subnet",
            "module.api_gateway.module.load_balancer.module.vpc.aws_vpc.zenskar"
          ]
        }
      ]
    },
    {
      "module": "module.api_gateway",
      "mode": "managed",
      "type": "aws_api_gateway_method",
      "name": "any_method",
      "provider": "provider[\"registry.terraform.io/hashicorp/aws\"]",
      "instances": [
        {
          "schema_version": 0,
          "attributes": {
            "api_key_required": false,
            "authorization": "NONE",
            "authorization_scopes": null,
            "authorizer_id": null,
            "http_method": "ANY",
            "id": "agm-9cd2niyk10-kyyp0i-ANY",
            "operation_name": null,
            "request_models": null,
            "request_parameters": null,
            "request_validator_id": null,
            "resource_id": "kyyp0i",
            "rest_api_id": "9cd2niyk10"
          },
          "sensitive_attributes": [],
          "private": "bnVsbA==",
          "dependencies": [
            "module.api_gateway.aws_api_gateway_resource.root",
            "module.api_gateway.aws_api_gateway_rest_api.main"
          ]
        }
      ]
    },
    {
      "module": "module.api_gateway",
      "mode": "managed",
      "type": "aws_api_gateway_method_response",
      "name": "response",
      "provider": "provider[\"registry.terraform.io/hashicorp/aws\"]",
      "instances": [
        {
          "schema_version": 0,
          "attributes": {
            "http_method": "ANY",
            "id": "agmr-9cd2niyk10-kyyp0i-ANY-200",
            "resource_id": "kyyp0i",
            "response_models": null,
            "response_parameters": null,
            "rest_api_id": "9cd2niyk10",
            "status_code": "200"
          },
          "sensitive_attributes": [],
          "private": "bnVsbA==",
          "dependencies": [
            "module.api_gateway.aws_api_gateway_method.any_method",
            "module.api_gateway.aws_api_gateway_resource.root",
            "module.api_gateway.aws_api_gateway_rest_api.main"
          ]
        }
      ]
    },
    {
      "module": "module.api_gateway",
      "mode": "managed",
      "type": "aws_api_gateway_resource",
      "name": "root",
      "provider": "provider[\"registry.terraform.io/hashicorp/aws\"]",
      "instances": [
        {
          "schema_version": 0,
          "attributes": {
            "id": "kyyp0i",
            "parent_id": "5m0m546a7e",
            "path": "/v1",
            "path_part": "v1",
            "rest_api_id": "9cd2niyk10"
          },
          "sensitive_attributes": [],
          "private": "bnVsbA==",
          "dependencies": [
            "module.api_gateway.aws_api_gateway_rest_api.main"
          ]
        }
      ]
    },
    {
      "module": "module.api_gateway",
      "mode": "managed",
      "type": "aws_api_gateway_rest_api",
      "name": "main",
      "provider": "provider[\"registry.terraform.io/hashicorp/aws\"]",
      "instances": [
        {
          "schema_version": 0,
          "attributes": {
            "api_key_source": "HEADER",
            "arn": "arn:aws:apigateway:ap-south-1::/restapis/9cd2niyk10",
            "binary_media_types": [],
            "body": null,
            "created_date": "2024-03-03T19:37:18Z",
            "description": "Main API Gateway",
            "disable_execute_api_endpoint": false,
            "endpoint_configuration": [
              {
                "types": [
                  "EDGE"
                ],
                "vpc_endpoint_ids": []
              }
            ],
            "execution_arn": "arn:aws:execute-api:ap-south-1:107534347551:9cd2niyk10",
            "fail_on_warnings": null,
            "id": "9cd2niyk10",
            "minimum_compression_size": "",
            "name": "main-api",
            "parameters": null,
            "policy": "",
            "put_rest_api_mode": null,
            "root_resource_id": "5m0m546a7e",
            "tags": null,
            "tags_all": {}
          },
          "sensitive_attributes": [],
          "private": "bnVsbA=="
        }
      ]
    },
    {
      "module": "module.api_gateway.module.instances",
      "mode": "managed",
      "type": "aws_eip",
      "name": "nat_eip",
      "provider": "provider[\"registry.terraform.io/hashicorp/aws\"]",
      "instances": [
        {
          "schema_version": 0,
          "attributes": {
            "address": null,
            "allocation_id": "eipalloc-014ee815174e178b4",
            "associate_with_private_ip": null,
            "association_id": "",
            "carrier_ip": "",
            "customer_owned_ip": "",
            "customer_owned_ipv4_pool": "",
            "domain": "vpc",
            "id": "eipalloc-014ee815174e178b4",
            "instance": "",
            "network_border_group": "ap-south-1",
            "network_interface": "",
            "private_dns": null,
            "private_ip": "",
            "public_dns": "ec2-43-204-246-171.ap-south-1.compute.amazonaws.com",
            "public_ip": "43.204.246.171",
            "public_ipv4_pool": "amazon",
            "tags": null,
            "tags_all": {},
            "timeouts": null,
            "vpc": true
          },
          "sensitive_attributes": [],
          "private": "eyJlMmJmYjczMC1lY2FhLTExZTYtOGY4OC0zNDM2M2JjN2M0YzAiOnsiZGVsZXRlIjoxODAwMDAwMDAwMDAsInJlYWQiOjkwMDAwMDAwMDAwMCwidXBkYXRlIjozMDAwMDAwMDAwMDB9fQ=="
        }
      ]
    },
    {
      "module": "module.api_gateway.module.instances",
      "mode": "managed",
      "type": "aws_instance",
      "name": "bastion_host",
      "provider": "provider[\"registry.terraform.io/hashicorp/aws\"]",
      "instances": [
        {
          "schema_version": 1,
          "attributes": {
            "ami": "ami-03f4878755434977f",
            "arn": "arn:aws:ec2:ap-south-1:107534347551:instance/i-06339c693da333e91",
            "associate_public_ip_address": true,
            "availability_zone": "ap-south-1a",
            "capacity_reservation_specification": [
              {
                "capacity_reservation_preference": "open",
                "capacity_reservation_target": []
              }
            ],
            "cpu_core_count": 1,
            "cpu_options": [
              {
                "amd_sev_snp": "",
                "core_count": 1,
                "threads_per_core": 1
              }
            ],
            "cpu_threads_per_core": 1,
            "credit_specification": [
              {
                "cpu_credits": "standard"
              }
            ],
            "disable_api_stop": false,
            "disable_api_termination": false,
            "ebs_block_device": [],
            "ebs_optimized": false,
            "enclave_options": [
              {
                "enabled": false
              }
            ],
            "ephemeral_block_device": [],
            "get_password_data": false,
            "hibernation": false,
            "host_id": "",
            "host_resource_group_arn": null,
            "iam_instance_profile": "",
            "id": "i-06339c693da333e91",
            "instance_initiated_shutdown_behavior": "stop",
            "instance_lifecycle": "",
            "instance_market_options": [],
            "instance_state": "running",
            "instance_type": "t2.micro",
            "ipv6_address_count": 0,
            "ipv6_addresses": [],
            "key_name": "BastionSSHKey",
            "launch_template": [],
            "maintenance_options": [
              {
                "auto_recovery": "default"
              }
            ],
            "metadata_options": [
              {
                "http_endpoint": "enabled",
                "http_protocol_ipv6": "disabled",
                "http_put_response_hop_limit": 1,
                "http_tokens": "optional",
                "instance_metadata_tags": "disabled"
              }
            ],
            "monitoring": false,
            "network_interface": [],
            "outpost_arn": "",
            "password_data": "",
            "placement_group": "",
            "placement_partition_number": 0,
            "primary_network_interface_id": "eni-0f625726a22b7fdf1",
            "private_dns": "ip-172-34-1-237.ap-south-1.compute.internal",
            "private_dns_name_options": [
              {
                "enable_resource_name_dns_a_record": false,
                "enable_resource_name_dns_aaaa_record": false,
                "hostname_type": "ip-name"
              }
            ],
            "private_ip": "172.34.1.237",
            "public_dns": "ec2-13-201-50-124.ap-south-1.compute.amazonaws.com",
            "public_ip": "13.201.50.124",
            "root_block_device": [
              {
                "delete_on_termination": true,
                "device_name": "/dev/sda1",
                "encrypted": false,
                "iops": 100,
                "kms_key_id": "",
                "tags": {},
                "tags_all": {},
                "throughput": 0,
                "volume_id": "vol-0b98998fc13392486",
                "volume_size": 8,
                "volume_type": "gp2"
              }
            ],
            "secondary_private_ips": [],
            "security_groups": [],
            "source_dest_check": true,
            "spot_instance_request_id": "",
            "subnet_id": "subnet-020fa6eaea3fc1589",
            "tags": {
              "Name": "bastion-host"
            },
            "tags_all": {
              "Name": "bastion-host"
            },
            "tenancy": "default",
            "timeouts": null,
            "user_data": null,
            "user_data_base64": null,
            "user_data_replace_on_change": false,
            "volume_tags": null,
            "vpc_security_group_ids": [
              "sg-0f7029b3e2a26ab96"
            ]
          },
          "sensitive_attributes": [],
          "private": "eyJlMmJmYjczMC1lY2FhLTExZTYtOGY4OC0zNDM2M2JjN2M0YzAiOnsiY3JlYXRlIjo2MDAwMDAwMDAwMDAsImRlbGV0ZSI6MTIwMDAwMDAwMDAwMCwicmVhZCI6OTAwMDAwMDAwMDAwLCJ1cGRhdGUiOjYwMDAwMDAwMDAwMH0sInNjaGVtYV92ZXJzaW9uIjoiMSJ9",
          "dependencies": [
            "module.api_gateway.module.security_groups.aws_security_group.public_sg",
            "module.api_gateway.module.vpc.aws_subnet.public_subnet",
            "module.api_gateway.module.vpc.aws_vpc.zenskar"
          ]
        }
      ]
    },
    {
      "module": "module.api_gateway.module.instances",
      "mode": "managed",
      "type": "aws_instance",
      "name": "private_instance_1",
      "provider": "provider[\"registry.terraform.io/hashicorp/aws\"]",
      "instances": [
        {
          "status": "tainted",
          "schema_version": 1,
          "attributes": {
            "ami": "ami-03f4878755434977f",
            "arn": "arn:aws:ec2:ap-south-1:107534347551:instance/i-05a9b21acdb90ed1a",
            "associate_public_ip_address": false,
            "availability_zone": "ap-south-1a",
            "capacity_reservation_specification": [
              {
                "capacity_reservation_preference": "open",
                "capacity_reservation_target": []
              }
            ],
            "cpu_core_count": 1,
            "cpu_options": [
              {
                "amd_sev_snp": "",
                "core_count": 1,
                "threads_per_core": 1
              }
            ],
            "cpu_threads_per_core": 1,
            "credit_specification": [
              {
                "cpu_credits": "standard"
              }
            ],
            "disable_api_stop": false,
            "disable_api_termination": false,
            "ebs_block_device": [],
            "ebs_optimized": false,
            "enclave_options": [
              {
                "enabled": false
              }
            ],
            "ephemeral_block_device": [],
            "get_password_data": false,
            "hibernation": false,
            "host_id": "",
            "host_resource_group_arn": null,
            "iam_instance_profile": "",
            "id": "i-05a9b21acdb90ed1a",
            "instance_initiated_shutdown_behavior": "stop",
            "instance_lifecycle": "",
            "instance_market_options": [],
            "instance_state": "running",
            "instance_type": "t2.micro",
            "ipv6_address_count": 0,
            "ipv6_addresses": [],
            "key_name": "PrivateInstanceSSHKey",
            "launch_template": [],
            "maintenance_options": [
              {
                "auto_recovery": "default"
              }
            ],
            "metadata_options": [
              {
                "http_endpoint": "enabled",
                "http_protocol_ipv6": "disabled",
                "http_put_response_hop_limit": 1,
                "http_tokens": "optional",
                "instance_metadata_tags": "disabled"
              }
            ],
            "monitoring": false,
            "network_interface": [],
            "outpost_arn": "",
            "password_data": "",
            "placement_group": "",
            "placement_partition_number": 0,
            "primary_network_interface_id": "eni-03aeb9c76f43b5719",
            "private_dns": "ip-172-34-4-118.ap-south-1.compute.internal",
            "private_dns_name_options": [
              {
                "enable_resource_name_dns_a_record": false,
                "enable_resource_name_dns_aaaa_record": false,
                "hostname_type": "ip-name"
              }
            ],
            "private_ip": "172.34.4.118",
            "public_dns": "",
            "public_ip": "",
            "root_block_device": [
              {
                "delete_on_termination": true,
                "device_name": "/dev/sda1",
                "encrypted": false,
                "iops": 100,
                "kms_key_id": "",
                "tags": {},
                "tags_all": {},
                "throughput": 0,
                "volume_id": "vol-05dc04089281a0da2",
                "volume_size": 8,
                "volume_type": "gp2"
              }
            ],
            "secondary_private_ips": [],
            "security_groups": [],
            "source_dest_check": true,
            "spot_instance_request_id": "",
            "subnet_id": "subnet-0850040e6c47c5f62",
            "tags": {
              "Name": "private_instance_1"
            },
            "tags_all": {
              "Name": "private_instance_1"
            },
            "tenancy": "default",
            "timeouts": null,
            "user_data": null,
            "user_data_base64": null,
            "user_data_replace_on_change": false,
            "volume_tags": null,
            "vpc_security_group_ids": [
              "sg-02a5acbae0a2e3caa"
            ]
          },
          "sensitive_attributes": [],
          "private": "eyJlMmJmYjczMC1lY2FhLTExZTYtOGY4OC0zNDM2M2JjN2M0YzAiOnsiY3JlYXRlIjo2MDAwMDAwMDAwMDAsImRlbGV0ZSI6MTIwMDAwMDAwMDAwMCwicmVhZCI6OTAwMDAwMDAwMDAwLCJ1cGRhdGUiOjYwMDAwMDAwMDAwMH0sInNjaGVtYV92ZXJzaW9uIjoiMSJ9",
          "dependencies": [
            "module.api_gateway.module.security_groups.aws_security_group.private_sg",
            "module.api_gateway.module.vpc.aws_subnet.private_subnet",
            "module.api_gateway.module.vpc.aws_vpc.zenskar"
          ]
        }
      ]
    },
    {
      "module": "module.api_gateway.module.instances",
      "mode": "managed",
      "type": "aws_instance",
      "name": "private_instance_2",
      "provider": "provider[\"registry.terraform.io/hashicorp/aws\"]",
      "instances": [
        {
          "status": "tainted",
          "schema_version": 1,
          "attributes": {
            "ami": "ami-03f4878755434977f",
            "arn": "arn:aws:ec2:ap-south-1:107534347551:instance/i-00d0a881d22666eaf",
            "associate_public_ip_address": false,
            "availability_zone": "ap-south-1a",
            "capacity_reservation_specification": [
              {
                "capacity_reservation_preference": "open",
                "capacity_reservation_target": []
              }
            ],
            "cpu_core_count": 1,
            "cpu_options": [
              {
                "amd_sev_snp": "",
                "core_count": 1,
                "threads_per_core": 1
              }
            ],
            "cpu_threads_per_core": 1,
            "credit_specification": [
              {
                "cpu_credits": "standard"
              }
            ],
            "disable_api_stop": false,
            "disable_api_termination": false,
            "ebs_block_device": [],
            "ebs_optimized": false,
            "enclave_options": [
              {
                "enabled": false
              }
            ],
            "ephemeral_block_device": [],
            "get_password_data": false,
            "hibernation": false,
            "host_id": "",
            "host_resource_group_arn": null,
            "iam_instance_profile": "",
            "id": "i-00d0a881d22666eaf",
            "instance_initiated_shutdown_behavior": "stop",
            "instance_lifecycle": "",
            "instance_market_options": [],
            "instance_state": "running",
            "instance_type": "t2.micro",
            "ipv6_address_count": 0,
            "ipv6_addresses": [],
            "key_name": "PrivateInstanceSSHKey",
            "launch_template": [],
            "maintenance_options": [
              {
                "auto_recovery": "default"
              }
            ],
            "metadata_options": [
              {
                "http_endpoint": "enabled",
                "http_protocol_ipv6": "disabled",
                "http_put_response_hop_limit": 1,
                "http_tokens": "optional",
                "instance_metadata_tags": "disabled"
              }
            ],
            "monitoring": false,
            "network_interface": [],
            "outpost_arn": "",
            "password_data": "",
            "placement_group": "",
            "placement_partition_number": 0,
            "primary_network_interface_id": "eni-0e8abc0b2c14a0e18",
            "private_dns": "ip-172-34-4-240.ap-south-1.compute.internal",
            "private_dns_name_options": [
              {
                "enable_resource_name_dns_a_record": false,
                "enable_resource_name_dns_aaaa_record": false,
                "hostname_type": "ip-name"
              }
            ],
            "private_ip": "172.34.4.240",
            "public_dns": "",
            "public_ip": "",
            "root_block_device": [
              {
                "delete_on_termination": true,
                "device_name": "/dev/sda1",
                "encrypted": false,
                "iops": 100,
                "kms_key_id": "",
                "tags": {},
                "tags_all": {},
                "throughput": 0,
                "volume_id": "vol-09e833f6be26719fb",
                "volume_size": 8,
                "volume_type": "gp2"
              }
            ],
            "secondary_private_ips": [],
            "security_groups": [],
            "source_dest_check": true,
            "spot_instance_request_id": "",
            "subnet_id": "subnet-0850040e6c47c5f62",
            "tags": {
              "Name": "private_instance_2"
            },
            "tags_all": {
              "Name": "private_instance_2"
            },
            "tenancy": "default",
            "timeouts": null,
            "user_data": null,
            "user_data_base64": null,
            "user_data_replace_on_change": false,
            "volume_tags": null,
            "vpc_security_group_ids": [
              "sg-02a5acbae0a2e3caa"
            ]
          },
          "sensitive_attributes": [],
          "private": "eyJlMmJmYjczMC1lY2FhLTExZTYtOGY4OC0zNDM2M2JjN2M0YzAiOnsiY3JlYXRlIjo2MDAwMDAwMDAwMDAsImRlbGV0ZSI6MTIwMDAwMDAwMDAwMCwicmVhZCI6OTAwMDAwMDAwMDAwLCJ1cGRhdGUiOjYwMDAwMDAwMDAwMH0sInNjaGVtYV92ZXJzaW9uIjoiMSJ9",
          "dependencies": [
            "module.api_gateway.module.security_groups.aws_security_group.private_sg",
            "module.api_gateway.module.vpc.aws_subnet.private_subnet",
            "module.api_gateway.module.vpc.aws_vpc.zenskar"
          ]
        }
      ]
    },
    {
      "module": "module.api_gateway.module.instances",
      "mode": "managed",
      "type": "aws_nat_gateway",
      "name": "nat_gateway",
      "provider": "provider[\"registry.terraform.io/hashicorp/aws\"]",
      "instances": [
        {
          "schema_version": 0,
          "attributes": {
            "allocation_id": "eipalloc-014ee815174e178b4",
            "association_id": "eipassoc-0891f7ef96e105475",
            "connectivity_type": "public",
            "id": "nat-0442f0de54c4335ee",
            "network_interface_id": "eni-041b99b257648c7ad",
            "private_ip": "172.34.1.62",
            "public_ip": "43.204.246.171",
            "secondary_allocation_ids": null,
            "secondary_private_ip_address_count": 0,
            "secondary_private_ip_addresses": [],
            "subnet_id": "subnet-020fa6eaea3fc1589",
            "tags": null,
            "tags_all": {},
            "timeouts": null
          },
          "sensitive_attributes": [],
          "private": "eyJlMmJmYjczMC1lY2FhLTExZTYtOGY4OC0zNDM2M2JjN2M0YzAiOnsiY3JlYXRlIjo2MDAwMDAwMDAwMDAsImRlbGV0ZSI6MTgwMDAwMDAwMDAwMCwidXBkYXRlIjo2MDAwMDAwMDAwMDB9fQ==",
          "dependencies": [
            "module.api_gateway.module.instances.aws_eip.nat_eip",
            "module.api_gateway.module.vpc.aws_subnet.public_subnet",
            "module.api_gateway.module.vpc.aws_vpc.zenskar"
          ]
        }
      ]
    },
    {
      "module": "module.api_gateway.module.instances",
      "mode": "managed",
      "type": "aws_route_table",
      "name": "private_route_table",
      "provider": "provider[\"registry.terraform.io/hashicorp/aws\"]",
      "instances": [
        {
          "schema_version": 0,
          "attributes": {
            "arn": "arn:aws:ec2:ap-south-1:107534347551:route-table/rtb-07f5b113838c3ca70",
            "id": "rtb-07f5b113838c3ca70",
            "owner_id": "107534347551",
            "propagating_vgws": [],
            "route": [
              {
                "carrier_gateway_id": "",
                "cidr_block": "0.0.0.0/0",
                "core_network_arn": "",
                "destination_prefix_list_id": "",
                "egress_only_gateway_id": "",
                "gateway_id": "",
                "ipv6_cidr_block": "",
                "local_gateway_id": "",
                "nat_gateway_id": "nat-0442f0de54c4335ee",
                "network_interface_id": "",
                "transit_gateway_id": "",
                "vpc_endpoint_id": "",
                "vpc_peering_connection_id": ""
              }
            ],
            "tags": {
              "Name": "Private Route Table"
            },
            "tags_all": {
              "Name": "Private Route Table"
            },
            "timeouts": null,
            "vpc_id": "vpc-0ae3f36ee7d94056a"
          },
          "sensitive_attributes": [],
          "private": "eyJlMmJmYjczMC1lY2FhLTExZTYtOGY4OC0zNDM2M2JjN2M0YzAiOnsiY3JlYXRlIjozMDAwMDAwMDAwMDAsImRlbGV0ZSI6MzAwMDAwMDAwMDAwLCJ1cGRhdGUiOjEyMDAwMDAwMDAwMH19",
          "dependencies": [
            "module.api_gateway.module.instances.aws_eip.nat_eip",
            "module.api_gateway.module.instances.aws_nat_gateway.nat_gateway",
            "module.api_gateway.module.vpc.aws_subnet.public_subnet",
            "module.api_gateway.module.vpc.aws_vpc.zenskar"
          ]
        }
      ]
    },
    {
      "module": "module.api_gateway.module.instances",
      "mode": "managed",
      "type": "aws_route_table_association",
      "name": "private_route_table_association",
      "provider": "provider[\"registry.terraform.io/hashicorp/aws\"]",
      "instances": [
        {
          "schema_version": 0,
          "attributes": {
            "gateway_id": "",
            "id": "rtbassoc-00a9d5a35afa91148",
            "route_table_id": "rtb-07f5b113838c3ca70",
            "subnet_id": "subnet-0850040e6c47c5f62",
            "timeouts": null
          },
          "sensitive_attributes": [],
          "private": "eyJlMmJmYjczMC1lY2FhLTExZTYtOGY4OC0zNDM2M2JjN2M0YzAiOnsiY3JlYXRlIjozMDAwMDAwMDAwMDAsImRlbGV0ZSI6MzAwMDAwMDAwMDAwLCJ1cGRhdGUiOjEyMDAwMDAwMDAwMH19",
          "dependencies": [
            "module.api_gateway.module.instances.aws_eip.nat_eip",
            "module.api_gateway.module.instances.aws_nat_gateway.nat_gateway",
            "module.api_gateway.module.instances.aws_route_table.private_route_table",
            "module.api_gateway.module.vpc.aws_subnet.private_subnet",
            "module.api_gateway.module.vpc.aws_subnet.public_subnet",
            "module.api_gateway.module.vpc.aws_vpc.zenskar"
          ]
        }
      ]
    },
    {
      "module": "module.api_gateway.module.load_balancer",
      "mode": "managed",
      "type": "aws_lb",
      "name": "private_alb",
      "provider": "provider[\"registry.terraform.io/hashicorp/aws\"]",
      "instances": [
        {
          "schema_version": 0,
          "attributes": {
            "access_logs": [
              {
                "bucket": "",
                "enabled": false,
                "prefix": ""
              }
            ],
            "arn": "arn:aws:elasticloadbalancing:ap-south-1:107534347551:loadbalancer/app/private-alb/573d02365998c3ec",
            "arn_suffix": "app/private-alb/573d02365998c3ec",
            "connection_logs": [
              {
                "bucket": "",
                "enabled": false,
                "prefix": ""
              }
            ],
            "customer_owned_ipv4_pool": "",
            "desync_mitigation_mode": "defensive",
            "dns_name": "internal-private-alb-748674845.ap-south-1.elb.amazonaws.com",
            "dns_record_client_routing_policy": null,
            "drop_invalid_header_fields": false,
            "enable_cross_zone_load_balancing": true,
            "enable_deletion_protection": false,
            "enable_http2": true,
            "enable_tls_version_and_cipher_suite_headers": false,
            "enable_waf_fail_open": false,
            "enable_xff_client_port": false,
            "enforce_security_group_inbound_rules_on_private_link_traffic": "",
            "id": "arn:aws:elasticloadbalancing:ap-south-1:107534347551:loadbalancer/app/private-alb/573d02365998c3ec",
            "idle_timeout": 60,
            "internal": true,
            "ip_address_type": "ipv4",
            "load_balancer_type": "application",
            "name": "private-alb",
            "name_prefix": "",
            "preserve_host_header": false,
            "security_groups": [
              "sg-065a1f517aa2bec4c"
            ],
            "subnet_mapping": [
              {
                "allocation_id": "",
                "ipv6_address": "",
                "outpost_id": "",
                "private_ipv4_address": "",
                "subnet_id": "subnet-028e0985a66eb83e4"
              },
              {
                "allocation_id": "",
                "ipv6_address": "",
                "outpost_id": "",
                "private_ipv4_address": "",
                "subnet_id": "subnet-034670b0957139243"
              },
              {
                "allocation_id": "",
                "ipv6_address": "",
                "outpost_id": "",
                "private_ipv4_address": "",
                "subnet_id": "subnet-0d2c8dfe967eb6858"
              }
            ],
            "subnets": [
              "subnet-028e0985a66eb83e4",
              "subnet-034670b0957139243",
              "subnet-0d2c8dfe967eb6858"
            ],
            "tags": null,
            "tags_all": {},
            "timeouts": null,
            "vpc_id": "vpc-0e39e62c37f0f8306",
            "xff_header_processing_mode": "append",
            "zone_id": "ZP97RAFLXTNZK"
          },
          "sensitive_attributes": [],
          "private": "eyJlMmJmYjczMC1lY2FhLTExZTYtOGY4OC0zNDM2M2JjN2M0YzAiOnsiY3JlYXRlIjo2MDAwMDAwMDAwMDAsImRlbGV0ZSI6NjAwMDAwMDAwMDAwLCJ1cGRhdGUiOjYwMDAwMDAwMDAwMH19",
          "dependencies": [
            "module.api_gateway.module.load_balancer.module.vpc.aws_subnet.private_subnet",
            "module.api_gateway.module.load_balancer.module.vpc.aws_vpc.zenskar"
          ]
        }
      ]
    },
    {
      "module": "module.api_gateway.module.load_balancer",
      "mode": "managed",
      "type": "aws_lb_listener",
      "name": "private_listener",
      "provider": "provider[\"registry.terraform.io/hashicorp/aws\"]",
      "instances": [
        {
          "schema_version": 0,
          "attributes": {
            "alpn_policy": null,
            "arn": "arn:aws:elasticloadbalancing:ap-south-1:107534347551:listener/app/private-alb/573d02365998c3ec/1a345e35e27db769",
            "certificate_arn": null,
            "default_action": [
              {
                "authenticate_cognito": [],
                "authenticate_oidc": [],
                "fixed_response": [],
                "forward": [],
                "order": 1,
                "redirect": [],
                "target_group_arn": "arn:aws:elasticloadbalancing:ap-south-1:107534347551:targetgroup/private-target-group/90e9d719511df39c",
                "type": "forward"
              }
            ],
            "id": "arn:aws:elasticloadbalancing:ap-south-1:107534347551:listener/app/private-alb/573d02365998c3ec/1a345e35e27db769",
            "load_balancer_arn": "arn:aws:elasticloadbalancing:ap-south-1:107534347551:loadbalancer/app/private-alb/573d02365998c3ec",
            "mutual_authentication": [],
            "port": 80,
            "protocol": "HTTP",
            "ssl_policy": "",
            "tags": null,
            "tags_all": {},
            "timeouts": null
          },
          "sensitive_attributes": [],
          "private": "eyJlMmJmYjczMC1lY2FhLTExZTYtOGY4OC0zNDM2M2JjN2M0YzAiOnsiY3JlYXRlIjozMDAwMDAwMDAwMDAsInVwZGF0ZSI6MzAwMDAwMDAwMDAwfX0=",
          "dependencies": [
            "module.api_gateway.module.load_balancer.aws_lb.private_alb",
            "module.api_gateway.module.load_balancer.aws_lb_target_group.private_target_group",
            "module.api_gateway.module.load_balancer.module.vpc.aws_subnet.private_subnet",
            "module.api_gateway.module.load_balancer.module.vpc.aws_vpc.zenskar"
          ]
        }
      ]
    },
    {
      "module": "module.api_gateway.module.load_balancer",
      "mode": "managed",
      "type": "aws_lb_target_group",
      "name": "private_target_group",
      "provider": "provider[\"registry.terraform.io/hashicorp/aws\"]",
      "instances": [
        {
          "schema_version": 0,
          "attributes": {
            "arn": "arn:aws:elasticloadbalancing:ap-south-1:107534347551:targetgroup/private-target-group/90e9d719511df39c",
            "arn_suffix": "targetgroup/private-target-group/90e9d719511df39c",
            "connection_termination": null,
            "deregistration_delay": "300",
            "health_check": [
              {
                "enabled": true,
                "healthy_threshold": 5,
                "interval": 30,
                "matcher": "200",
                "path": "/",
                "port": "traffic-port",
                "protocol": "HTTP",
                "timeout": 5,
                "unhealthy_threshold": 2
              }
            ],
            "id": "arn:aws:elasticloadbalancing:ap-south-1:107534347551:targetgroup/private-target-group/90e9d719511df39c",
            "ip_address_type": "ipv4",
            "lambda_multi_value_headers_enabled": false,
            "load_balancer_arns": [],
            "load_balancing_algorithm_type": "round_robin",
            "load_balancing_anomaly_mitigation": "off",
            "load_balancing_cross_zone_enabled": "use_load_balancer_configuration",
            "name": "private-target-group",
            "name_prefix": "",
            "port": 80,
            "preserve_client_ip": null,
            "protocol": "HTTP",
            "protocol_version": "HTTP1",
            "proxy_protocol_v2": false,
            "slow_start": 0,
            "stickiness": [
              {
                "cookie_duration": 86400,
                "cookie_name": "",
                "enabled": false,
                "type": "lb_cookie"
              }
            ],
            "tags": null,
            "tags_all": {},
            "target_failover": [
              {
                "on_deregistration": null,
                "on_unhealthy": null
              }
            ],
            "target_health_state": [
              {
                "enable_unhealthy_connection_termination": null
              }
            ],
            "target_type": "instance",
            "vpc_id": "vpc-0e39e62c37f0f8306"
          },
          "sensitive_attributes": [],
          "private": "bnVsbA==",
          "dependencies": [
            "module.api_gateway.module.load_balancer.module.vpc.aws_vpc.zenskar"
          ]
        }
      ]
    },
    {
      "module": "module.api_gateway.module.load_balancer.module.instances",
      "mode": "managed",
      "type": "aws_instance",
      "name": "bastion_host",
      "provider": "provider[\"registry.terraform.io/hashicorp/aws\"]",
      "instances": [
        {
          "schema_version": 1,
          "attributes": {
            "ami": "ami-03f4878755434977f",
            "arn": "arn:aws:ec2:ap-south-1:107534347551:instance/i-0717cb852157bcada",
            "associate_public_ip_address": true,
            "availability_zone": "ap-south-1a",
            "capacity_reservation_specification": [
              {
                "capacity_reservation_preference": "open",
                "capacity_reservation_target": []
              }
            ],
            "cpu_core_count": 1,
            "cpu_options": [
              {
                "amd_sev_snp": "",
                "core_count": 1,
                "threads_per_core": 1
              }
            ],
            "cpu_threads_per_core": 1,
            "credit_specification": [
              {
                "cpu_credits": "standard"
              }
            ],
            "disable_api_stop": false,
            "disable_api_termination": false,
            "ebs_block_device": [],
            "ebs_optimized": false,
            "enclave_options": [
              {
                "enabled": false
              }
            ],
            "ephemeral_block_device": [],
            "get_password_data": false,
            "hibernation": false,
            "host_id": "",
            "host_resource_group_arn": null,
            "iam_instance_profile": "",
            "id": "i-0717cb852157bcada",
            "instance_initiated_shutdown_behavior": "stop",
            "instance_lifecycle": "",
            "instance_market_options": [],
            "instance_state": "running",
            "instance_type": "t2.micro",
            "ipv6_address_count": 0,
            "ipv6_addresses": [],
            "key_name": "BastionSSHKey",
            "launch_template": [],
            "maintenance_options": [
              {
                "auto_recovery": "default"
              }
            ],
            "metadata_options": [
              {
                "http_endpoint": "enabled",
                "http_protocol_ipv6": "disabled",
                "http_put_response_hop_limit": 1,
                "http_tokens": "optional",
                "instance_metadata_tags": "disabled"
              }
            ],
            "monitoring": false,
            "network_interface": [],
            "outpost_arn": "",
            "password_data": "",
            "placement_group": "",
            "placement_partition_number": 0,
            "primary_network_interface_id": "eni-096c902a37cf154bf",
            "private_dns": "ip-172-34-1-202.ap-south-1.compute.internal",
            "private_dns_name_options": [
              {
                "enable_resource_name_dns_a_record": false,
                "enable_resource_name_dns_aaaa_record": false,
                "hostname_type": "ip-name"
              }
            ],
            "private_ip": "172.34.1.202",
            "public_dns": "ec2-13-233-125-211.ap-south-1.compute.amazonaws.com",
            "public_ip": "13.233.125.211",
            "root_block_device": [
              {
                "delete_on_termination": true,
                "device_name": "/dev/sda1",
                "encrypted": false,
                "iops": 100,
                "kms_key_id": "",
                "tags": {},
                "tags_all": {},
                "throughput": 0,
                "volume_id": "vol-05e122ab8d7540b7b",
                "volume_size": 8,
                "volume_type": "gp2"
              }
            ],
            "secondary_private_ips": [],
            "security_groups": [],
            "source_dest_check": true,
            "spot_instance_request_id": "",
            "subnet_id": "subnet-0f9051d1a2ddecac5",
            "tags": {
              "Name": "bastion-host"
            },
            "tags_all": {
              "Name": "bastion-host"
            },
            "tenancy": "default",
            "timeouts": null,
            "user_data": null,
            "user_data_base64": null,
            "user_data_replace_on_change": false,
            "volume_tags": null,
            "vpc_security_group_ids": [
              "sg-00403727118a34f51"
            ]
          },
          "sensitive_attributes": [],
          "private": "eyJlMmJmYjczMC1lY2FhLTExZTYtOGY4OC0zNDM2M2JjN2M0YzAiOnsiY3JlYXRlIjo2MDAwMDAwMDAwMDAsImRlbGV0ZSI6MTIwMDAwMDAwMDAwMCwicmVhZCI6OTAwMDAwMDAwMDAwLCJ1cGRhdGUiOjYwMDAwMDAwMDAwMH0sInNjaGVtYV92ZXJzaW9uIjoiMSJ9",
          "dependencies": [
            "module.api_gateway.module.load_balancer.module.security_groups.aws_security_group.public_sg",
            "module.api_gateway.module.load_balancer.module.vpc.aws_subnet.public_subnet",
            "module.api_gateway.module.load_balancer.module.vpc.aws_vpc.zenskar"
          ]
        }
      ]
    },
    {
      "module": "module.api_gateway.module.load_balancer.module.instances",
      "mode": "managed",
      "type": "aws_instance",
      "name": "private_instance_1",
      "provider": "provider[\"registry.terraform.io/hashicorp/aws\"]",
      "instances": [
        {
          "status": "tainted",
          "schema_version": 1,
          "attributes": {
            "ami": "ami-03f4878755434977f",
            "arn": "arn:aws:ec2:ap-south-1:107534347551:instance/i-0aa41a08643ebfad5",
            "associate_public_ip_address": false,
            "availability_zone": "ap-south-1a",
            "capacity_reservation_specification": [
              {
                "capacity_reservation_preference": "open",
                "capacity_reservation_target": []
              }
            ],
            "cpu_core_count": 1,
            "cpu_options": [
              {
                "amd_sev_snp": "",
                "core_count": 1,
                "threads_per_core": 1
              }
            ],
            "cpu_threads_per_core": 1,
            "credit_specification": [
              {
                "cpu_credits": "standard"
              }
            ],
            "disable_api_stop": false,
            "disable_api_termination": false,
            "ebs_block_device": [],
            "ebs_optimized": false,
            "enclave_options": [
              {
                "enabled": false
              }
            ],
            "ephemeral_block_device": [],
            "get_password_data": false,
            "hibernation": false,
            "host_id": "",
            "host_resource_group_arn": null,
            "iam_instance_profile": "",
            "id": "i-0aa41a08643ebfad5",
            "instance_initiated_shutdown_behavior": "stop",
            "instance_lifecycle": "",
            "instance_market_options": [],
            "instance_state": "running",
            "instance_type": "t2.micro",
            "ipv6_address_count": 0,
            "ipv6_addresses": [],
            "key_name": "PrivateInstanceSSHKey",
            "launch_template": [],
            "maintenance_options": [
              {
                "auto_recovery": "default"
              }
            ],
            "metadata_options": [
              {
                "http_endpoint": "enabled",
                "http_protocol_ipv6": "disabled",
                "http_put_response_hop_limit": 1,
                "http_tokens": "optional",
                "instance_metadata_tags": "disabled"
              }
            ],
            "monitoring": false,
            "network_interface": [],
            "outpost_arn": "",
            "password_data": "",
            "placement_group": "",
            "placement_partition_number": 0,
            "primary_network_interface_id": "eni-0b425662b5a38a080",
            "private_dns": "ip-172-34-4-214.ap-south-1.compute.internal",
            "private_dns_name_options": [
              {
                "enable_resource_name_dns_a_record": false,
                "enable_resource_name_dns_aaaa_record": false,
                "hostname_type": "ip-name"
              }
            ],
            "private_ip": "172.34.4.214",
            "public_dns": "",
            "public_ip": "",
            "root_block_device": [
              {
                "delete_on_termination": true,
                "device_name": "/dev/sda1",
                "encrypted": false,
                "iops": 100,
                "kms_key_id": "",
                "tags": {},
                "tags_all": {},
                "throughput": 0,
                "volume_id": "vol-0c8caa26d5d35323a",
                "volume_size": 8,
                "volume_type": "gp2"
              }
            ],
            "secondary_private_ips": [],
            "security_groups": [],
            "source_dest_check": true,
            "spot_instance_request_id": "",
            "subnet_id": "subnet-0d2c8dfe967eb6858",
            "tags": {
              "Name": "private_instance_1"
            },
            "tags_all": {
              "Name": "private_instance_1"
            },
            "tenancy": "default",
            "timeouts": null,
            "user_data": null,
            "user_data_base64": null,
            "user_data_replace_on_change": false,
            "volume_tags": null,
            "vpc_security_group_ids": [
              "sg-0e8570337a66eb202"
            ]
          },
          "sensitive_attributes": [],
          "private": "eyJlMmJmYjczMC1lY2FhLTExZTYtOGY4OC0zNDM2M2JjN2M0YzAiOnsiY3JlYXRlIjo2MDAwMDAwMDAwMDAsImRlbGV0ZSI6MTIwMDAwMDAwMDAwMCwicmVhZCI6OTAwMDAwMDAwMDAwLCJ1cGRhdGUiOjYwMDAwMDAwMDAwMH0sInNjaGVtYV92ZXJzaW9uIjoiMSJ9",
          "dependencies": [
            "module.api_gateway.module.load_balancer.module.security_groups.aws_security_group.private_sg",
            "module.api_gateway.module.load_balancer.module.vpc.aws_subnet.private_subnet",
            "module.api_gateway.module.load_balancer.module.vpc.aws_vpc.zenskar"
          ]
        }
      ]
    },
    {
      "module": "module.api_gateway.module.load_balancer.module.instances",
      "mode": "managed",
      "type": "aws_instance",
      "name": "private_instance_2",
      "provider": "provider[\"registry.terraform.io/hashicorp/aws\"]",
      "instances": [
        {
          "status": "tainted",
          "schema_version": 1,
          "attributes": {
            "ami": "ami-03f4878755434977f",
            "arn": "arn:aws:ec2:ap-south-1:107534347551:instance/i-034806b20f2c4d600",
            "associate_public_ip_address": false,
            "availability_zone": "ap-south-1a",
            "capacity_reservation_specification": [
              {
                "capacity_reservation_preference": "open",
                "capacity_reservation_target": []
              }
            ],
            "cpu_core_count": 1,
            "cpu_options": [
              {
                "amd_sev_snp": "",
                "core_count": 1,
                "threads_per_core": 1
              }
            ],
            "cpu_threads_per_core": 1,
            "credit_specification": [
              {
                "cpu_credits": "standard"
              }
            ],
            "disable_api_stop": false,
            "disable_api_termination": false,
            "ebs_block_device": [],
            "ebs_optimized": false,
            "enclave_options": [
              {
                "enabled": false
              }
            ],
            "ephemeral_block_device": [],
            "get_password_data": false,
            "hibernation": false,
            "host_id": "",
            "host_resource_group_arn": null,
            "iam_instance_profile": "",
            "id": "i-034806b20f2c4d600",
            "instance_initiated_shutdown_behavior": "stop",
            "instance_lifecycle": "",
            "instance_market_options": [],
            "instance_state": "running",
            "instance_type": "t2.micro",
            "ipv6_address_count": 0,
            "ipv6_addresses": [],
            "key_name": "PrivateInstanceSSHKey",
            "launch_template": [],
            "maintenance_options": [
              {
                "auto_recovery": "default"
              }
            ],
            "metadata_options": [
              {
                "http_endpoint": "enabled",
                "http_protocol_ipv6": "disabled",
                "http_put_response_hop_limit": 1,
                "http_tokens": "optional",
                "instance_metadata_tags": "disabled"
              }
            ],
            "monitoring": false,
            "network_interface": [],
            "outpost_arn": "",
            "password_data": "",
            "placement_group": "",
            "placement_partition_number": 0,
            "primary_network_interface_id": "eni-0ef4fd19eb94f8665",
            "private_dns": "ip-172-34-4-165.ap-south-1.compute.internal",
            "private_dns_name_options": [
              {
                "enable_resource_name_dns_a_record": false,
                "enable_resource_name_dns_aaaa_record": false,
                "hostname_type": "ip-name"
              }
            ],
            "private_ip": "172.34.4.165",
            "public_dns": "",
            "public_ip": "",
            "root_block_device": [
              {
                "delete_on_termination": true,
                "device_name": "/dev/sda1",
                "encrypted": false,
                "iops": 100,
                "kms_key_id": "",
                "tags": {},
                "tags_all": {},
                "throughput": 0,
                "volume_id": "vol-00278ed2577546a22",
                "volume_size": 8,
                "volume_type": "gp2"
              }
            ],
            "secondary_private_ips": [],
            "security_groups": [],
            "source_dest_check": true,
            "spot_instance_request_id": "",
            "subnet_id": "subnet-0d2c8dfe967eb6858",
            "tags": {
              "Name": "private_instance_2"
            },
            "tags_all": {
              "Name": "private_instance_2"
            },
            "tenancy": "default",
            "timeouts": null,
            "user_data": null,
            "user_data_base64": null,
            "user_data_replace_on_change": false,
            "volume_tags": null,
            "vpc_security_group_ids": [
              "sg-0e8570337a66eb202"
            ]
          },
          "sensitive_attributes": [],
          "private": "eyJlMmJmYjczMC1lY2FhLTExZTYtOGY4OC0zNDM2M2JjN2M0YzAiOnsiY3JlYXRlIjo2MDAwMDAwMDAwMDAsImRlbGV0ZSI6MTIwMDAwMDAwMDAwMCwicmVhZCI6OTAwMDAwMDAwMDAwLCJ1cGRhdGUiOjYwMDAwMDAwMDAwMH0sInNjaGVtYV92ZXJzaW9uIjoiMSJ9",
          "dependencies": [
            "module.api_gateway.module.load_balancer.module.security_groups.aws_security_group.private_sg",
            "module.api_gateway.module.load_balancer.module.vpc.aws_subnet.private_subnet",
            "module.api_gateway.module.load_balancer.module.vpc.aws_vpc.zenskar"
          ]
        }
      ]
    },
    {
      "module": "module.api_gateway.module.load_balancer.module.security_groups",
      "mode": "managed",
      "type": "aws_security_group",
      "name": "private_sg",
      "provider": "provider[\"registry.terraform.io/hashicorp/aws\"]",
      "instances": [
        {
          "schema_version": 1,
          "attributes": {
            "arn": "arn:aws:ec2:ap-south-1:107534347551:security-group/sg-0e8570337a66eb202",
            "description": "Security group for private instances",
            "egress": [
              {
                "cidr_blocks": [
                  "0.0.0.0/0"
                ],
                "description": "",
                "from_port": 0,
                "ipv6_cidr_blocks": [],
                "prefix_list_ids": [],
                "protocol": "-1",
                "security_groups": [],
                "self": false,
                "to_port": 0
              }
            ],
            "id": "sg-0e8570337a66eb202",
            "ingress": [
              {
                "cidr_blocks": [
                  "0.0.0.0/0"
                ],
                "description": "",
                "from_port": 22,
                "ipv6_cidr_blocks": [],
                "prefix_list_ids": [],
                "protocol": "tcp",
                "security_groups": [],
                "self": false,
                "to_port": 22
              },
              {
                "cidr_blocks": [
                  "0.0.0.0/0"
                ],
                "description": "",
                "from_port": 80,
                "ipv6_cidr_blocks": [],
                "prefix_list_ids": [],
                "protocol": "tcp",
                "security_groups": [],
                "self": false,
                "to_port": 80
              }
            ],
            "name": "private_sg",
            "name_prefix": "",
            "owner_id": "107534347551",
            "revoke_rules_on_delete": false,
            "tags": null,
            "tags_all": {},
            "timeouts": null,
            "vpc_id": "vpc-0e39e62c37f0f8306"
          },
          "sensitive_attributes": [],
          "private": "eyJlMmJmYjczMC1lY2FhLTExZTYtOGY4OC0zNDM2M2JjN2M0YzAiOnsiY3JlYXRlIjo2MDAwMDAwMDAwMDAsImRlbGV0ZSI6OTAwMDAwMDAwMDAwfSwic2NoZW1hX3ZlcnNpb24iOiIxIn0=",
          "dependencies": [
            "module.api_gateway.module.load_balancer.module.vpc.aws_vpc.zenskar"
          ]
        }
      ]
    },
    {
      "module": "module.api_gateway.module.load_balancer.module.security_groups",
      "mode": "managed",
      "type": "aws_security_group",
      "name": "public_sg",
      "provider": "provider[\"registry.terraform.io/hashicorp/aws\"]",
      "instances": [
        {
          "schema_version": 1,
          "attributes": {
            "arn": "arn:aws:ec2:ap-south-1:107534347551:security-group/sg-00403727118a34f51",
            "description": "Security group for public instances",
            "egress": [
              {
                "cidr_blocks": [
                  "0.0.0.0/0"
                ],
                "description": "",
                "from_port": 0,
                "ipv6_cidr_blocks": [],
                "prefix_list_ids": [],
                "protocol": "-1",
                "security_groups": [],
                "self": false,
                "to_port": 0
              }
            ],
            "id": "sg-00403727118a34f51",
            "ingress": [
              {
                "cidr_blocks": [
                  "0.0.0.0/0"
                ],
                "description": "",
                "from_port": 22,
                "ipv6_cidr_blocks": [],
                "prefix_list_ids": [],
                "protocol": "tcp",
                "security_groups": [],
                "self": false,
                "to_port": 22
              },
              {
                "cidr_blocks": [
                  "0.0.0.0/0"
                ],
                "description": "",
                "from_port": 80,
                "ipv6_cidr_blocks": [],
                "prefix_list_ids": [],
                "protocol": "tcp",
                "security_groups": [],
                "self": false,
                "to_port": 80
              }
            ],
            "name": "public_sg",
            "name_prefix": "",
            "owner_id": "107534347551",
            "revoke_rules_on_delete": false,
            "tags": null,
            "tags_all": {},
            "timeouts": null,
            "vpc_id": "vpc-0e39e62c37f0f8306"
          },
          "sensitive_attributes": [],
          "private": "eyJlMmJmYjczMC1lY2FhLTExZTYtOGY4OC0zNDM2M2JjN2M0YzAiOnsiY3JlYXRlIjo2MDAwMDAwMDAwMDAsImRlbGV0ZSI6OTAwMDAwMDAwMDAwfSwic2NoZW1hX3ZlcnNpb24iOiIxIn0=",
          "dependencies": [
            "module.api_gateway.module.load_balancer.module.vpc.aws_vpc.zenskar"
          ]
        }
      ]
    },
    {
      "module": "module.api_gateway.module.load_balancer.module.ssh_keypair",
      "mode": "managed",
      "type": "tls_private_key",
      "name": "bastion_ssh_keypair",
      "provider": "provider[\"registry.terraform.io/hashicorp/tls\"]",
      "instances": [
        {
          "schema_version": 1,
          "attributes": {
            "algorithm": "RSA",
            "ecdsa_curve": "P224",
            "id": "b61b298738f7f5d7b57e4e94d7f163512e864b9a",
            "private_key_openssh": "-----BEGIN OPENSSH PRIVATE KEY-----\nb3BlbnNzaC1rZXktdjEAAAAABG5vbmUAAAAEbm9uZQAAAAAAAAABAAACFwAAAAdz\nc2gtcnNhAAAAAwEAAQAAAgEAwJt0vfFZlYXXNydYV7GZTt8WfW0Gq+O5lc9PR0s5\n/c5ONT6YWZiIthqh+B2o0XuozTremFoSLL1P2/GjuuQJX/wCobzfzs6gzeSZZ/Mc\nbUZ9QVon5L0hwnoEERyauZDMIxV03dzOdLd6LFMXIgfKT3gjevjPgxyDqTJA3VYc\nOr4rTfrpEs8CDX2r1VVEKRvyGO1OE1EY7oRfO4Y73qxelid5jws5y/oxoqmWm2Xu\nSq7OXF9TCpiyVZjN1TTmIhuTBjllcGdmBW837GLzK6uBf5PoJV4Don5Wk45nLf2x\nV/Lcj56uXtbEeKVPFnWJnvp5KSh6SPv+DQiYxPRoO5aGkji0vQiP0yhiHTlSFxK9\nmseSazwvItYyL5JReyU0gJip7JC1ShyeISqFhKNwf/FEuDrdDYr8WveZ2xKa5tk2\nM2h4VUukpx7HKQkE8ML9wEIQzbImfohjV9zoc/5CwFttTH2HsNNCByZqgci2Qc8V\n2xuRoaZmsOJ0eWHwl3FptONygZkBQaz7/LnCn/zIsNz6d98KJobs7MyarR3H9aXE\nAo5GERLMBhWpw6/thaGDJ77c8Kxkt8RvziSd7l7cC//ypQ1ksJeO1J4N0cZ3TXf5\n8I+IhzRuftHIEqbWxTpw/taz+8eHLvHVfJ+xRZGparEnTcevyF2L10QQuju5K2Z9\ndx8AAAc48/XDK/P1wysAAAAHc3NoLXJzYQAAAgEAwJt0vfFZlYXXNydYV7GZTt8W\nfW0Gq+O5lc9PR0s5/c5ONT6YWZiIthqh+B2o0XuozTremFoSLL1P2/GjuuQJX/wC\nobzfzs6gzeSZZ/McbUZ9QVon5L0hwnoEERyauZDMIxV03dzOdLd6LFMXIgfKT3gj\nevjPgxyDqTJA3VYcOr4rTfrpEs8CDX2r1VVEKRvyGO1OE1EY7oRfO4Y73qxelid5\njws5y/oxoqmWm2XuSq7OXF9TCpiyVZjN1TTmIhuTBjllcGdmBW837GLzK6uBf5Po\nJV4Don5Wk45nLf2xV/Lcj56uXtbEeKVPFnWJnvp5KSh6SPv+DQiYxPRoO5aGkji0\nvQiP0yhiHTlSFxK9mseSazwvItYyL5JReyU0gJip7JC1ShyeISqFhKNwf/FEuDrd\nDYr8WveZ2xKa5tk2M2h4VUukpx7HKQkE8ML9wEIQzbImfohjV9zoc/5CwFttTH2H\nsNNCByZqgci2Qc8V2xuRoaZmsOJ0eWHwl3FptONygZkBQaz7/LnCn/zIsNz6d98K\nJobs7MyarR3H9aXEAo5GERLMBhWpw6/thaGDJ77c8Kxkt8RvziSd7l7cC//ypQ1k\nsJeO1J4N0cZ3TXf58I+IhzRuftHIEqbWxTpw/taz+8eHLvHVfJ+xRZGparEnTcev\nyF2L10QQuju5K2Z9dx8AAAADAQABAAACAF0TQoj/dqEQ+n2Gn+RQyJsap02ZQB4U\nf/xrIA59xdpmtdh5FTpGwdnuaNLz0j7ZGSuEBUluTVYdbdgFn2+S/wzJRaRPF4Bi\nzcZxb8iR7OzJoYHRRXH+C7BlMk3qmsKNvHg/yCfmqkYw2/NLe+RQC233yn2EexMK\n1n0O8dWD5URl3ZtjYvpZ2s4WKtF+0N9kx8tP8ejXycqJYVPsfEYQ2eyJyu5bKGTv\n1MicV1FlIpAohUSSNBjszVEb9GvRklxtItFhLynwbZa2tjmfX49846l5GjfkhLEj\niEbqC+ZnsCmmDPvCXNUrx+ndSKi7x/Nxatd+3gki7RPzUY/r4+rXxNNQKdGvIgAb\ndL1YCz3sDfUiOPZBjm5vFeRF1lSri+n77gA4mmm4Ks/WzN0YnRzQ1sVTUZdYgqUH\n4pSCmLAOA4mwpzXg7gtfE11PzJw/Gq7S+1qeXiSshnvCiPwTSn9j5yR5FnRYv5p1\n+z3rY8JDAsqIXeFmuw7Bxx0AcR82ALw9XGBWP5qncKJAFOOSI920y0vE864pMq2a\n+1V1TaPzp1kovMoKD3I+4d5kTah5OWK6s/iLhLaFfL473B/UB2sZqmMeuA7+BQWr\nQag9Qo9jZ0unrBDA8Ybs8xRRkkSAX3V+3zoPBc3gAFBXjMt0bJEFHNcfDR/dab9y\n+QVknTmCfXqhAAABAALSEdXXRVVoTAMxGr+cp9B4cGSc4Qom8wvrF7jrpLP5gl8b\nE+R3Ksz2ywAdo6CDI4LEpHReDKArWckM7FPzhkUwSaG14uF9yY9CNaUL1k1Cl5ME\n2oX1MZSOBPynAt0786Q26XklEPha1KJonnyNkqQ6erbmAAcM5cRW5E/s5h6qUb0I\neE8lgWYC3tqH5Od/7NR0Ita/MNgXpsPAmIhaBqYR7dWaq3S24cve4gTZr6n8kxMU\nc41SYXyg2MZ1rcQ68r40Yk/LHrHXvB2zs6Y2kd8qA2xcOSpuhqfZZ0SEfmwvvynd\nWC+jFJepXLRZbfWtaKTQ8MqJrSNbtIb3tiFj9/sAAAEBAPrcsRtHEgtpc16dQgyk\nj1Wr09vP+X7rLhZwJ1075JuK1kDPcTG8phV2IHNUnrEy1PErgjA2EuacTttrZVDg\nZc7yN5wAYxl/z/t2X/eINZ6hqlPTIaBjkEzCst9s97L/7+VbpkZoqjKnjM/O4fWn\nTy7ZvFpkczqi0od/VMJamlkvzV6bxEmqB1LHHXp/UrZuB37M9KEc69G3fdryQQ+K\naMuwB6kjfDV9QUTw6F3QD28tQU6ZtwpnLPxcGfheV1pWoP/PrZdHRvY021DfKT8x\nHwi7GwHq9A7m4lqh1vGwf8SHXeHhxggkFW55mH0bvxur04omTTbrf/MRnehP8y9q\n2CkAAAEBAMSNU0NPUv1oNReJeSdvQJE7J9Jn/RSSI0Ik2f+MLtUTm4mCyo6IPY4L\n0cEGk6aBa7Ow+SAz3P1qaUUQJ0jFWxr+8RS7l4M+a7MvgULHN2YQVvmRiB1OwGzh\nwJGMrCL3dGwcN/PpjWg+wzCZywttTjDXcFeIK4rEtkvNbgSIarGjQQ0lcjVU4yTu\npNa2uIBECjNEho5DUIXlwGaWMUEMV+mQgGByjjCFg1qslTCsKOntYiA8ccNFVnpy\nI2wK1PzdiH9/2hD6x7VFdi9oeg0c1A6SoxM+wPK/z3AHCGusIJsub6RdtAJDzl6O\nUlOenhI1rxL30+K6r5Sy7hut6TXu3gcAAAAAAQID\n-----END OPENSSH PRIVATE KEY-----\n",
            "private_key_pem": "-----BEGIN RSA PRIVATE KEY-----\nMIIJKAIBAAKCAgEAwJt0vfFZlYXXNydYV7GZTt8WfW0Gq+O5lc9PR0s5/c5ONT6Y\nWZiIthqh+B2o0XuozTremFoSLL1P2/GjuuQJX/wCobzfzs6gzeSZZ/McbUZ9QVon\n5L0hwnoEERyauZDMIxV03dzOdLd6LFMXIgfKT3gjevjPgxyDqTJA3VYcOr4rTfrp\nEs8CDX2r1VVEKRvyGO1OE1EY7oRfO4Y73qxelid5jws5y/oxoqmWm2XuSq7OXF9T\nCpiyVZjN1TTmIhuTBjllcGdmBW837GLzK6uBf5PoJV4Don5Wk45nLf2xV/Lcj56u\nXtbEeKVPFnWJnvp5KSh6SPv+DQiYxPRoO5aGkji0vQiP0yhiHTlSFxK9mseSazwv\nItYyL5JReyU0gJip7JC1ShyeISqFhKNwf/FEuDrdDYr8WveZ2xKa5tk2M2h4VUuk\npx7HKQkE8ML9wEIQzbImfohjV9zoc/5CwFttTH2HsNNCByZqgci2Qc8V2xuRoaZm\nsOJ0eWHwl3FptONygZkBQaz7/LnCn/zIsNz6d98KJobs7MyarR3H9aXEAo5GERLM\nBhWpw6/thaGDJ77c8Kxkt8RvziSd7l7cC//ypQ1ksJeO1J4N0cZ3TXf58I+IhzRu\nftHIEqbWxTpw/taz+8eHLvHVfJ+xRZGparEnTcevyF2L10QQuju5K2Z9dx8CAwEA\nAQKCAgBdE0KI/3ahEPp9hp/kUMibGqdNmUAeFH/8ayAOfcXaZrXYeRU6RsHZ7mjS\n89I+2RkrhAVJbk1WHW3YBZ9vkv8MyUWkTxeAYs3GcW/IkezsyaGB0UVx/guwZTJN\n6prCjbx4P8gn5qpGMNvzS3vkUAtt98p9hHsTCtZ9DvHVg+VEZd2bY2L6WdrOFirR\nftDfZMfLT/Ho18nKiWFT7HxGENnsicruWyhk79TInFdRZSKQKIVEkjQY7M1RG/Rr\n0ZJcbSLRYS8p8G2WtrY5n1+PfOOpeRo35ISxI4hG6gvmZ7Appgz7wlzVK8fp3Uio\nu8fzcWrXft4JIu0T81GP6+Pq18TTUCnRryIAG3S9WAs97A31Ijj2QY5ubxXkRdZU\nq4vp++4AOJppuCrP1szdGJ0c0NbFU1GXWIKlB+KUgpiwDgOJsKc14O4LXxNdT8yc\nPxqu0vtanl4krIZ7woj8E0p/Y+ckeRZ0WL+adfs962PCQwLKiF3hZrsOwccdAHEf\nNgC8PVxgVj+ap3CiQBTjkiPdtMtLxPOuKTKtmvtVdU2j86dZKLzKCg9yPuHeZE2o\neTliurP4i4S2hXy+O9wf1AdrGapjHrgO/gUFq0GoPUKPY2dLp6wQwPGG7PMUUZJE\ngF91ft86DwXN4ABQV4zLdGyRBRzXHw0f3Wm/cvkFZJ05gn16oQKCAQEA+tyxG0cS\nC2lzXp1CDKSPVavT28/5fusuFnAnXTvkm4rWQM9xMbymFXYgc1SesTLU8SuCMDYS\n5pxO22tlUOBlzvI3nABjGX/P+3Zf94g1nqGqU9MhoGOQTMKy32z3sv/v5VumRmiq\nMqeMz87h9adPLtm8WmRzOqLSh39UwlqaWS/NXpvESaoHUscden9Stm4Hfsz0oRzr\n0bd92vJBD4poy7AHqSN8NX1BRPDoXdAPby1BTpm3Cmcs/FwZ+F5XWlag/8+tl0dG\n9jTbUN8pPzEfCLsbAer0DubiWqHW8bB/xIdd4eHGCCQVbnmYfRu/G6vTiiZNNut/\n8xGd6E/zL2rYKQKCAQEAxI1TQ09S/Wg1F4l5J29AkTsn0mf9FJIjQiTZ/4wu1ROb\niYLKjog9jgvRwQaTpoFrs7D5IDPc/WppRRAnSMVbGv7xFLuXgz5rsy+BQsc3ZhBW\n+ZGIHU7AbOHAkYysIvd0bBw38+mNaD7DMJnLC21OMNdwV4grisS2S81uBIhqsaNB\nDSVyNVTjJO6k1ra4gEQKM0SGjkNQheXAZpYxQQxX6ZCAYHKOMIWDWqyVMKwo6e1i\nIDxxw0VWenIjbArU/N2If3/aEPrHtUV2L2h6DRzUDpKjEz7A8r/PcAcIa6wgmy5v\npF20AkPOXo5SU56eEjWvEvfT4rqvlLLuG63pNe7eBwKCAQB94XxlybX+T/36fkME\ngRcD0GNRK/1weKb5z3GRUVqXyoVUpEOSx603m70Q4md3V6CPHFwJwTiey9SuOifu\n+4ta2ySYfYE87Gv7LR1e4tS1Mz57Lbjz+MISIqkLgGyTP+arWuAG+MJfBMCeDpxI\nXppXUh835KwFwmqOX5CyrjBBjMErNlK6/D0Mhqn+LCHfNTtBn6sppY+X/tGCqomH\nONb5Tu2pLAtJ8/5qj9CqMptsGHNq86tr5vYl9Dl77is7Q7kqZJYhET1EkqVy4Wib\nMxT1lp4oyjOJvsXa4NcxFHYoshykGlz6/NBcTVv9e4zcX86Yxjt80ZO07yQjzOqk\n4qJxAoIBAQCA1RWnf/4oxb5PIDf+hiivSTQP8UNs0WE1AMy3eV5VIhYIK2ezx095\npPum5zWupRRAYxbYacZHgRFhSHZHd70A0+yXp2Jnj2muuMukRspkJv+rdB3g//aX\nJ94+SROnk8WG+3Qdd4/NrZ3pZFU3tzzSPNSRO1s3CTtoMk4TwIsWxqhkApB6rpp4\nYchASOJkiLSa6Ca+ZxcHvRHA7F96gKm7GZFcJppW6ZywuYDMt3vV4Vg5QwVadj95\n4Qigz/TNjjPjRp1cFdUDV3VhG70sjSHeL3WerrpwIxPIHYQCd3+j1+srtJPCDEnf\nprAFyWlZDEEmULVc3vspn6L9F6BOTrTPAoIBAALSEdXXRVVoTAMxGr+cp9B4cGSc\n4Qom8wvrF7jrpLP5gl8bE+R3Ksz2ywAdo6CDI4LEpHReDKArWckM7FPzhkUwSaG1\n4uF9yY9CNaUL1k1Cl5ME2oX1MZSOBPynAt0786Q26XklEPha1KJonnyNkqQ6erbm\nAAcM5cRW5E/s5h6qUb0IeE8lgWYC3tqH5Od/7NR0Ita/MNgXpsPAmIhaBqYR7dWa\nq3S24cve4gTZr6n8kxMUc41SYXyg2MZ1rcQ68r40Yk/LHrHXvB2zs6Y2kd8qA2xc\nOSpuhqfZZ0SEfmwvvyndWC+jFJepXLRZbfWtaKTQ8MqJrSNbtIb3tiFj9/s=\n-----END RSA PRIVATE KEY-----\n",
            "private_key_pem_pkcs8": "-----BEGIN PRIVATE KEY-----\nMIIJQgIBADANBgkqhkiG9w0BAQEFAASCCSwwggkoAgEAAoICAQDAm3S98VmVhdc3\nJ1hXsZlO3xZ9bQar47mVz09HSzn9zk41PphZmIi2GqH4HajRe6jNOt6YWhIsvU/b\n8aO65Alf/AKhvN/OzqDN5Jln8xxtRn1BWifkvSHCegQRHJq5kMwjFXTd3M50t3os\nUxciB8pPeCN6+M+DHIOpMkDdVhw6vitN+ukSzwINfavVVUQpG/IY7U4TURjuhF87\nhjverF6WJ3mPCznL+jGiqZabZe5Krs5cX1MKmLJVmM3VNOYiG5MGOWVwZ2YFbzfs\nYvMrq4F/k+glXgOiflaTjmct/bFX8tyPnq5e1sR4pU8WdYme+nkpKHpI+/4NCJjE\n9Gg7loaSOLS9CI/TKGIdOVIXEr2ax5JrPC8i1jIvklF7JTSAmKnskLVKHJ4hKoWE\no3B/8US4Ot0Nivxa95nbEprm2TYzaHhVS6SnHscpCQTwwv3AQhDNsiZ+iGNX3Ohz\n/kLAW21MfYew00IHJmqByLZBzxXbG5Ghpmaw4nR5YfCXcWm043KBmQFBrPv8ucKf\n/Miw3Pp33womhuzszJqtHcf1pcQCjkYREswGFanDr+2FoYMnvtzwrGS3xG/OJJ3u\nXtwL//KlDWSwl47Ung3RxndNd/nwj4iHNG5+0cgSptbFOnD+1rP7x4cu8dV8n7FF\nkalqsSdNx6/IXYvXRBC6O7krZn13HwIDAQABAoICAF0TQoj/dqEQ+n2Gn+RQyJsa\np02ZQB4Uf/xrIA59xdpmtdh5FTpGwdnuaNLz0j7ZGSuEBUluTVYdbdgFn2+S/wzJ\nRaRPF4BizcZxb8iR7OzJoYHRRXH+C7BlMk3qmsKNvHg/yCfmqkYw2/NLe+RQC233\nyn2EexMK1n0O8dWD5URl3ZtjYvpZ2s4WKtF+0N9kx8tP8ejXycqJYVPsfEYQ2eyJ\nyu5bKGTv1MicV1FlIpAohUSSNBjszVEb9GvRklxtItFhLynwbZa2tjmfX49846l5\nGjfkhLEjiEbqC+ZnsCmmDPvCXNUrx+ndSKi7x/Nxatd+3gki7RPzUY/r4+rXxNNQ\nKdGvIgAbdL1YCz3sDfUiOPZBjm5vFeRF1lSri+n77gA4mmm4Ks/WzN0YnRzQ1sVT\nUZdYgqUH4pSCmLAOA4mwpzXg7gtfE11PzJw/Gq7S+1qeXiSshnvCiPwTSn9j5yR5\nFnRYv5p1+z3rY8JDAsqIXeFmuw7Bxx0AcR82ALw9XGBWP5qncKJAFOOSI920y0vE\n864pMq2a+1V1TaPzp1kovMoKD3I+4d5kTah5OWK6s/iLhLaFfL473B/UB2sZqmMe\nuA7+BQWrQag9Qo9jZ0unrBDA8Ybs8xRRkkSAX3V+3zoPBc3gAFBXjMt0bJEFHNcf\nDR/dab9y+QVknTmCfXqhAoIBAQD63LEbRxILaXNenUIMpI9Vq9Pbz/l+6y4WcCdd\nO+SbitZAz3ExvKYVdiBzVJ6xMtTxK4IwNhLmnE7ba2VQ4GXO8jecAGMZf8/7dl/3\niDWeoapT0yGgY5BMwrLfbPey/+/lW6ZGaKoyp4zPzuH1p08u2bxaZHM6otKHf1TC\nWppZL81em8RJqgdSxx16f1K2bgd+zPShHOvRt33a8kEPimjLsAepI3w1fUFE8Ohd\n0A9vLUFOmbcKZyz8XBn4XldaVqD/z62XR0b2NNtQ3yk/MR8IuxsB6vQO5uJaodbx\nsH/Eh13h4cYIJBVueZh9G78bq9OKJk0263/zEZ3oT/MvatgpAoIBAQDEjVNDT1L9\naDUXiXknb0CROyfSZ/0UkiNCJNn/jC7VE5uJgsqOiD2OC9HBBpOmgWuzsPkgM9z9\namlFECdIxVsa/vEUu5eDPmuzL4FCxzdmEFb5kYgdTsBs4cCRjKwi93RsHDfz6Y1o\nPsMwmcsLbU4w13BXiCuKxLZLzW4EiGqxo0ENJXI1VOMk7qTWtriARAozRIaOQ1CF\n5cBmljFBDFfpkIBgco4whYNarJUwrCjp7WIgPHHDRVZ6ciNsCtT83Yh/f9oQ+se1\nRXYvaHoNHNQOkqMTPsDyv89wBwhrrCCbLm+kXbQCQ85ejlJTnp4SNa8S99Piuq+U\nsu4brek17t4HAoIBAH3hfGXJtf5P/fp+QwSBFwPQY1Er/XB4pvnPcZFRWpfKhVSk\nQ5LHrTebvRDiZ3dXoI8cXAnBOJ7L1K46J+77i1rbJJh9gTzsa/stHV7i1LUzPnst\nuPP4whIiqQuAbJM/5qta4Ab4wl8EwJ4OnEhemldSHzfkrAXCao5fkLKuMEGMwSs2\nUrr8PQyGqf4sId81O0Gfqymlj5f+0YKqiYc41vlO7aksC0nz/mqP0Koym2wYc2rz\nq2vm9iX0OXvuKztDuSpkliERPUSSpXLhaJszFPWWnijKM4m+xdrg1zEUdiiyHKQa\nXPr80FxNW/17jNxfzpjGO3zRk7TvJCPM6qTionECggEBAIDVFad//ijFvk8gN/6G\nKK9JNA/xQ2zRYTUAzLd5XlUiFggrZ7PHT3mk+6bnNa6lFEBjFthpxkeBEWFIdkd3\nvQDT7JenYmePaa64y6RGymQm/6t0HeD/9pcn3j5JE6eTxYb7dB13j82tnelkVTe3\nPNI81JE7WzcJO2gyThPAixbGqGQCkHqumnhhyEBI4mSItJroJr5nFwe9EcDsX3qA\nqbsZkVwmmlbpnLC5gMy3e9XhWDlDBVp2P3nhCKDP9M2OM+NGnVwV1QNXdWEbvSyN\nId4vdZ6uunAjE8gdhAJ3f6PX6yu0k8IMSd+msAXJaVkMQSZQtVze+ymfov0XoE5O\ntM8CggEAAtIR1ddFVWhMAzEav5yn0HhwZJzhCibzC+sXuOuks/mCXxsT5HcqzPbL\nAB2joIMjgsSkdF4MoCtZyQzsU/OGRTBJobXi4X3Jj0I1pQvWTUKXkwTahfUxlI4E\n/KcC3TvzpDbpeSUQ+FrUomiefI2SpDp6tuYABwzlxFbkT+zmHqpRvQh4TyWBZgLe\n2ofk53/s1HQi1r8w2Bemw8CYiFoGphHt1ZqrdLbhy97iBNmvqfyTExRzjVJhfKDY\nxnWtxDryvjRiT8sesde8HbOzpjaR3yoDbFw5Km6Gp9lnRIR+bC+/Kd1YL6MUl6lc\ntFlt9a1opNDwyomtI1u0hve2IWP3+w==\n-----END PRIVATE KEY-----\n",
            "public_key_fingerprint_md5": "0b:c1:1e:c2:31:06:92:e6:4e:8e:8a:59:79:28:84:41",
            "public_key_fingerprint_sha256": "SHA256:ZV6jLezUyZe8T596Cll3ywRLg6rCwpHBzsoyFvuYFGM",
            "public_key_openssh": "ssh-rsa AAAAB3NzaC1yc2EAAAADAQABAAACAQDAm3S98VmVhdc3J1hXsZlO3xZ9bQar47mVz09HSzn9zk41PphZmIi2GqH4HajRe6jNOt6YWhIsvU/b8aO65Alf/AKhvN/OzqDN5Jln8xxtRn1BWifkvSHCegQRHJq5kMwjFXTd3M50t3osUxciB8pPeCN6+M+DHIOpMkDdVhw6vitN+ukSzwINfavVVUQpG/IY7U4TURjuhF87hjverF6WJ3mPCznL+jGiqZabZe5Krs5cX1MKmLJVmM3VNOYiG5MGOWVwZ2YFbzfsYvMrq4F/k+glXgOiflaTjmct/bFX8tyPnq5e1sR4pU8WdYme+nkpKHpI+/4NCJjE9Gg7loaSOLS9CI/TKGIdOVIXEr2ax5JrPC8i1jIvklF7JTSAmKnskLVKHJ4hKoWEo3B/8US4Ot0Nivxa95nbEprm2TYzaHhVS6SnHscpCQTwwv3AQhDNsiZ+iGNX3Ohz/kLAW21MfYew00IHJmqByLZBzxXbG5Ghpmaw4nR5YfCXcWm043KBmQFBrPv8ucKf/Miw3Pp33womhuzszJqtHcf1pcQCjkYREswGFanDr+2FoYMnvtzwrGS3xG/OJJ3uXtwL//KlDWSwl47Ung3RxndNd/nwj4iHNG5+0cgSptbFOnD+1rP7x4cu8dV8n7FFkalqsSdNx6/IXYvXRBC6O7krZn13Hw==\n",
            "public_key_pem": "-----BEGIN PUBLIC KEY-----\nMIICIjANBgkqhkiG9w0BAQEFAAOCAg8AMIICCgKCAgEAwJt0vfFZlYXXNydYV7GZ\nTt8WfW0Gq+O5lc9PR0s5/c5ONT6YWZiIthqh+B2o0XuozTremFoSLL1P2/GjuuQJ\nX/wCobzfzs6gzeSZZ/McbUZ9QVon5L0hwnoEERyauZDMIxV03dzOdLd6LFMXIgfK\nT3gjevjPgxyDqTJA3VYcOr4rTfrpEs8CDX2r1VVEKRvyGO1OE1EY7oRfO4Y73qxe\nlid5jws5y/oxoqmWm2XuSq7OXF9TCpiyVZjN1TTmIhuTBjllcGdmBW837GLzK6uB\nf5PoJV4Don5Wk45nLf2xV/Lcj56uXtbEeKVPFnWJnvp5KSh6SPv+DQiYxPRoO5aG\nkji0vQiP0yhiHTlSFxK9mseSazwvItYyL5JReyU0gJip7JC1ShyeISqFhKNwf/FE\nuDrdDYr8WveZ2xKa5tk2M2h4VUukpx7HKQkE8ML9wEIQzbImfohjV9zoc/5CwFtt\nTH2HsNNCByZqgci2Qc8V2xuRoaZmsOJ0eWHwl3FptONygZkBQaz7/LnCn/zIsNz6\nd98KJobs7MyarR3H9aXEAo5GERLMBhWpw6/thaGDJ77c8Kxkt8RvziSd7l7cC//y\npQ1ksJeO1J4N0cZ3TXf58I+IhzRuftHIEqbWxTpw/taz+8eHLvHVfJ+xRZGparEn\nTcevyF2L10QQuju5K2Z9dx8CAwEAAQ==\n-----END PUBLIC KEY-----\n",
            "rsa_bits": 4096
          },
          "sensitive_attributes": []
        }
      ]
    },
    {
      "module": "module.api_gateway.module.load_balancer.module.ssh_keypair",
      "mode": "managed",
      "type": "tls_private_key",
      "name": "private_instance_ssh_keypair",
      "provider": "provider[\"registry.terraform.io/hashicorp/tls\"]",
      "instances": [
        {
          "schema_version": 1,
          "attributes": {
            "algorithm": "RSA",
            "ecdsa_curve": "P224",
            "id": "7304060d470ab55d0738d782ab4fe01af03e702f",
            "private_key_openssh": "-----BEGIN OPENSSH PRIVATE KEY-----\nb3BlbnNzaC1rZXktdjEAAAAABG5vbmUAAAAEbm9uZQAAAAAAAAABAAACFwAAAAdz\nc2gtcnNhAAAAAwEAAQAAAgEA2ogpeRdcVUk0LdFWTQTqgKZaZsZYFZkE/6K+xlZi\nD/azjGYnzW1fYpfz3mTE2cDWq52biGp26CqwP/zbCXq/HwOxkYweU/32pyobHt72\ncaWE7Bfe7A5K3RL655eN4u31dhO2BgZcYvkxAlafWPpNT6Vr+JTFa3wcL66kZARL\n6zy5U9PXdHUlcd3NEImGEPGwLhd8y4JlzCVB0WN1k9hVXshVFizcpBf8Kd0qDkV2\nhxDWTpOJh4VK7/mnWRp+2ebs3iMX9qadVD05eAUBDEEDDORea0XLt31Y0aR+BYz7\njin3vcCdLUiwjzJkayj6IhwxGKNtVaZBBKYDfq6SRqsK3Eys87BXRDdM9lv2Hcj+\nvoG5gFILgJidOxCl5G48kjXoCypqduC749cV7xvT9414EvTYDjEdG8TExSS9bxMU\nQRe1j6ITP6EVDdRMn/9su1Akztki7ZE0MeWceroBOrWpc+1XpCMSFMrO2IkaeXRq\nGq/9H1VH5v/hjWQ2AkQa7WApyyxwXEHEqp03CE9RXdjEm9DoIs233sJ1zmgm1+my\n7D7FZ6i4KqtGD6xYUkyIOLMKyjAK1cE0p2cRJbFwnaY2ZI4lRIeSq6ELVPnzqBgd\n3Tji2CfNQc/rwgT8xxyjvkpQyYFEkR0MNyY/DtN49KcOoIQADJBNbcPS+jjBA3mP\niJ8AAAc4/Lkcsvy5HLIAAAAHc3NoLXJzYQAAAgEA2ogpeRdcVUk0LdFWTQTqgKZa\nZsZYFZkE/6K+xlZiD/azjGYnzW1fYpfz3mTE2cDWq52biGp26CqwP/zbCXq/HwOx\nkYweU/32pyobHt72caWE7Bfe7A5K3RL655eN4u31dhO2BgZcYvkxAlafWPpNT6Vr\n+JTFa3wcL66kZARL6zy5U9PXdHUlcd3NEImGEPGwLhd8y4JlzCVB0WN1k9hVXshV\nFizcpBf8Kd0qDkV2hxDWTpOJh4VK7/mnWRp+2ebs3iMX9qadVD05eAUBDEEDDORe\na0XLt31Y0aR+BYz7jin3vcCdLUiwjzJkayj6IhwxGKNtVaZBBKYDfq6SRqsK3Eys\n87BXRDdM9lv2Hcj+voG5gFILgJidOxCl5G48kjXoCypqduC749cV7xvT9414EvTY\nDjEdG8TExSS9bxMUQRe1j6ITP6EVDdRMn/9su1Akztki7ZE0MeWceroBOrWpc+1X\npCMSFMrO2IkaeXRqGq/9H1VH5v/hjWQ2AkQa7WApyyxwXEHEqp03CE9RXdjEm9Do\nIs233sJ1zmgm1+my7D7FZ6i4KqtGD6xYUkyIOLMKyjAK1cE0p2cRJbFwnaY2ZI4l\nRIeSq6ELVPnzqBgd3Tji2CfNQc/rwgT8xxyjvkpQyYFEkR0MNyY/DtN49KcOoIQA\nDJBNbcPS+jjBA3mPiJ8AAAADAQABAAACAFhBzZ4eFShMnEo01UndxmeWx8PiLwjp\n997Wd33avVf9Jp55U3HfzjofbFpRED9xZkGBMaNye/tf4ja1hDDb5fw8naZOlKEP\nXGI+2x0opxdW5cwECAAF9a47UCHgT2lq+UtqwoTEZOOECIsNOOXSkQ6tnGGUk/bI\n9Qk82x+ZrJ+gsqhsUgOynCDUl1EqeX62XZT/32LBkyNTmLVcGcxP/op9FgAStjl/\nhlPSAn4pB6mc3zB03YJiDtXEWhXeYYTXgqpkOfVfbQLshx01yCqOxxCZ2pgwZAoD\nEa/5YvwS6DWONYPpGpGDXes3St8MeZj1Ec8Fkc6ZioC6G4c6MdFgms2G8L6tCDBT\nUeI5tDg/vx2uPfnHzf7WZEOd3BkL79ABytQ4bg5dkevpOqI/WDmeuyGw3aa3rLoa\n6iqn/gLxfqFmEw6aZVWNEEY7JvZXCaqZgR2lfFzu0IUzBLciIVGSY51pvPcUE1VU\nuBT5lstOhsLZvJIUh/tFDUM1JaTBZQVtDg2R5SfAx/mfC7yNgs80P+mgj2eL5Hdn\n+uc0awK2wr4zNIiNqzzb+zSLEt6uAmzLqZ2tAjl16xWa63re/e45V6f+vWDPQfmm\noYg2xX/DIbAbPjpKsEiUNWaeKgL/3TzpEXANxovXgn8SuENq3vkvjqLBCMwALhqH\nNX1dvDWOQsAhAAABAHBduvWdNqPQ3z0bU0P6nMZKh2bSCg7mAHK1ningiJpRT0XE\n0KKN/d4DhNI+aZ1fNL6+DN+Vv4B0UKxl9CswAcxERbJTpcfs4lOg4Fbwx3msVmxC\nVpxRzBqz2ywYAUl2p9GyUvsZp7VgWTpI08ZHFBbGc46e7Vt/JDtvl/TlMcEIHiUH\nmjO00Bf63/hyaqtkzm/liUebBnO4s9dDOXsvbaLIcRdAyzYYO5+WEI0zdlosB5Aw\nLFp+eXdjCJQHhM4kA4qHu/oMzKI1m7Oz14tMP8eR5vR2w5AMGx+91udRPd/HJPyW\nOOV0PmQOIa2V4nNrcFcEGrjXU+0FKjQ8wJi7djIAAAEBAPS1VZs75QjIS4Aw4BVI\nWIS88yI5tIn7zyIcZxNjEM+orY7sSK4sGHKsXJe7XaqMNrzO+5M32TewvWxx8mha\nf3XRQGsSHYCfo9iJn1833HEaZPunIab6VRIRM0xskxMv6qSyP57CLTgSetBR29Vf\n5hX+iQJcznZ3w1hb84vkh2o92z7aXYTuZ71GIQpQsBpdlcjYgpeFdNwQ/ZE1eJ0/\nUlbFxUvtPFNOIo/0C84UTNOg5Vi1/8sVYYU8r9zoIMH4+AUxN+mjeScNq7K4QNKk\nWXcB69WukJkQB+SJYFD1FRuN3LLZi/3mVQRP7a+qs1pgIwGqB8UTgvO7k50BjoO9\nYQUAAAEBAOSdnPF8bWx5tCXLzJP0okpAD++Pf6TngVgyh3PBrI9YflhE+OOE1Ncj\nFmKRdCzstREBYLcqEbD6cSnCz9ALZjSN82TF8Np+ICv+kWC4FdEJzYA5u3r7uqtK\nL0JSp9S4Ir8z1bViWGM2hvKCO7BGWjOhizWwVJIm0UH36ApoZRbjmAdnPmZVLI+m\nWuWGufp0gfH/r2xIbx5adIk8R/PXaFPpi6t8kBtOAKBc6Ftj/k6Kpl956fY7otSg\ncitrTh/hBgbU3vVrki9yUUJ08m1FVOWanJ06Ps72FciLiCByJR4QaB0B43FqTD4b\nBRlqA2mfQ3D4Jqzf0yliN+Fo/twhBFMAAAAAAQID\n-----END OPENSSH PRIVATE KEY-----\n",
            "private_key_pem": "-----BEGIN RSA PRIVATE KEY-----\nMIIJJwIBAAKCAgEA2ogpeRdcVUk0LdFWTQTqgKZaZsZYFZkE/6K+xlZiD/azjGYn\nzW1fYpfz3mTE2cDWq52biGp26CqwP/zbCXq/HwOxkYweU/32pyobHt72caWE7Bfe\n7A5K3RL655eN4u31dhO2BgZcYvkxAlafWPpNT6Vr+JTFa3wcL66kZARL6zy5U9PX\ndHUlcd3NEImGEPGwLhd8y4JlzCVB0WN1k9hVXshVFizcpBf8Kd0qDkV2hxDWTpOJ\nh4VK7/mnWRp+2ebs3iMX9qadVD05eAUBDEEDDORea0XLt31Y0aR+BYz7jin3vcCd\nLUiwjzJkayj6IhwxGKNtVaZBBKYDfq6SRqsK3Eys87BXRDdM9lv2Hcj+voG5gFIL\ngJidOxCl5G48kjXoCypqduC749cV7xvT9414EvTYDjEdG8TExSS9bxMUQRe1j6IT\nP6EVDdRMn/9su1Akztki7ZE0MeWceroBOrWpc+1XpCMSFMrO2IkaeXRqGq/9H1VH\n5v/hjWQ2AkQa7WApyyxwXEHEqp03CE9RXdjEm9DoIs233sJ1zmgm1+my7D7FZ6i4\nKqtGD6xYUkyIOLMKyjAK1cE0p2cRJbFwnaY2ZI4lRIeSq6ELVPnzqBgd3Tji2CfN\nQc/rwgT8xxyjvkpQyYFEkR0MNyY/DtN49KcOoIQADJBNbcPS+jjBA3mPiJ8CAwEA\nAQKCAgBYQc2eHhUoTJxKNNVJ3cZnlsfD4i8I6ffe1nd92r1X/SaeeVNx3846H2xa\nURA/cWZBgTGjcnv7X+I2tYQw2+X8PJ2mTpShD1xiPtsdKKcXVuXMBAgABfWuO1Ah\n4E9pavlLasKExGTjhAiLDTjl0pEOrZxhlJP2yPUJPNsfmayfoLKobFIDspwg1JdR\nKnl+tl2U/99iwZMjU5i1XBnMT/6KfRYAErY5f4ZT0gJ+KQepnN8wdN2CYg7VxFoV\n3mGE14KqZDn1X20C7IcdNcgqjscQmdqYMGQKAxGv+WL8Eug1jjWD6RqRg13rN0rf\nDHmY9RHPBZHOmYqAuhuHOjHRYJrNhvC+rQgwU1HiObQ4P78drj35x83+1mRDndwZ\nC+/QAcrUOG4OXZHr6TqiP1g5nrshsN2mt6y6Guoqp/4C8X6hZhMOmmVVjRBGOyb2\nVwmqmYEdpXxc7tCFMwS3IiFRkmOdabz3FBNVVLgU+ZbLTobC2bySFIf7RQ1DNSWk\nwWUFbQ4NkeUnwMf5nwu8jYLPND/poI9ni+R3Z/rnNGsCtsK+MzSIjas82/s0ixLe\nrgJsy6mdrQI5desVmut63v3uOVen/r1gz0H5pqGINsV/wyGwGz46SrBIlDVmnioC\n/9086RFwDcaL14J/ErhDat75L46iwQjMAC4ahzV9Xbw1jkLAIQKCAQEA9LVVmzvl\nCMhLgDDgFUhYhLzzIjm0ifvPIhxnE2MQz6itjuxIriwYcqxcl7tdqow2vM77kzfZ\nN7C9bHHyaFp/ddFAaxIdgJ+j2ImfXzfccRpk+6chpvpVEhEzTGyTEy/qpLI/nsIt\nOBJ60FHb1V/mFf6JAlzOdnfDWFvzi+SHaj3bPtpdhO5nvUYhClCwGl2VyNiCl4V0\n3BD9kTV4nT9SVsXFS+08U04ij/QLzhRM06DlWLX/yxVhhTyv3Oggwfj4BTE36aN5\nJw2rsrhA0qRZdwHr1a6QmRAH5IlgUPUVG43cstmL/eZVBE/tr6qzWmAjAaoHxROC\n87uTnQGOg71hBQKCAQEA5J2c8XxtbHm0JcvMk/SiSkAP749/pOeBWDKHc8Gsj1h+\nWET444TU1yMWYpF0LOy1EQFgtyoRsPpxKcLP0AtmNI3zZMXw2n4gK/6RYLgV0QnN\ngDm7evu6q0ovQlKn1LgivzPVtWJYYzaG8oI7sEZaM6GLNbBUkibRQffoCmhlFuOY\nB2c+ZlUsj6Za5Ya5+nSB8f+vbEhvHlp0iTxH89doU+mLq3yQG04AoFzoW2P+Toqm\nX3np9jui1KByK2tOH+EGBtTe9WuSL3JRQnTybUVU5ZqcnTo+zvYVyIuIIHIlHhBo\nHQHjcWpMPhsFGWoDaZ9DcPgmrN/TKWI34Wj+3CEEUwKCAQAtMAcc4VSL6KC4jU3z\n4CYobNPg8BL8n/lB7UjDdbm2/wj9qXhKYW4qTtXSVxEW20mIWBhwuRFtjT+NdQU0\na/G5ieiBXRkBlXkmFVPOu3wDjsIzDkvSj8uByJdWd345PtHvk9LXuDetcQwox9T2\nc/0C9rvKKeUeT0NNX717ibnPzphb5Or8DyIs+3RCeV/rnnh4XDLRVB2ePaz1UZBy\nSS0lROQH/0jygS00s/YyGeGN+tofJYyUreASQIChJGRYLWdvXgVbKYrHwWiBWjDu\nNNcoeLxZ+yBMg39RnmSgzoEVU377r9yACDaO00uq8rSn7bTJK+K/a7j01SCPD6iH\nf0MZAoIBACSQmPN+xTmeVZPd/sCDVhmuGV5lgzLq3CMxIbz/8wuSSdLwZSZurmQi\ndogZX4135pXrtH5XOjEmPUdCo15RFG2/bnhluFoZ5idjNflUOBkRCk9B7JyE+pw+\n50QiWDmLofMW5U13h0+G/xp2ffl5px+u7McPhtdBYiK89d4ESHbavAwjFTXk1ZW8\nM7mWTNSkIcyE6pfVFgCy0wTIIXH8t/ED35Tz/VCAr1T2xysm2RvSzT1kEGmTrD15\n1AjhxsMOiJo7HdX++IiiLiEE92lGt4dprTbwg+8yKNXEi2c1Gn6ufRh2ntwa9krQ\no4YnEJiqIm1FI1pvCiUKUom481pd5YUCggEAcF269Z02o9DfPRtTQ/qcxkqHZtIK\nDuYAcrWeKeCImlFPRcTQoo393gOE0j5pnV80vr4M35W/gHRQrGX0KzABzERFslOl\nx+ziU6DgVvDHeaxWbEJWnFHMGrPbLBgBSXan0bJS+xmntWBZOkjTxkcUFsZzjp7t\nW38kO2+X9OUxwQgeJQeaM7TQF/rf+HJqq2TOb+WJR5sGc7iz10M5ey9toshxF0DL\nNhg7n5YQjTN2WiwHkDAsWn55d2MIlAeEziQDioe7+gzMojWbs7PXi0w/x5Hm9HbD\nkAwbH73W51E938ck/JY45XQ+ZA4hrZXic2twVwQauNdT7QUqNDzAmLt2Mg==\n-----END RSA PRIVATE KEY-----\n",
            "private_key_pem_pkcs8": "-----BEGIN PRIVATE KEY-----\nMIIJQQIBADANBgkqhkiG9w0BAQEFAASCCSswggknAgEAAoICAQDaiCl5F1xVSTQt\n0VZNBOqAplpmxlgVmQT/or7GVmIP9rOMZifNbV9il/PeZMTZwNarnZuIanboKrA/\n/NsJer8fA7GRjB5T/fanKhse3vZxpYTsF97sDkrdEvrnl43i7fV2E7YGBlxi+TEC\nVp9Y+k1PpWv4lMVrfBwvrqRkBEvrPLlT09d0dSVx3c0QiYYQ8bAuF3zLgmXMJUHR\nY3WT2FVeyFUWLNykF/wp3SoORXaHENZOk4mHhUrv+adZGn7Z5uzeIxf2pp1UPTl4\nBQEMQQMM5F5rRcu3fVjRpH4FjPuOKfe9wJ0tSLCPMmRrKPoiHDEYo21VpkEEpgN+\nrpJGqwrcTKzzsFdEN0z2W/YdyP6+gbmAUguAmJ07EKXkbjySNegLKmp24Lvj1xXv\nG9P3jXgS9NgOMR0bxMTFJL1vExRBF7WPohM/oRUN1Eyf/2y7UCTO2SLtkTQx5Zx6\nugE6talz7VekIxIUys7YiRp5dGoar/0fVUfm/+GNZDYCRBrtYCnLLHBcQcSqnTcI\nT1Fd2MSb0OgizbfewnXOaCbX6bLsPsVnqLgqq0YPrFhSTIg4swrKMArVwTSnZxEl\nsXCdpjZkjiVEh5KroQtU+fOoGB3dOOLYJ81Bz+vCBPzHHKO+SlDJgUSRHQw3Jj8O\n03j0pw6ghAAMkE1tw9L6OMEDeY+InwIDAQABAoICAFhBzZ4eFShMnEo01UndxmeW\nx8PiLwjp997Wd33avVf9Jp55U3HfzjofbFpRED9xZkGBMaNye/tf4ja1hDDb5fw8\nnaZOlKEPXGI+2x0opxdW5cwECAAF9a47UCHgT2lq+UtqwoTEZOOECIsNOOXSkQ6t\nnGGUk/bI9Qk82x+ZrJ+gsqhsUgOynCDUl1EqeX62XZT/32LBkyNTmLVcGcxP/op9\nFgAStjl/hlPSAn4pB6mc3zB03YJiDtXEWhXeYYTXgqpkOfVfbQLshx01yCqOxxCZ\n2pgwZAoDEa/5YvwS6DWONYPpGpGDXes3St8MeZj1Ec8Fkc6ZioC6G4c6MdFgms2G\n8L6tCDBTUeI5tDg/vx2uPfnHzf7WZEOd3BkL79ABytQ4bg5dkevpOqI/WDmeuyGw\n3aa3rLoa6iqn/gLxfqFmEw6aZVWNEEY7JvZXCaqZgR2lfFzu0IUzBLciIVGSY51p\nvPcUE1VUuBT5lstOhsLZvJIUh/tFDUM1JaTBZQVtDg2R5SfAx/mfC7yNgs80P+mg\nj2eL5Hdn+uc0awK2wr4zNIiNqzzb+zSLEt6uAmzLqZ2tAjl16xWa63re/e45V6f+\nvWDPQfmmoYg2xX/DIbAbPjpKsEiUNWaeKgL/3TzpEXANxovXgn8SuENq3vkvjqLB\nCMwALhqHNX1dvDWOQsAhAoIBAQD0tVWbO+UIyEuAMOAVSFiEvPMiObSJ+88iHGcT\nYxDPqK2O7EiuLBhyrFyXu12qjDa8zvuTN9k3sL1scfJoWn910UBrEh2An6PYiZ9f\nN9xxGmT7pyGm+lUSETNMbJMTL+qksj+ewi04EnrQUdvVX+YV/okCXM52d8NYW/OL\n5IdqPds+2l2E7me9RiEKULAaXZXI2IKXhXTcEP2RNXidP1JWxcVL7TxTTiKP9AvO\nFEzToOVYtf/LFWGFPK/c6CDB+PgFMTfpo3knDauyuEDSpFl3AevVrpCZEAfkiWBQ\n9RUbjdyy2Yv95lUET+2vqrNaYCMBqgfFE4Lzu5OdAY6DvWEFAoIBAQDknZzxfG1s\nebQly8yT9KJKQA/vj3+k54FYModzwayPWH5YRPjjhNTXIxZikXQs7LURAWC3KhGw\n+nEpws/QC2Y0jfNkxfDafiAr/pFguBXRCc2AObt6+7qrSi9CUqfUuCK/M9W1Ylhj\nNobygjuwRlozoYs1sFSSJtFB9+gKaGUW45gHZz5mVSyPplrlhrn6dIHx/69sSG8e\nWnSJPEfz12hT6YurfJAbTgCgXOhbY/5OiqZfeen2O6LUoHIra04f4QYG1N71a5Iv\nclFCdPJtRVTlmpydOj7O9hXIi4ggciUeEGgdAeNxakw+GwUZagNpn0Nw+Cas39Mp\nYjfhaP7cIQRTAoIBAC0wBxzhVIvooLiNTfPgJihs0+DwEvyf+UHtSMN1ubb/CP2p\neEphbipO1dJXERbbSYhYGHC5EW2NP411BTRr8bmJ6IFdGQGVeSYVU867fAOOwjMO\nS9KPy4HIl1Z3fjk+0e+T0te4N61xDCjH1PZz/QL2u8op5R5PQ01fvXuJuc/OmFvk\n6vwPIiz7dEJ5X+ueeHhcMtFUHZ49rPVRkHJJLSVE5Af/SPKBLTSz9jIZ4Y362h8l\njJSt4BJAgKEkZFgtZ29eBVspisfBaIFaMO401yh4vFn7IEyDf1GeZKDOgRVTfvuv\n3IAINo7TS6rytKfttMkr4r9ruPTVII8PqId/QxkCggEAJJCY837FOZ5Vk93+wINW\nGa4ZXmWDMurcIzEhvP/zC5JJ0vBlJm6uZCJ2iBlfjXfmleu0flc6MSY9R0KjXlEU\nbb9ueGW4WhnmJ2M1+VQ4GREKT0HsnIT6nD7nRCJYOYuh8xblTXeHT4b/GnZ9+Xmn\nH67sxw+G10FiIrz13gRIdtq8DCMVNeTVlbwzuZZM1KQhzITql9UWALLTBMghcfy3\n8QPflPP9UICvVPbHKybZG9LNPWQQaZOsPXnUCOHGww6Imjsd1f74iKIuIQT3aUa3\nh2mtNvCD7zIo1cSLZzUafq59GHae3Br2StCjhicQmKoibUUjWm8KJQpSibjzWl3l\nhQKCAQBwXbr1nTaj0N89G1ND+pzGSodm0goO5gBytZ4p4IiaUU9FxNCijf3eA4TS\nPmmdXzS+vgzflb+AdFCsZfQrMAHMREWyU6XH7OJToOBW8Md5rFZsQlacUcwas9ss\nGAFJdqfRslL7Gae1YFk6SNPGRxQWxnOOnu1bfyQ7b5f05THBCB4lB5oztNAX+t/4\ncmqrZM5v5YlHmwZzuLPXQzl7L22iyHEXQMs2GDuflhCNM3ZaLAeQMCxafnl3YwiU\nB4TOJAOKh7v6DMyiNZuzs9eLTD/Hkeb0dsOQDBsfvdbnUT3fxyT8ljjldD5kDiGt\nleJza3BXBBq411PtBSo0PMCYu3Yy\n-----END PRIVATE KEY-----\n",
            "public_key_fingerprint_md5": "e6:e2:f0:b8:6f:56:fb:fe:16:43:b9:8f:42:76:6e:a2",
            "public_key_fingerprint_sha256": "SHA256:NsPRr37/sOPgik1VGmNi6nHoo/a7IYG954jhRN5kddU",
            "public_key_openssh": "ssh-rsa AAAAB3NzaC1yc2EAAAADAQABAAACAQDaiCl5F1xVSTQt0VZNBOqAplpmxlgVmQT/or7GVmIP9rOMZifNbV9il/PeZMTZwNarnZuIanboKrA//NsJer8fA7GRjB5T/fanKhse3vZxpYTsF97sDkrdEvrnl43i7fV2E7YGBlxi+TECVp9Y+k1PpWv4lMVrfBwvrqRkBEvrPLlT09d0dSVx3c0QiYYQ8bAuF3zLgmXMJUHRY3WT2FVeyFUWLNykF/wp3SoORXaHENZOk4mHhUrv+adZGn7Z5uzeIxf2pp1UPTl4BQEMQQMM5F5rRcu3fVjRpH4FjPuOKfe9wJ0tSLCPMmRrKPoiHDEYo21VpkEEpgN+rpJGqwrcTKzzsFdEN0z2W/YdyP6+gbmAUguAmJ07EKXkbjySNegLKmp24Lvj1xXvG9P3jXgS9NgOMR0bxMTFJL1vExRBF7WPohM/oRUN1Eyf/2y7UCTO2SLtkTQx5Zx6ugE6talz7VekIxIUys7YiRp5dGoar/0fVUfm/+GNZDYCRBrtYCnLLHBcQcSqnTcIT1Fd2MSb0OgizbfewnXOaCbX6bLsPsVnqLgqq0YPrFhSTIg4swrKMArVwTSnZxElsXCdpjZkjiVEh5KroQtU+fOoGB3dOOLYJ81Bz+vCBPzHHKO+SlDJgUSRHQw3Jj8O03j0pw6ghAAMkE1tw9L6OMEDeY+Inw==\n",
            "public_key_pem": "-----BEGIN PUBLIC KEY-----\nMIICIjANBgkqhkiG9w0BAQEFAAOCAg8AMIICCgKCAgEA2ogpeRdcVUk0LdFWTQTq\ngKZaZsZYFZkE/6K+xlZiD/azjGYnzW1fYpfz3mTE2cDWq52biGp26CqwP/zbCXq/\nHwOxkYweU/32pyobHt72caWE7Bfe7A5K3RL655eN4u31dhO2BgZcYvkxAlafWPpN\nT6Vr+JTFa3wcL66kZARL6zy5U9PXdHUlcd3NEImGEPGwLhd8y4JlzCVB0WN1k9hV\nXshVFizcpBf8Kd0qDkV2hxDWTpOJh4VK7/mnWRp+2ebs3iMX9qadVD05eAUBDEED\nDORea0XLt31Y0aR+BYz7jin3vcCdLUiwjzJkayj6IhwxGKNtVaZBBKYDfq6SRqsK\n3Eys87BXRDdM9lv2Hcj+voG5gFILgJidOxCl5G48kjXoCypqduC749cV7xvT9414\nEvTYDjEdG8TExSS9bxMUQRe1j6ITP6EVDdRMn/9su1Akztki7ZE0MeWceroBOrWp\nc+1XpCMSFMrO2IkaeXRqGq/9H1VH5v/hjWQ2AkQa7WApyyxwXEHEqp03CE9RXdjE\nm9DoIs233sJ1zmgm1+my7D7FZ6i4KqtGD6xYUkyIOLMKyjAK1cE0p2cRJbFwnaY2\nZI4lRIeSq6ELVPnzqBgd3Tji2CfNQc/rwgT8xxyjvkpQyYFEkR0MNyY/DtN49KcO\noIQADJBNbcPS+jjBA3mPiJ8CAwEAAQ==\n-----END PUBLIC KEY-----\n",
            "rsa_bits": 4096
          },
          "sensitive_attributes": []
        }
      ]
    },
    {
      "module": "module.api_gateway.module.load_balancer.module.vpc",
      "mode": "managed",
      "type": "aws_internet_gateway",
      "name": "zenskar_igw",
      "provider": "provider[\"registry.terraform.io/hashicorp/aws\"]",
      "instances": [
        {
          "schema_version": 0,
          "attributes": {
            "arn": "arn:aws:ec2:ap-south-1:107534347551:internet-gateway/igw-013934b9e8101539e",
            "id": "igw-013934b9e8101539e",
            "owner_id": "107534347551",
            "tags": {
              "Name": "zenskar-igw"
            },
            "tags_all": {
              "Name": "zenskar-igw"
            },
            "timeouts": null,
            "vpc_id": "vpc-0e39e62c37f0f8306"
          },
          "sensitive_attributes": [],
          "private": "eyJlMmJmYjczMC1lY2FhLTExZTYtOGY4OC0zNDM2M2JjN2M0YzAiOnsiY3JlYXRlIjoxMjAwMDAwMDAwMDAwLCJkZWxldGUiOjEyMDAwMDAwMDAwMDAsInVwZGF0ZSI6MTIwMDAwMDAwMDAwMH19",
          "dependencies": [
            "module.api_gateway.module.load_balancer.module.vpc.aws_vpc.zenskar"
          ]
        }
      ]
    },
    {
      "module": "module.api_gateway.module.load_balancer.module.vpc",
      "mode": "managed",
      "type": "aws_subnet",
      "name": "private_subnet",
      "provider": "provider[\"registry.terraform.io/hashicorp/aws\"]",
      "instances": [
        {
          "index_key": 0,
          "schema_version": 1,
          "attributes": {
            "arn": "arn:aws:ec2:ap-south-1:107534347551:subnet/subnet-0d2c8dfe967eb6858",
            "assign_ipv6_address_on_creation": false,
            "availability_zone": "ap-south-1a",
            "availability_zone_id": "aps1-az1",
            "cidr_block": "172.34.4.0/24",
            "customer_owned_ipv4_pool": "",
            "enable_dns64": false,
            "enable_lni_at_device_index": 0,
            "enable_resource_name_dns_a_record_on_launch": false,
            "enable_resource_name_dns_aaaa_record_on_launch": false,
            "id": "subnet-0d2c8dfe967eb6858",
            "ipv6_cidr_block": "",
            "ipv6_cidr_block_association_id": "",
            "ipv6_native": false,
            "map_customer_owned_ip_on_launch": false,
            "map_public_ip_on_launch": false,
            "outpost_arn": "",
            "owner_id": "107534347551",
            "private_dns_hostname_type_on_launch": "ip-name",
            "tags": {
              "Name": "zenskar-private-subnet-1"
            },
            "tags_all": {
              "Name": "zenskar-private-subnet-1"
            },
            "timeouts": null,
            "vpc_id": "vpc-0e39e62c37f0f8306"
          },
          "sensitive_attributes": [],
          "private": "eyJlMmJmYjczMC1lY2FhLTExZTYtOGY4OC0zNDM2M2JjN2M0YzAiOnsiY3JlYXRlIjo2MDAwMDAwMDAwMDAsImRlbGV0ZSI6MTIwMDAwMDAwMDAwMH0sInNjaGVtYV92ZXJzaW9uIjoiMSJ9",
          "dependencies": [
            "module.api_gateway.module.load_balancer.module.vpc.aws_vpc.zenskar"
          ]
        },
        {
          "index_key": 1,
          "schema_version": 1,
          "attributes": {
            "arn": "arn:aws:ec2:ap-south-1:107534347551:subnet/subnet-028e0985a66eb83e4",
            "assign_ipv6_address_on_creation": false,
            "availability_zone": "ap-south-1b",
            "availability_zone_id": "aps1-az3",
            "cidr_block": "172.34.5.0/24",
            "customer_owned_ipv4_pool": "",
            "enable_dns64": false,
            "enable_lni_at_device_index": 0,
            "enable_resource_name_dns_a_record_on_launch": false,
            "enable_resource_name_dns_aaaa_record_on_launch": false,
            "id": "subnet-028e0985a66eb83e4",
            "ipv6_cidr_block": "",
            "ipv6_cidr_block_association_id": "",
            "ipv6_native": false,
            "map_customer_owned_ip_on_launch": false,
            "map_public_ip_on_launch": false,
            "outpost_arn": "",
            "owner_id": "107534347551",
            "private_dns_hostname_type_on_launch": "ip-name",
            "tags": {
              "Name": "zenskar-private-subnet-2"
            },
            "tags_all": {
              "Name": "zenskar-private-subnet-2"
            },
            "timeouts": null,
            "vpc_id": "vpc-0e39e62c37f0f8306"
          },
          "sensitive_attributes": [],
          "private": "eyJlMmJmYjczMC1lY2FhLTExZTYtOGY4OC0zNDM2M2JjN2M0YzAiOnsiY3JlYXRlIjo2MDAwMDAwMDAwMDAsImRlbGV0ZSI6MTIwMDAwMDAwMDAwMH0sInNjaGVtYV92ZXJzaW9uIjoiMSJ9",
          "dependencies": [
            "module.api_gateway.module.load_balancer.module.vpc.aws_vpc.zenskar"
          ]
        },
        {
          "index_key": 2,
          "schema_version": 1,
          "attributes": {
            "arn": "arn:aws:ec2:ap-south-1:107534347551:subnet/subnet-034670b0957139243",
            "assign_ipv6_address_on_creation": false,
            "availability_zone": "ap-south-1c",
            "availability_zone_id": "aps1-az2",
            "cidr_block": "172.34.6.0/24",
            "customer_owned_ipv4_pool": "",
            "enable_dns64": false,
            "enable_lni_at_device_index": 0,
            "enable_resource_name_dns_a_record_on_launch": false,
            "enable_resource_name_dns_aaaa_record_on_launch": false,
            "id": "subnet-034670b0957139243",
            "ipv6_cidr_block": "",
            "ipv6_cidr_block_association_id": "",
            "ipv6_native": false,
            "map_customer_owned_ip_on_launch": false,
            "map_public_ip_on_launch": false,
            "outpost_arn": "",
            "owner_id": "107534347551",
            "private_dns_hostname_type_on_launch": "ip-name",
            "tags": {
              "Name": "zenskar-private-subnet-3"
            },
            "tags_all": {
              "Name": "zenskar-private-subnet-3"
            },
            "timeouts": null,
            "vpc_id": "vpc-0e39e62c37f0f8306"
          },
          "sensitive_attributes": [],
          "private": "eyJlMmJmYjczMC1lY2FhLTExZTYtOGY4OC0zNDM2M2JjN2M0YzAiOnsiY3JlYXRlIjo2MDAwMDAwMDAwMDAsImRlbGV0ZSI6MTIwMDAwMDAwMDAwMH0sInNjaGVtYV92ZXJzaW9uIjoiMSJ9",
          "dependencies": [
            "module.api_gateway.module.load_balancer.module.vpc.aws_vpc.zenskar"
          ]
        }
      ]
    },
    {
      "module": "module.api_gateway.module.load_balancer.module.vpc",
      "mode": "managed",
      "type": "aws_subnet",
      "name": "public_subnet",
      "provider": "provider[\"registry.terraform.io/hashicorp/aws\"]",
      "instances": [
        {
          "index_key": 0,
          "schema_version": 1,
          "attributes": {
            "arn": "arn:aws:ec2:ap-south-1:107534347551:subnet/subnet-0f9051d1a2ddecac5",
            "assign_ipv6_address_on_creation": false,
            "availability_zone": "ap-south-1a",
            "availability_zone_id": "aps1-az1",
            "cidr_block": "172.34.1.0/24",
            "customer_owned_ipv4_pool": "",
            "enable_dns64": false,
            "enable_lni_at_device_index": 0,
            "enable_resource_name_dns_a_record_on_launch": false,
            "enable_resource_name_dns_aaaa_record_on_launch": false,
            "id": "subnet-0f9051d1a2ddecac5",
            "ipv6_cidr_block": "",
            "ipv6_cidr_block_association_id": "",
            "ipv6_native": false,
            "map_customer_owned_ip_on_launch": false,
            "map_public_ip_on_launch": false,
            "outpost_arn": "",
            "owner_id": "107534347551",
            "private_dns_hostname_type_on_launch": "ip-name",
            "tags": {
              "Name": "zenskar-public-subnet-1"
            },
            "tags_all": {
              "Name": "zenskar-public-subnet-1"
            },
            "timeouts": null,
            "vpc_id": "vpc-0e39e62c37f0f8306"
          },
          "sensitive_attributes": [],
          "private": "eyJlMmJmYjczMC1lY2FhLTExZTYtOGY4OC0zNDM2M2JjN2M0YzAiOnsiY3JlYXRlIjo2MDAwMDAwMDAwMDAsImRlbGV0ZSI6MTIwMDAwMDAwMDAwMH0sInNjaGVtYV92ZXJzaW9uIjoiMSJ9",
          "dependencies": [
            "module.api_gateway.module.load_balancer.module.vpc.aws_vpc.zenskar"
          ]
        },
        {
          "index_key": 1,
          "schema_version": 1,
          "attributes": {
            "arn": "arn:aws:ec2:ap-south-1:107534347551:subnet/subnet-03f074ca10a97a535",
            "assign_ipv6_address_on_creation": false,
            "availability_zone": "ap-south-1b",
            "availability_zone_id": "aps1-az3",
            "cidr_block": "172.34.2.0/24",
            "customer_owned_ipv4_pool": "",
            "enable_dns64": false,
            "enable_lni_at_device_index": 0,
            "enable_resource_name_dns_a_record_on_launch": false,
            "enable_resource_name_dns_aaaa_record_on_launch": false,
            "id": "subnet-03f074ca10a97a535",
            "ipv6_cidr_block": "",
            "ipv6_cidr_block_association_id": "",
            "ipv6_native": false,
            "map_customer_owned_ip_on_launch": false,
            "map_public_ip_on_launch": false,
            "outpost_arn": "",
            "owner_id": "107534347551",
            "private_dns_hostname_type_on_launch": "ip-name",
            "tags": {
              "Name": "zenskar-public-subnet-2"
            },
            "tags_all": {
              "Name": "zenskar-public-subnet-2"
            },
            "timeouts": null,
            "vpc_id": "vpc-0e39e62c37f0f8306"
          },
          "sensitive_attributes": [],
          "private": "eyJlMmJmYjczMC1lY2FhLTExZTYtOGY4OC0zNDM2M2JjN2M0YzAiOnsiY3JlYXRlIjo2MDAwMDAwMDAwMDAsImRlbGV0ZSI6MTIwMDAwMDAwMDAwMH0sInNjaGVtYV92ZXJzaW9uIjoiMSJ9",
          "dependencies": [
            "module.api_gateway.module.load_balancer.module.vpc.aws_vpc.zenskar"
          ]
        },
        {
          "index_key": 2,
          "schema_version": 1,
          "attributes": {
            "arn": "arn:aws:ec2:ap-south-1:107534347551:subnet/subnet-0e7dcad702457ecd3",
            "assign_ipv6_address_on_creation": false,
            "availability_zone": "ap-south-1c",
            "availability_zone_id": "aps1-az2",
            "cidr_block": "172.34.3.0/24",
            "customer_owned_ipv4_pool": "",
            "enable_dns64": false,
            "enable_lni_at_device_index": 0,
            "enable_resource_name_dns_a_record_on_launch": false,
            "enable_resource_name_dns_aaaa_record_on_launch": false,
            "id": "subnet-0e7dcad702457ecd3",
            "ipv6_cidr_block": "",
            "ipv6_cidr_block_association_id": "",
            "ipv6_native": false,
            "map_customer_owned_ip_on_launch": false,
            "map_public_ip_on_launch": false,
            "outpost_arn": "",
            "owner_id": "107534347551",
            "private_dns_hostname_type_on_launch": "ip-name",
            "tags": {
              "Name": "zenskar-public-subnet-3"
            },
            "tags_all": {
              "Name": "zenskar-public-subnet-3"
            },
            "timeouts": null,
            "vpc_id": "vpc-0e39e62c37f0f8306"
          },
          "sensitive_attributes": [],
          "private": "eyJlMmJmYjczMC1lY2FhLTExZTYtOGY4OC0zNDM2M2JjN2M0YzAiOnsiY3JlYXRlIjo2MDAwMDAwMDAwMDAsImRlbGV0ZSI6MTIwMDAwMDAwMDAwMH0sInNjaGVtYV92ZXJzaW9uIjoiMSJ9",
          "dependencies": [
            "module.api_gateway.module.load_balancer.module.vpc.aws_vpc.zenskar"
          ]
        }
      ]
    },
    {
      "module": "module.api_gateway.module.load_balancer.module.vpc",
      "mode": "managed",
      "type": "aws_vpc",
      "name": "zenskar",
      "provider": "provider[\"registry.terraform.io/hashicorp/aws\"]",
      "instances": [
        {
          "schema_version": 1,
          "attributes": {
            "arn": "arn:aws:ec2:ap-south-1:107534347551:vpc/vpc-0e39e62c37f0f8306",
            "assign_generated_ipv6_cidr_block": false,
            "cidr_block": "172.34.0.0/16",
            "default_network_acl_id": "acl-062cab14b95ca0f7f",
            "default_route_table_id": "rtb-08e1f12583db1f1aa",
            "default_security_group_id": "sg-065a1f517aa2bec4c",
            "dhcp_options_id": "dopt-0b14c5fe946d33454",
            "enable_dns_hostnames": true,
            "enable_dns_support": true,
            "enable_network_address_usage_metrics": false,
            "id": "vpc-0e39e62c37f0f8306",
            "instance_tenancy": "default",
            "ipv4_ipam_pool_id": null,
            "ipv4_netmask_length": null,
            "ipv6_association_id": "",
            "ipv6_cidr_block": "",
            "ipv6_cidr_block_network_border_group": "",
            "ipv6_ipam_pool_id": "",
            "ipv6_netmask_length": 0,
            "main_route_table_id": "rtb-08e1f12583db1f1aa",
            "owner_id": "107534347551",
            "tags": {
              "Name": "zenskar-vpc"
            },
            "tags_all": {
              "Name": "zenskar-vpc"
            }
          },
          "sensitive_attributes": [],
          "private": "eyJzY2hlbWFfdmVyc2lvbiI6IjEifQ=="
        }
      ]
    },
    {
      "module": "module.api_gateway.module.security_groups",
      "mode": "managed",
      "type": "aws_security_group",
      "name": "private_sg",
      "provider": "provider[\"registry.terraform.io/hashicorp/aws\"]",
      "instances": [
        {
          "schema_version": 1,
          "attributes": {
            "arn": "arn:aws:ec2:ap-south-1:107534347551:security-group/sg-02a5acbae0a2e3caa",
            "description": "Security group for private instances",
            "egress": [
              {
                "cidr_blocks": [
                  "0.0.0.0/0"
                ],
                "description": "",
                "from_port": 0,
                "ipv6_cidr_blocks": [],
                "prefix_list_ids": [],
                "protocol": "-1",
                "security_groups": [],
                "self": false,
                "to_port": 0
              }
            ],
            "id": "sg-02a5acbae0a2e3caa",
            "ingress": [
              {
                "cidr_blocks": [
                  "0.0.0.0/0"
                ],
                "description": "",
                "from_port": 22,
                "ipv6_cidr_blocks": [],
                "prefix_list_ids": [],
                "protocol": "tcp",
                "security_groups": [],
                "self": false,
                "to_port": 22
              },
              {
                "cidr_blocks": [
                  "0.0.0.0/0"
                ],
                "description": "",
                "from_port": 80,
                "ipv6_cidr_blocks": [],
                "prefix_list_ids": [],
                "protocol": "tcp",
                "security_groups": [],
                "self": false,
                "to_port": 80
              }
            ],
            "name": "private_sg",
            "name_prefix": "",
            "owner_id": "107534347551",
            "revoke_rules_on_delete": false,
            "tags": null,
            "tags_all": {},
            "timeouts": null,
            "vpc_id": "vpc-0ae3f36ee7d94056a"
          },
          "sensitive_attributes": [],
          "private": "eyJlMmJmYjczMC1lY2FhLTExZTYtOGY4OC0zNDM2M2JjN2M0YzAiOnsiY3JlYXRlIjo2MDAwMDAwMDAwMDAsImRlbGV0ZSI6OTAwMDAwMDAwMDAwfSwic2NoZW1hX3ZlcnNpb24iOiIxIn0=",
          "dependencies": [
            "module.api_gateway.module.vpc.aws_vpc.zenskar"
          ]
        }
      ]
    },
    {
      "module": "module.api_gateway.module.security_groups",
      "mode": "managed",
      "type": "aws_security_group",
      "name": "public_sg",
      "provider": "provider[\"registry.terraform.io/hashicorp/aws\"]",
      "instances": [
        {
          "schema_version": 1,
          "attributes": {
            "arn": "arn:aws:ec2:ap-south-1:107534347551:security-group/sg-0f7029b3e2a26ab96",
            "description": "Security group for public instances",
            "egress": [
              {
                "cidr_blocks": [
                  "0.0.0.0/0"
                ],
                "description": "",
                "from_port": 0,
                "ipv6_cidr_blocks": [],
                "prefix_list_ids": [],
                "protocol": "-1",
                "security_groups": [],
                "self": false,
                "to_port": 0
              }
            ],
            "id": "sg-0f7029b3e2a26ab96",
            "ingress": [
              {
                "cidr_blocks": [
                  "0.0.0.0/0"
                ],
                "description": "",
                "from_port": 22,
                "ipv6_cidr_blocks": [],
                "prefix_list_ids": [],
                "protocol": "tcp",
                "security_groups": [],
                "self": false,
                "to_port": 22
              },
              {
                "cidr_blocks": [
                  "0.0.0.0/0"
                ],
                "description": "",
                "from_port": 80,
                "ipv6_cidr_blocks": [],
                "prefix_list_ids": [],
                "protocol": "tcp",
                "security_groups": [],
                "self": false,
                "to_port": 80
              }
            ],
            "name": "public_sg",
            "name_prefix": "",
            "owner_id": "107534347551",
            "revoke_rules_on_delete": false,
            "tags": null,
            "tags_all": {},
            "timeouts": null,
            "vpc_id": "vpc-0ae3f36ee7d94056a"
          },
          "sensitive_attributes": [],
          "private": "eyJlMmJmYjczMC1lY2FhLTExZTYtOGY4OC0zNDM2M2JjN2M0YzAiOnsiY3JlYXRlIjo2MDAwMDAwMDAwMDAsImRlbGV0ZSI6OTAwMDAwMDAwMDAwfSwic2NoZW1hX3ZlcnNpb24iOiIxIn0=",
          "dependencies": [
            "module.api_gateway.module.vpc.aws_vpc.zenskar"
          ]
        }
      ]
    },
    {
      "module": "module.api_gateway.module.ssh_keypair",
      "mode": "managed",
      "type": "aws_key_pair",
      "name": "private_instance_key_pair",
      "provider": "provider[\"registry.terraform.io/hashicorp/aws\"]",
      "instances": [
        {
          "schema_version": 1,
          "attributes": {
            "arn": "arn:aws:ec2:ap-south-1:107534347551:key-pair/PrivateInstanceSSHKey",
            "fingerprint": "ff:be:28:ee:a2:04:14:8b:e5:20:86:bb:21:05:d7:74",
            "id": "PrivateInstanceSSHKey",
            "key_name": "PrivateInstanceSSHKey",
            "key_name_prefix": "",
            "key_pair_id": "key-011caacda073adb74",
            "key_type": "rsa",
            "public_key": "ssh-rsa AAAAB3NzaC1yc2EAAAADAQABAAACAQDUGaMR4d4vpzcxwVAQFF7MTJcKOU2sQz9gOHLdj4fxYlwbdZ7QKGpP5z56cFsfD+M83TqOw6J55u98eozFio5TjALC1NHhBJxJ7yD0+qEyvMZCdm9FREhqKVNdjTDr+OSY6Q2rijqf5Ja42RLUrY6xdWiXWPkdu3ZDx44RbLnhAuPuntg4OJIpT3I3ib/2wTSEON+m24lBKsrNCNaSNvOgnZb3IuPGmnlcNhHAwWBd2G34tNdWa+v00pi75R4h5CWCvPntUPUL4amhKFhgcVR7XMFU3NtMEoW2t0i579YBjToa59miDH1szsz8924ana7uAU3dYdBPnTgKuLSAaSdumgA8jJXqwhNCwyiWBJEUUezXZlSNNVM/9GUZn2P1P+UlLbAeVABbSMeeFPLPAXJMhvmK72brZO65h01Sr3Hzs12M/BdhFNRD7Q7OZ8MuqehodMYxpXAfb4Et64Vu/+Wg8P+8udtX4DAx+Q0jj7anJQCMs3lsJBLSCqKRswwrzUJT3x1qyvMLKJ5y3A/1RNMrezdLZBal3tlHJ8i38X0j4Kg1JYTgd2V54uXnBhA6vgInx5Hv3mbFiHPh2toTXJMY2zofEXSFqIIe3RZbZsXv2RNr260LoOaDD6TxQPX+foX1/wRolfb2kpWskYxjB6WsznNZ0gV6ch1qS/l8++clhw==",
            "tags": null,
            "tags_all": {}
          },
          "sensitive_attributes": [],
          "private": "eyJzY2hlbWFfdmVyc2lvbiI6IjEifQ==",
          "dependencies": [
            "module.api_gateway.module.ssh_keypair.tls_private_key.private_instance_ssh_keypair"
          ]
        }
      ]
    },
    {
      "module": "module.api_gateway.module.ssh_keypair",
      "mode": "managed",
      "type": "tls_private_key",
      "name": "bastion_ssh_keypair",
      "provider": "provider[\"registry.terraform.io/hashicorp/tls\"]",
      "instances": [
        {
          "schema_version": 1,
          "attributes": {
            "algorithm": "RSA",
            "ecdsa_curve": "P224",
            "id": "bbde658cf9fc4079ac0026b0c4994e2817ae4a8b",
            "private_key_openssh": "-----BEGIN OPENSSH PRIVATE KEY-----\nb3BlbnNzaC1rZXktdjEAAAAABG5vbmUAAAAEbm9uZQAAAAAAAAABAAACFwAAAAdz\nc2gtcnNhAAAAAwEAAQAAAgEArVwuA9PhPBUyswt3w0V32dlHhojDKe2YJHq95uzH\nKXB1ULxi0LIkNqikbrnwF/Toe9sxjV8eL4hebP3kIxW5staD1Cj1pvOFaD30ggaT\nV1MUusKBPgbhC6Af6hVYsHiOl2tzrxPhWvdIBnhpAYcLCswQx09gFFLKjWSt/p2G\nRMgMK0jCb9RuhWBS/RhSOO28t5CqvK9f9bnfyOtN1EXQ7qJiPTEEoDEoLCQIiIqb\nCXDvtdlLNlfEtjnNALjhEZhoLSllg+LCgOAYQWkoqzGeLgQa5widF1t4oqaTXKTr\nfTsXVVuoYyJcNhQMf+afmBPBiFgcXy7pgQfvHtUVyl8S0EzHhLMzNUGAb/OeimYb\n+DwVFd2jI7TBAf0YaMLvlJ4aVlqrLZBfxwl6IL+KP17GKm081ptQ3geSuhjg6GT8\nHVeiYy2OD4gcLklwMHfoZFtoJq0wjprcKzzxIX0GSzBn1aec16KPeaUKbB6Vo4QT\nvUGmr/VoQ5XA9THk3/nbcowsk51STPJdezjE+X94hpoxg7tnfyY5Esgm5il0ENZ7\ncb+2FifAJsH/tlXCFcjjR/VOIH0mLGd670CLNQAkVSvDCWWLIne8uePlBUbDLAm1\nyV8WiboeZ2XFZ9tA8HAfUTqoEkY7yt7uE67ZabW90x6fbKdUaQXgrtR8e/1uFCPG\ni4kAAAc4tOXmCLTl5ggAAAAHc3NoLXJzYQAAAgEArVwuA9PhPBUyswt3w0V32dlH\nhojDKe2YJHq95uzHKXB1ULxi0LIkNqikbrnwF/Toe9sxjV8eL4hebP3kIxW5staD\n1Cj1pvOFaD30ggaTV1MUusKBPgbhC6Af6hVYsHiOl2tzrxPhWvdIBnhpAYcLCswQ\nx09gFFLKjWSt/p2GRMgMK0jCb9RuhWBS/RhSOO28t5CqvK9f9bnfyOtN1EXQ7qJi\nPTEEoDEoLCQIiIqbCXDvtdlLNlfEtjnNALjhEZhoLSllg+LCgOAYQWkoqzGeLgQa\n5widF1t4oqaTXKTrfTsXVVuoYyJcNhQMf+afmBPBiFgcXy7pgQfvHtUVyl8S0EzH\nhLMzNUGAb/OeimYb+DwVFd2jI7TBAf0YaMLvlJ4aVlqrLZBfxwl6IL+KP17GKm08\n1ptQ3geSuhjg6GT8HVeiYy2OD4gcLklwMHfoZFtoJq0wjprcKzzxIX0GSzBn1aec\n16KPeaUKbB6Vo4QTvUGmr/VoQ5XA9THk3/nbcowsk51STPJdezjE+X94hpoxg7tn\nfyY5Esgm5il0ENZ7cb+2FifAJsH/tlXCFcjjR/VOIH0mLGd670CLNQAkVSvDCWWL\nIne8uePlBUbDLAm1yV8WiboeZ2XFZ9tA8HAfUTqoEkY7yt7uE67ZabW90x6fbKdU\naQXgrtR8e/1uFCPGi4kAAAADAQABAAACACEfncMpdr2uJzPCmy16Vn4PX/U6qF+Y\ngBtoQGShFSS70g6NECxj/TtcWZ62dEN/jfQsW3lxlSjr227jy/VQL10WU7Xz5Yvy\nt6jFPbSiYQCsZSeSBnO9iL5Z5/8n+Pwu7L/NzhrDp6lj2iUyWI3sKZX0i7gpWGhJ\nsV32wLAHlSILPxf+HPiVFFDzqKenP/6UnhxMzfKjZ6hhzXpsS0Cl3lfaOv8KIKIj\nAlP8xoygPyM8qvCKBi7p8jIHNT5QFODxx+XpJPZgG13Yc4n798NOBbUxH5rJMIrH\n9XLOdRWchUo2Qi0TCEd4xzml9wVxIUlDbRUKENG2+vKme2/esv0p0UQe8JtWJBHr\n7rLg3S4mc1WzYLHW6EHmyQc/Y6S8qTNQ9wi45/A7lFoN4iNbp0mjRpwzGP9ncVGU\nFpTd49YUUJpbp0Z6PaI6P8c4DNo5Sloaj+2YxYQfYbl+BQSF/hjtUcjXJ8XmVcah\ntq371V+JnGoc8CAe3EoKH+hIOWQQ7iUznBygeEFOT70JLKRP7j2o0kbOd5i/3hRL\ntLfWCNVQGuN4J3tuvgedZezlZ5pG4zGO0liynoxmxUASa72YqQCnnTUMT443Kdel\nxU68lO780HgEbqCyCyOW/wNtopj9aVTD14cMXUEIanAPEpYBsxhoPWM6Y4Wnaruh\nO4EmVn6SLTFJAAABACrr0PpMWBHJIjmHvBVvikN1dEin3h+SdMrdxPvcpSc2bzES\nhuz6PHghqmbQReiJPCrNuVvoc0bJAsy4jnBnrK/3QKYooz2xJ5oQJZWm01+JGOku\n3PNhKvGPWz0UoBCk+wTRRvD3KpHQ7a0lq6XoufSiG8XQ++6hy3VSrpxe+iyfuYFH\nrUNLKkNl/rvpp+voxeXljog0hSPWVSUBcXJWGGcx4z++xaYkohZzUYiFDcBWbxG1\n5JqXaJnKadSHKu2bKB/2vyKUxFIoK0pMd7yxYjA4JA/npmWgGtbQSEv7o0bOfs82\nxzfWeWkhZ23diiEFesPSidRWnBULwKFJjF3aQAgAAAEBAMkyXL+7jKjF+jrOUTM9\nu3ltPJBmF4zvNkFIcgkOCht4yVilcspDWcOmDls3S6f2VbxweNySoW+ucvZaNUlI\nP/S/R4pDAV413uSCwRqtU65iw6Lza9TLW2qbe4/DVtlmwd5Rw18p5+R1QwJMfifL\nMhbEzjAy9OVinYh/IJkpp78Tvc8WXXt5ZOECN3WrZ7kU6bgSp+t7qkqXSxp0xhrA\nkmTUscT3sek/+0jtX2FhX5Fo7yzwMGPxw8CSXD8KaBoYRyOwDtmtMkcdyVG33A3x\nJDZ5txg6eYWLhEUMpd1d45cAfNakj1ocRrj1CYAbWN/MdfZ1NBizS4TAjH1drip7\ngccAAAEBANyUvdTQQv1hzEp0kpZmbquLu97WuqT1cxRwfNUnlS29hk2xUDrArnwA\nSY3aYz7CbiY+wrrDH1Rh3cwyeI2vOw43K8xsnWWYl8UDTfSrEeJBsYfdcIY+GQ6s\nxPsmmamAcLSh3OYOVdya5B8zsUzUJBodBne3jupjxbBQcGAeJI4vMjNfgzjiI1OY\nxsUEKg+aTI5NNe/l19U+vQ/iEgCfSCE1d2Trkmug0DPzWBtDGDqZrqgDTaPn4+li\nn6qZwY0xTsyeD5h/q0ZSSLduws1fD/CVMc5Wyou9NnQaZXo3WIReihy0W2sSJhDI\ngk3mTv/cVn8DmKIZVNZ6V+QAbvSYiC8AAAAAAQID\n-----END OPENSSH PRIVATE KEY-----\n",
            "private_key_pem": "-----BEGIN RSA PRIVATE KEY-----\nMIIJKAIBAAKCAgEArVwuA9PhPBUyswt3w0V32dlHhojDKe2YJHq95uzHKXB1ULxi\n0LIkNqikbrnwF/Toe9sxjV8eL4hebP3kIxW5staD1Cj1pvOFaD30ggaTV1MUusKB\nPgbhC6Af6hVYsHiOl2tzrxPhWvdIBnhpAYcLCswQx09gFFLKjWSt/p2GRMgMK0jC\nb9RuhWBS/RhSOO28t5CqvK9f9bnfyOtN1EXQ7qJiPTEEoDEoLCQIiIqbCXDvtdlL\nNlfEtjnNALjhEZhoLSllg+LCgOAYQWkoqzGeLgQa5widF1t4oqaTXKTrfTsXVVuo\nYyJcNhQMf+afmBPBiFgcXy7pgQfvHtUVyl8S0EzHhLMzNUGAb/OeimYb+DwVFd2j\nI7TBAf0YaMLvlJ4aVlqrLZBfxwl6IL+KP17GKm081ptQ3geSuhjg6GT8HVeiYy2O\nD4gcLklwMHfoZFtoJq0wjprcKzzxIX0GSzBn1aec16KPeaUKbB6Vo4QTvUGmr/Vo\nQ5XA9THk3/nbcowsk51STPJdezjE+X94hpoxg7tnfyY5Esgm5il0ENZ7cb+2FifA\nJsH/tlXCFcjjR/VOIH0mLGd670CLNQAkVSvDCWWLIne8uePlBUbDLAm1yV8Wiboe\nZ2XFZ9tA8HAfUTqoEkY7yt7uE67ZabW90x6fbKdUaQXgrtR8e/1uFCPGi4kCAwEA\nAQKCAgAhH53DKXa9riczwpstelZ+D1/1OqhfmIAbaEBkoRUku9IOjRAsY/07XFme\ntnRDf430LFt5cZUo69tu48v1UC9dFlO18+WL8reoxT20omEArGUnkgZzvYi+Wef/\nJ/j8Luy/zc4aw6epY9olMliN7CmV9Iu4KVhoSbFd9sCwB5UiCz8X/hz4lRRQ86in\npz/+lJ4cTM3yo2eoYc16bEtApd5X2jr/CiCiIwJT/MaMoD8jPKrwigYu6fIyBzU+\nUBTg8cfl6ST2YBtd2HOJ+/fDTgW1MR+ayTCKx/VyznUVnIVKNkItEwhHeMc5pfcF\ncSFJQ20VChDRtvrypntv3rL9KdFEHvCbViQR6+6y4N0uJnNVs2Cx1uhB5skHP2Ok\nvKkzUPcIuOfwO5RaDeIjW6dJo0acMxj/Z3FRlBaU3ePWFFCaW6dGej2iOj/HOAza\nOUpaGo/tmMWEH2G5fgUEhf4Y7VHI1yfF5lXGobat+9VfiZxqHPAgHtxKCh/oSDlk\nEO4lM5wcoHhBTk+9CSykT+49qNJGzneYv94US7S31gjVUBrjeCd7br4HnWXs5Wea\nRuMxjtJYsp6MZsVAEmu9mKkAp501DE+ONynXpcVOvJTu/NB4BG6gsgsjlv8DbaKY\n/WlUw9eHDF1BCGpwDxKWAbMYaD1jOmOFp2q7oTuBJlZ+ki0xSQKCAQEAyTJcv7uM\nqMX6Os5RMz27eW08kGYXjO82QUhyCQ4KG3jJWKVyykNZw6YOWzdLp/ZVvHB43JKh\nb65y9lo1SUg/9L9HikMBXjXe5ILBGq1TrmLDovNr1Mtbapt7j8NW2WbB3lHDXynn\n5HVDAkx+J8syFsTOMDL05WKdiH8gmSmnvxO9zxZde3lk4QI3datnuRTpuBKn63uq\nSpdLGnTGGsCSZNSxxPex6T/7SO1fYWFfkWjvLPAwY/HDwJJcPwpoGhhHI7AO2a0y\nRx3JUbfcDfEkNnm3GDp5hYuERQyl3V3jlwB81qSPWhxGuPUJgBtY38x19nU0GLNL\nhMCMfV2uKnuBxwKCAQEA3JS91NBC/WHMSnSSlmZuq4u73ta6pPVzFHB81SeVLb2G\nTbFQOsCufABJjdpjPsJuJj7CusMfVGHdzDJ4ja87DjcrzGydZZiXxQNN9KsR4kGx\nh91whj4ZDqzE+yaZqYBwtKHc5g5V3JrkHzOxTNQkGh0Gd7eO6mPFsFBwYB4kji8y\nM1+DOOIjU5jGxQQqD5pMjk017+XX1T69D+ISAJ9IITV3ZOuSa6DQM/NYG0MYOpmu\nqANNo+fj6WKfqpnBjTFOzJ4PmH+rRlJIt27CzV8P8JUxzlbKi702dBplejdYhF6K\nHLRbaxImEMiCTeZO/9xWfwOYohlU1npX5ABu9JiILwKCAQEAwsSpOsbBhQSal2Dx\nBGzHVuYjkhnyxHEyEYKjOhbIPA3yxIjtldYbSKYxEaZ26/MwzkoHBmhANZAoJEnx\nea6ikzi0dakl4uC9lHLrovqVnqRnhRCmm4n9RjecJvDP24d5N9HpEu/LV8MYiloo\najdvltEQVWKO5pxPqjp/ASZtCDGBNr8M4iIDQTtXGudCcs5G7vXIbtL5aFoLz2Gq\nAW3YihnIucebCBTzGocIJYoQ7QArQVKHVclOWdaVzEUzv8cu3uJpjdn3aRbxs9UM\nBscg6kdrst2wlFIaSonS63gfgSdsspD9YRssb5JujwBqScRxkZOmSh8PhUSs/BO7\nLc8AMwKCAQB+bXZ8kr3Csxo/lp8qOx21j0qoB5VE1TYXgf3awmw7okRnJXkho6ye\ngB+ogYKexxwRKam9F/dOCyXwUwFL3CLSHAcrjRmN0K80iZdV4/NFJngVsnM7Tj5Y\nbegdN1udjnOK5LdS2OaXoeOciqlVqsXifb5mQbxVVchKLWCrhrtXD3ALh/QTV3H+\nCTPsWl2tQbgdW93NWYSiwenlP6Mn3iOefSGoo2jx7WNIU3KtdYBenhVAUVxf1JqJ\n+zAevS/1uEw89V9k/c/yZ1ksYfyfb5wYPbslVBOVkmaylyqQqUY/4Fvy5eD79pQA\nzJv7AEVJW0XsWOhUCIbaw5a6pRDzerWbAoIBACrr0PpMWBHJIjmHvBVvikN1dEin\n3h+SdMrdxPvcpSc2bzEShuz6PHghqmbQReiJPCrNuVvoc0bJAsy4jnBnrK/3QKYo\noz2xJ5oQJZWm01+JGOku3PNhKvGPWz0UoBCk+wTRRvD3KpHQ7a0lq6XoufSiG8XQ\n++6hy3VSrpxe+iyfuYFHrUNLKkNl/rvpp+voxeXljog0hSPWVSUBcXJWGGcx4z++\nxaYkohZzUYiFDcBWbxG15JqXaJnKadSHKu2bKB/2vyKUxFIoK0pMd7yxYjA4JA/n\npmWgGtbQSEv7o0bOfs82xzfWeWkhZ23diiEFesPSidRWnBULwKFJjF3aQAg=\n-----END RSA PRIVATE KEY-----\n",
            "private_key_pem_pkcs8": "-----BEGIN PRIVATE KEY-----\nMIIJQgIBADANBgkqhkiG9w0BAQEFAASCCSwwggkoAgEAAoICAQCtXC4D0+E8FTKz\nC3fDRXfZ2UeGiMMp7Zgker3m7McpcHVQvGLQsiQ2qKRuufAX9Oh72zGNXx4viF5s\n/eQjFbmy1oPUKPWm84VoPfSCBpNXUxS6woE+BuELoB/qFViweI6Xa3OvE+Fa90gG\neGkBhwsKzBDHT2AUUsqNZK3+nYZEyAwrSMJv1G6FYFL9GFI47by3kKq8r1/1ud/I\n603URdDuomI9MQSgMSgsJAiIipsJcO+12Us2V8S2Oc0AuOERmGgtKWWD4sKA4BhB\naSirMZ4uBBrnCJ0XW3iippNcpOt9OxdVW6hjIlw2FAx/5p+YE8GIWBxfLumBB+8e\n1RXKXxLQTMeEszM1QYBv856KZhv4PBUV3aMjtMEB/Rhowu+UnhpWWqstkF/HCXog\nv4o/XsYqbTzWm1DeB5K6GODoZPwdV6JjLY4PiBwuSXAwd+hkW2gmrTCOmtwrPPEh\nfQZLMGfVp5zXoo95pQpsHpWjhBO9Qaav9WhDlcD1MeTf+dtyjCyTnVJM8l17OMT5\nf3iGmjGDu2d/JjkSyCbmKXQQ1ntxv7YWJ8Amwf+2VcIVyONH9U4gfSYsZ3rvQIs1\nACRVK8MJZYsid7y54+UFRsMsCbXJXxaJuh5nZcVn20DwcB9ROqgSRjvK3u4Trtlp\ntb3THp9sp1RpBeCu1Hx7/W4UI8aLiQIDAQABAoICACEfncMpdr2uJzPCmy16Vn4P\nX/U6qF+YgBtoQGShFSS70g6NECxj/TtcWZ62dEN/jfQsW3lxlSjr227jy/VQL10W\nU7Xz5Yvyt6jFPbSiYQCsZSeSBnO9iL5Z5/8n+Pwu7L/NzhrDp6lj2iUyWI3sKZX0\ni7gpWGhJsV32wLAHlSILPxf+HPiVFFDzqKenP/6UnhxMzfKjZ6hhzXpsS0Cl3lfa\nOv8KIKIjAlP8xoygPyM8qvCKBi7p8jIHNT5QFODxx+XpJPZgG13Yc4n798NOBbUx\nH5rJMIrH9XLOdRWchUo2Qi0TCEd4xzml9wVxIUlDbRUKENG2+vKme2/esv0p0UQe\n8JtWJBHr7rLg3S4mc1WzYLHW6EHmyQc/Y6S8qTNQ9wi45/A7lFoN4iNbp0mjRpwz\nGP9ncVGUFpTd49YUUJpbp0Z6PaI6P8c4DNo5Sloaj+2YxYQfYbl+BQSF/hjtUcjX\nJ8XmVcahtq371V+JnGoc8CAe3EoKH+hIOWQQ7iUznBygeEFOT70JLKRP7j2o0kbO\nd5i/3hRLtLfWCNVQGuN4J3tuvgedZezlZ5pG4zGO0liynoxmxUASa72YqQCnnTUM\nT443KdelxU68lO780HgEbqCyCyOW/wNtopj9aVTD14cMXUEIanAPEpYBsxhoPWM6\nY4WnaruhO4EmVn6SLTFJAoIBAQDJMly/u4yoxfo6zlEzPbt5bTyQZheM7zZBSHIJ\nDgobeMlYpXLKQ1nDpg5bN0un9lW8cHjckqFvrnL2WjVJSD/0v0eKQwFeNd7kgsEa\nrVOuYsOi82vUy1tqm3uPw1bZZsHeUcNfKefkdUMCTH4nyzIWxM4wMvTlYp2IfyCZ\nKae/E73PFl17eWThAjd1q2e5FOm4Eqfre6pKl0sadMYawJJk1LHE97HpP/tI7V9h\nYV+RaO8s8DBj8cPAklw/CmgaGEcjsA7ZrTJHHclRt9wN8SQ2ebcYOnmFi4RFDKXd\nXeOXAHzWpI9aHEa49QmAG1jfzHX2dTQYs0uEwIx9Xa4qe4HHAoIBAQDclL3U0EL9\nYcxKdJKWZm6ri7ve1rqk9XMUcHzVJ5UtvYZNsVA6wK58AEmN2mM+wm4mPsK6wx9U\nYd3MMniNrzsONyvMbJ1lmJfFA030qxHiQbGH3XCGPhkOrMT7JpmpgHC0odzmDlXc\nmuQfM7FM1CQaHQZ3t47qY8WwUHBgHiSOLzIzX4M44iNTmMbFBCoPmkyOTTXv5dfV\nPr0P4hIAn0ghNXdk65JroNAz81gbQxg6ma6oA02j5+PpYp+qmcGNMU7Mng+Yf6tG\nUki3bsLNXw/wlTHOVsqLvTZ0GmV6N1iEXooctFtrEiYQyIJN5k7/3FZ/A5iiGVTW\nelfkAG70mIgvAoIBAQDCxKk6xsGFBJqXYPEEbMdW5iOSGfLEcTIRgqM6Fsg8DfLE\niO2V1htIpjERpnbr8zDOSgcGaEA1kCgkSfF5rqKTOLR1qSXi4L2Ucuui+pWepGeF\nEKabif1GN5wm8M/bh3k30ekS78tXwxiKWihqN2+W0RBVYo7mnE+qOn8BJm0IMYE2\nvwziIgNBO1ca50Jyzkbu9chu0vloWgvPYaoBbdiKGci5x5sIFPMahwglihDtACtB\nUodVyU5Z1pXMRTO/xy7e4mmN2fdpFvGz1QwGxyDqR2uy3bCUUhpKidLreB+BJ2yy\nkP1hGyxvkm6PAGpJxHGRk6ZKHw+FRKz8E7stzwAzAoIBAH5tdnySvcKzGj+Wnyo7\nHbWPSqgHlUTVNheB/drCbDuiRGcleSGjrJ6AH6iBgp7HHBEpqb0X904LJfBTAUvc\nItIcByuNGY3QrzSJl1Xj80UmeBWycztOPlht6B03W52Oc4rkt1LY5peh45yKqVWq\nxeJ9vmZBvFVVyEotYKuGu1cPcAuH9BNXcf4JM+xaXa1BuB1b3c1ZhKLB6eU/oyfe\nI559IaijaPHtY0hTcq11gF6eFUBRXF/Umon7MB69L/W4TDz1X2T9z/JnWSxh/J9v\nnBg9uyVUE5WSZrKXKpCpRj/gW/Ll4Pv2lADMm/sARUlbRexY6FQIhtrDlrqlEPN6\ntZsCggEAKuvQ+kxYEckiOYe8FW+KQ3V0SKfeH5J0yt3E+9ylJzZvMRKG7Po8eCGq\nZtBF6Ik8Ks25W+hzRskCzLiOcGesr/dApiijPbEnmhAllabTX4kY6S7c82Eq8Y9b\nPRSgEKT7BNFG8PcqkdDtrSWrpei59KIbxdD77qHLdVKunF76LJ+5gUetQ0sqQ2X+\nu+mn6+jF5eWOiDSFI9ZVJQFxclYYZzHjP77FpiSiFnNRiIUNwFZvEbXkmpdomcpp\n1Icq7ZsoH/a/IpTEUigrSkx3vLFiMDgkD+emZaAa1tBIS/ujRs5+zzbHN9Z5aSFn\nbd2KIQV6w9KJ1FacFQvAoUmMXdpACA==\n-----END PRIVATE KEY-----\n",
            "public_key_fingerprint_md5": "91:f4:10:78:18:15:b3:63:25:be:cf:19:51:fb:0e:e5",
            "public_key_fingerprint_sha256": "SHA256:pUCcjiTQZ+BldYZu+5q/4CGgtLquTbl980U1vZswJxg",
            "public_key_openssh": "ssh-rsa AAAAB3NzaC1yc2EAAAADAQABAAACAQCtXC4D0+E8FTKzC3fDRXfZ2UeGiMMp7Zgker3m7McpcHVQvGLQsiQ2qKRuufAX9Oh72zGNXx4viF5s/eQjFbmy1oPUKPWm84VoPfSCBpNXUxS6woE+BuELoB/qFViweI6Xa3OvE+Fa90gGeGkBhwsKzBDHT2AUUsqNZK3+nYZEyAwrSMJv1G6FYFL9GFI47by3kKq8r1/1ud/I603URdDuomI9MQSgMSgsJAiIipsJcO+12Us2V8S2Oc0AuOERmGgtKWWD4sKA4BhBaSirMZ4uBBrnCJ0XW3iippNcpOt9OxdVW6hjIlw2FAx/5p+YE8GIWBxfLumBB+8e1RXKXxLQTMeEszM1QYBv856KZhv4PBUV3aMjtMEB/Rhowu+UnhpWWqstkF/HCXogv4o/XsYqbTzWm1DeB5K6GODoZPwdV6JjLY4PiBwuSXAwd+hkW2gmrTCOmtwrPPEhfQZLMGfVp5zXoo95pQpsHpWjhBO9Qaav9WhDlcD1MeTf+dtyjCyTnVJM8l17OMT5f3iGmjGDu2d/JjkSyCbmKXQQ1ntxv7YWJ8Amwf+2VcIVyONH9U4gfSYsZ3rvQIs1ACRVK8MJZYsid7y54+UFRsMsCbXJXxaJuh5nZcVn20DwcB9ROqgSRjvK3u4Trtlptb3THp9sp1RpBeCu1Hx7/W4UI8aLiQ==\n",
            "public_key_pem": "-----BEGIN PUBLIC KEY-----\nMIICIjANBgkqhkiG9w0BAQEFAAOCAg8AMIICCgKCAgEArVwuA9PhPBUyswt3w0V3\n2dlHhojDKe2YJHq95uzHKXB1ULxi0LIkNqikbrnwF/Toe9sxjV8eL4hebP3kIxW5\nstaD1Cj1pvOFaD30ggaTV1MUusKBPgbhC6Af6hVYsHiOl2tzrxPhWvdIBnhpAYcL\nCswQx09gFFLKjWSt/p2GRMgMK0jCb9RuhWBS/RhSOO28t5CqvK9f9bnfyOtN1EXQ\n7qJiPTEEoDEoLCQIiIqbCXDvtdlLNlfEtjnNALjhEZhoLSllg+LCgOAYQWkoqzGe\nLgQa5widF1t4oqaTXKTrfTsXVVuoYyJcNhQMf+afmBPBiFgcXy7pgQfvHtUVyl8S\n0EzHhLMzNUGAb/OeimYb+DwVFd2jI7TBAf0YaMLvlJ4aVlqrLZBfxwl6IL+KP17G\nKm081ptQ3geSuhjg6GT8HVeiYy2OD4gcLklwMHfoZFtoJq0wjprcKzzxIX0GSzBn\n1aec16KPeaUKbB6Vo4QTvUGmr/VoQ5XA9THk3/nbcowsk51STPJdezjE+X94hpox\ng7tnfyY5Esgm5il0ENZ7cb+2FifAJsH/tlXCFcjjR/VOIH0mLGd670CLNQAkVSvD\nCWWLIne8uePlBUbDLAm1yV8WiboeZ2XFZ9tA8HAfUTqoEkY7yt7uE67ZabW90x6f\nbKdUaQXgrtR8e/1uFCPGi4kCAwEAAQ==\n-----END PUBLIC KEY-----\n",
            "rsa_bits": 4096
          },
          "sensitive_attributes": []
        }
      ]
    },
    {
      "module": "module.api_gateway.module.ssh_keypair",
      "mode": "managed",
      "type": "tls_private_key",
      "name": "private_instance_ssh_keypair",
      "provider": "provider[\"registry.terraform.io/hashicorp/tls\"]",
      "instances": [
        {
          "schema_version": 1,
          "attributes": {
            "algorithm": "RSA",
            "ecdsa_curve": "P224",
            "id": "90028a39bb12d060162b91b47c0e172c0e32da5b",
            "private_key_openssh": "-----BEGIN OPENSSH PRIVATE KEY-----\nb3BlbnNzaC1rZXktdjEAAAAABG5vbmUAAAAEbm9uZQAAAAAAAAABAAACFwAAAAdz\nc2gtcnNhAAAAAwEAAQAAAgEA1BmjEeHeL6c3McFQEBRezEyXCjlNrEM/YDhy3Y+H\n8WJcG3We0ChqT+c+enBbHw/jPN06jsOieebvfHqMxYqOU4wCwtTR4QScSe8g9Pqh\nMrzGQnZvRURIailTXY0w6/jkmOkNq4o6n+SWuNkS1K2OsXVol1j5Hbt2Q8eOEWy5\n4QLj7p7YODiSKU9yN4m/9sE0hDjfptuJQSrKzQjWkjbzoJ2W9yLjxpp5XDYRwMFg\nXdht+LTXVmvr9NKYu+UeIeQlgrz57VD1C+GpoShYYHFUe1zBVNzbTBKFtrdIue/W\nAY06GufZogx9bM7M/PduGp2u7gFN3WHQT504Cri0gGknbpoAPIyV6sITQsMolgSR\nFFHs12ZUjTVTP/RlGZ9j9T/lJS2wHlQAW0jHnhTyzwFyTIb5iu9m62TuuYdNUq9x\n87NdjPwXYRTUQ+0OzmfDLqnoaHTGMaVwH2+BLeuFbv/loPD/vLnbV+AwMfkNI4+2\npyUAjLN5bCQS0gqikbMMK81CU98dasrzCyiectwP9UTTK3s3S2QWpd7ZRyfIt/F9\nI+CoNSWE4HdleeLl5wYQOr4CJ8eR795mxYhz4draE1yTGNs6HxF0haiCHt0WW2bF\n79kTa9utC6Dmgw+k8UD1/n6F9f8EaJX29pKVrJGMYwelrM5zWdIFenIdakv5fPvn\nJYcAAAc4Ih1uRiIdbkYAAAAHc3NoLXJzYQAAAgEA1BmjEeHeL6c3McFQEBRezEyX\nCjlNrEM/YDhy3Y+H8WJcG3We0ChqT+c+enBbHw/jPN06jsOieebvfHqMxYqOU4wC\nwtTR4QScSe8g9PqhMrzGQnZvRURIailTXY0w6/jkmOkNq4o6n+SWuNkS1K2OsXVo\nl1j5Hbt2Q8eOEWy54QLj7p7YODiSKU9yN4m/9sE0hDjfptuJQSrKzQjWkjbzoJ2W\n9yLjxpp5XDYRwMFgXdht+LTXVmvr9NKYu+UeIeQlgrz57VD1C+GpoShYYHFUe1zB\nVNzbTBKFtrdIue/WAY06GufZogx9bM7M/PduGp2u7gFN3WHQT504Cri0gGknbpoA\nPIyV6sITQsMolgSRFFHs12ZUjTVTP/RlGZ9j9T/lJS2wHlQAW0jHnhTyzwFyTIb5\niu9m62TuuYdNUq9x87NdjPwXYRTUQ+0OzmfDLqnoaHTGMaVwH2+BLeuFbv/loPD/\nvLnbV+AwMfkNI4+2pyUAjLN5bCQS0gqikbMMK81CU98dasrzCyiectwP9UTTK3s3\nS2QWpd7ZRyfIt/F9I+CoNSWE4HdleeLl5wYQOr4CJ8eR795mxYhz4draE1yTGNs6\nHxF0haiCHt0WW2bF79kTa9utC6Dmgw+k8UD1/n6F9f8EaJX29pKVrJGMYwelrM5z\nWdIFenIdakv5fPvnJYcAAAADAQABAAACAHQvRwC4tbls4/NBbdYhEnzfR622DjJa\n9BCFW4a65UD5HHN+Tuy/9tymU7dGbOPrFBN3LGigChS0yGNrzkk3yRdDDxAi/IVC\nvUpSz77ivALLHd+yeOl8qh5dXOlWOoJI6RBKOc7J/asw0M+ZOZN/LzdOlWiyuGPt\nGK+wVMZ+xKPZrXo9UTwa4RX4Cx0ZPCqzU01Kyljg0aL9CfKe8MtPhs1pBhWC6zsT\ny38Tr03joCJIOJWQmpUgsTR/WGM08vilvVaMpmu1eUZ06zL4otDRw/F/sfgGs6pM\nSyr348LW+mgHMNkkQDdgmCROdEPuVkYGMpj15e1rc2zpNpXI8DeXYp1XnrSYXEvn\nMz4BAov9PUc20alvRF/ppYMcekFvN+I0AC01O7ZREhlzm43uNUr8c4ECzydd4PgF\nekBi95LCwYSLgYtGvSdlGvpng93WhG1kKUB/b/fsMdu1n7VoGgxHkOodrLvAqVNi\nyiTpHgR8TO7z93nSzLRK2nxenOfFZq0eWeAMv9fyfcEEd7zr+ncLp97RRIv1Qly0\nwn/sYhtrNExHXtLlNN/Vvf3WEHF/rbGvWO21UvIYlY3/LeONoogHIVkSAUgwjUxb\nvVomDMKZsPT99dqReQTWZSdr3rcR4hTBSVhqm5SIRxjwWpAyKvhgqChcbm+xCDCt\nv9z/vgsHwdTBAAABAHiR1FKJbz45oKD9iy93TwQr8+syznZIA/SgRqWSjZ5ISQ3U\nS9l1FFDIrcD+oZ4QATYi4XvIzJIFNkMiP73ykCkTo5LeONWJN+EKYkMMK5SzRSpf\npnHJeUEw+TUpDFjaAXNHMdrQzS6iIT+9T3MedLJQnhE+uUpoED9SkIuiv4mq5w5u\nM8LcuS6iXI+7oLwIBgnYT5sMLjoFVZdMy+k4VdXzUhuTd/UvYGG1EFm9IfSNeRWb\n9gw4sWR1g4ZwDco4aKRIAS5GkyC/vI1IETHJUpl1Y7UBwUVoCXik9AHqJZS73/hy\nLHZVmLVfyjSQhDhyZHcxhUExoQIkAE1HcPMj+SAAAAEBAPnIDSHqhm2Owa9g6Ri/\nO8HgiORZaKwzPOEHTeF7uAv2B3KBdUjcf6r7zKvwmu3jHuTcCQgWvCx33MakBudH\nzT3iSsIHQppc1iUAQ8GSkR7Re9VNU+ImJz2aLTL2SiX+v6woMS0VnqEAyeIKVEwr\nVZxcZ7uDTT0Pjr+GJNLqBI0JVQE5qxf1SN8R7z9vH4mJDG0omRh4kHlwWdkKHKdX\nc3uHwQszvIO7jJoFVQSmVNHu+c7uRaDditK/gCVsXvCMPUTUoyI5+GMqEkk9B/8c\nj2ivsZXPRCkrlmEn8fJBTWghKbR/SxHdds+uoxCz06U6seSdi8hoDIGToapKdRO4\n/ZkAAAEBANlhbc37iqQa0L36EdbnHxKQ8KEzmM/wbdqmzYc/FWJ3vGX5uT1IHzve\nAVFBAQj83rEWyfJvYDTwjz68euo4TY69Ek4VYXbiVs1YlFSJ+xF5aXAIr+yUGm1S\nQj29drPfDW8CF56mJcdRWhcMEYIAPguwrpuOIT6W0kZWp1UmCwib0CBScboyEyoj\nkMqyyIKQTOmxuqPTH6Rz7qf7DLgNDFuT5rXxm3KGKUUCoXboj+MoKlx3r4VGjRS3\nwapumw12A1qmrHCv5EoJxEY3G2U9gnJsR+0h0ff1W0oDPL5A888Rz3xvuoo00OpE\nymAMtjU0PGZK5MZUFTeWOp1wxb9p8B8AAAAAAQID\n-----END OPENSSH PRIVATE KEY-----\n",
            "private_key_pem": "-----BEGIN RSA PRIVATE KEY-----\nMIIJKAIBAAKCAgEA1BmjEeHeL6c3McFQEBRezEyXCjlNrEM/YDhy3Y+H8WJcG3We\n0ChqT+c+enBbHw/jPN06jsOieebvfHqMxYqOU4wCwtTR4QScSe8g9PqhMrzGQnZv\nRURIailTXY0w6/jkmOkNq4o6n+SWuNkS1K2OsXVol1j5Hbt2Q8eOEWy54QLj7p7Y\nODiSKU9yN4m/9sE0hDjfptuJQSrKzQjWkjbzoJ2W9yLjxpp5XDYRwMFgXdht+LTX\nVmvr9NKYu+UeIeQlgrz57VD1C+GpoShYYHFUe1zBVNzbTBKFtrdIue/WAY06GufZ\nogx9bM7M/PduGp2u7gFN3WHQT504Cri0gGknbpoAPIyV6sITQsMolgSRFFHs12ZU\njTVTP/RlGZ9j9T/lJS2wHlQAW0jHnhTyzwFyTIb5iu9m62TuuYdNUq9x87NdjPwX\nYRTUQ+0OzmfDLqnoaHTGMaVwH2+BLeuFbv/loPD/vLnbV+AwMfkNI4+2pyUAjLN5\nbCQS0gqikbMMK81CU98dasrzCyiectwP9UTTK3s3S2QWpd7ZRyfIt/F9I+CoNSWE\n4HdleeLl5wYQOr4CJ8eR795mxYhz4draE1yTGNs6HxF0haiCHt0WW2bF79kTa9ut\nC6Dmgw+k8UD1/n6F9f8EaJX29pKVrJGMYwelrM5zWdIFenIdakv5fPvnJYcCAwEA\nAQKCAgB0L0cAuLW5bOPzQW3WIRJ830ettg4yWvQQhVuGuuVA+Rxzfk7sv/bcplO3\nRmzj6xQTdyxooAoUtMhja85JN8kXQw8QIvyFQr1KUs++4rwCyx3fsnjpfKoeXVzp\nVjqCSOkQSjnOyf2rMNDPmTmTfy83TpVosrhj7RivsFTGfsSj2a16PVE8GuEV+Asd\nGTwqs1NNSspY4NGi/QnynvDLT4bNaQYVgus7E8t/E69N46AiSDiVkJqVILE0f1hj\nNPL4pb1WjKZrtXlGdOsy+KLQ0cPxf7H4BrOqTEsq9+PC1vpoBzDZJEA3YJgkTnRD\n7lZGBjKY9eXta3Ns6TaVyPA3l2KdV560mFxL5zM+AQKL/T1HNtGpb0Rf6aWDHHpB\nbzfiNAAtNTu2URIZc5uN7jVK/HOBAs8nXeD4BXpAYveSwsGEi4GLRr0nZRr6Z4Pd\n1oRtZClAf2/37DHbtZ+1aBoMR5DqHay7wKlTYsok6R4EfEzu8/d50sy0Stp8Xpzn\nxWatHlngDL/X8n3BBHe86/p3C6fe0USL9UJctMJ/7GIbazRMR17S5TTf1b391hBx\nf62xr1jttVLyGJWN/y3jjaKIByFZEgFIMI1MW71aJgzCmbD0/fXakXkE1mUna963\nEeIUwUlYapuUiEcY8FqQMir4YKgoXG5vsQgwrb/c/74LB8HUwQKCAQEA+cgNIeqG\nbY7Br2DpGL87weCI5FlorDM84QdN4Xu4C/YHcoF1SNx/qvvMq/Ca7eMe5NwJCBa8\nLHfcxqQG50fNPeJKwgdCmlzWJQBDwZKRHtF71U1T4iYnPZotMvZKJf6/rCgxLRWe\noQDJ4gpUTCtVnFxnu4NNPQ+Ov4Yk0uoEjQlVATmrF/VI3xHvP28fiYkMbSiZGHiQ\neXBZ2Qocp1dze4fBCzO8g7uMmgVVBKZU0e75zu5FoN2K0r+AJWxe8Iw9RNSjIjn4\nYyoSST0H/xyPaK+xlc9EKSuWYSfx8kFNaCEptH9LEd12z66jELPTpTqx5J2LyGgM\ngZOhqkp1E7j9mQKCAQEA2WFtzfuKpBrQvfoR1ucfEpDwoTOYz/Bt2qbNhz8VYne8\nZfm5PUgfO94BUUEBCPzesRbJ8m9gNPCPPrx66jhNjr0SThVhduJWzViUVIn7EXlp\ncAiv7JQabVJCPb12s98NbwIXnqYlx1FaFwwRggA+C7Cum44hPpbSRlanVSYLCJvQ\nIFJxujITKiOQyrLIgpBM6bG6o9MfpHPup/sMuA0MW5PmtfGbcoYpRQKhduiP4ygq\nXHevhUaNFLfBqm6bDXYDWqascK/kSgnERjcbZT2CcmxH7SHR9/VbSgM8vkDzzxHP\nfG+6ijTQ6kTKYAy2NTQ8ZkrkxlQVN5Y6nXDFv2nwHwKCAQB3AgrHww7jeiXsIndM\n9ChLmmh+q97EVPFHogxIR4MMJ9+qfeXcnjoxxCDjNxMKDrF0hyXCddqYMU++UP59\nCWfPeVb3FTB1jY/2NycRPnzoOxUOLvathFIj9qZcZp4zdinqo4eynF9lBJQrn5JE\nbE0w35II9GlDk3sG46n918PtUqnumIRdON/McKYWCiLzi5mhFLvEvgTP52jXkQrP\n7Em4bJjcdnz2ItC9vZahTYKSN5NMNZh1Kbjv6o/qxLSDVb4HYmyLbSVcUfo+bNa3\nhOsLDNLGtucZ2ouepMKREu4Hk+1j81ZYH7VxBBrrZVKMoeeKLkogZPq4bheTpEAd\n8oDZAoIBAQC/92UzmSZ3A2NB0Zt9b38mMy78/Ia/YvBwPguUmyX0Xg7W8zAdqRpE\nESqSqdgTKtQyCRDv8mFAfwvQ+DuHqY78NYX7xK/cf8bt8oKTIYLBjLmLAXDyeFva\nHOF4il9QOvMvC+b16H3GRdZMMhEn/7TLOA0KO/qpviEVkqKU9FKcGJU0Zfoe1ufL\nt7q+9iFSA8KYQaaz09bGsMaaO36g7ozyNmtwU1vWSBob4lXan0ep76dxHxS2mnYu\nTJRPQPvWaFhP7o6ruPjeVT+qTjH4NtiC2ZKvG8XDtj4W30L+NHfabj0QA871C+1O\nZM9fAPrLg0SvhQYBCvHts9IxhQxsnE47AoIBAHiR1FKJbz45oKD9iy93TwQr8+sy\nznZIA/SgRqWSjZ5ISQ3US9l1FFDIrcD+oZ4QATYi4XvIzJIFNkMiP73ykCkTo5Le\nONWJN+EKYkMMK5SzRSpfpnHJeUEw+TUpDFjaAXNHMdrQzS6iIT+9T3MedLJQnhE+\nuUpoED9SkIuiv4mq5w5uM8LcuS6iXI+7oLwIBgnYT5sMLjoFVZdMy+k4VdXzUhuT\nd/UvYGG1EFm9IfSNeRWb9gw4sWR1g4ZwDco4aKRIAS5GkyC/vI1IETHJUpl1Y7UB\nwUVoCXik9AHqJZS73/hyLHZVmLVfyjSQhDhyZHcxhUExoQIkAE1HcPMj+SA=\n-----END RSA PRIVATE KEY-----\n",
            "private_key_pem_pkcs8": "-----BEGIN PRIVATE KEY-----\nMIIJQgIBADANBgkqhkiG9w0BAQEFAASCCSwwggkoAgEAAoICAQDUGaMR4d4vpzcx\nwVAQFF7MTJcKOU2sQz9gOHLdj4fxYlwbdZ7QKGpP5z56cFsfD+M83TqOw6J55u98\neozFio5TjALC1NHhBJxJ7yD0+qEyvMZCdm9FREhqKVNdjTDr+OSY6Q2rijqf5Ja4\n2RLUrY6xdWiXWPkdu3ZDx44RbLnhAuPuntg4OJIpT3I3ib/2wTSEON+m24lBKsrN\nCNaSNvOgnZb3IuPGmnlcNhHAwWBd2G34tNdWa+v00pi75R4h5CWCvPntUPUL4amh\nKFhgcVR7XMFU3NtMEoW2t0i579YBjToa59miDH1szsz8924ana7uAU3dYdBPnTgK\nuLSAaSdumgA8jJXqwhNCwyiWBJEUUezXZlSNNVM/9GUZn2P1P+UlLbAeVABbSMee\nFPLPAXJMhvmK72brZO65h01Sr3Hzs12M/BdhFNRD7Q7OZ8MuqehodMYxpXAfb4Et\n64Vu/+Wg8P+8udtX4DAx+Q0jj7anJQCMs3lsJBLSCqKRswwrzUJT3x1qyvMLKJ5y\n3A/1RNMrezdLZBal3tlHJ8i38X0j4Kg1JYTgd2V54uXnBhA6vgInx5Hv3mbFiHPh\n2toTXJMY2zofEXSFqIIe3RZbZsXv2RNr260LoOaDD6TxQPX+foX1/wRolfb2kpWs\nkYxjB6WsznNZ0gV6ch1qS/l8++clhwIDAQABAoICAHQvRwC4tbls4/NBbdYhEnzf\nR622DjJa9BCFW4a65UD5HHN+Tuy/9tymU7dGbOPrFBN3LGigChS0yGNrzkk3yRdD\nDxAi/IVCvUpSz77ivALLHd+yeOl8qh5dXOlWOoJI6RBKOc7J/asw0M+ZOZN/LzdO\nlWiyuGPtGK+wVMZ+xKPZrXo9UTwa4RX4Cx0ZPCqzU01Kyljg0aL9CfKe8MtPhs1p\nBhWC6zsTy38Tr03joCJIOJWQmpUgsTR/WGM08vilvVaMpmu1eUZ06zL4otDRw/F/\nsfgGs6pMSyr348LW+mgHMNkkQDdgmCROdEPuVkYGMpj15e1rc2zpNpXI8DeXYp1X\nnrSYXEvnMz4BAov9PUc20alvRF/ppYMcekFvN+I0AC01O7ZREhlzm43uNUr8c4EC\nzydd4PgFekBi95LCwYSLgYtGvSdlGvpng93WhG1kKUB/b/fsMdu1n7VoGgxHkOod\nrLvAqVNiyiTpHgR8TO7z93nSzLRK2nxenOfFZq0eWeAMv9fyfcEEd7zr+ncLp97R\nRIv1Qly0wn/sYhtrNExHXtLlNN/Vvf3WEHF/rbGvWO21UvIYlY3/LeONoogHIVkS\nAUgwjUxbvVomDMKZsPT99dqReQTWZSdr3rcR4hTBSVhqm5SIRxjwWpAyKvhgqChc\nbm+xCDCtv9z/vgsHwdTBAoIBAQD5yA0h6oZtjsGvYOkYvzvB4IjkWWisMzzhB03h\ne7gL9gdygXVI3H+q+8yr8Jrt4x7k3AkIFrwsd9zGpAbnR8094krCB0KaXNYlAEPB\nkpEe0XvVTVPiJic9mi0y9kol/r+sKDEtFZ6hAMniClRMK1WcXGe7g009D46/hiTS\n6gSNCVUBOasX9UjfEe8/bx+JiQxtKJkYeJB5cFnZChynV3N7h8ELM7yDu4yaBVUE\nplTR7vnO7kWg3YrSv4AlbF7wjD1E1KMiOfhjKhJJPQf/HI9or7GVz0QpK5ZhJ/Hy\nQU1oISm0f0sR3XbPrqMQs9OlOrHknYvIaAyBk6GqSnUTuP2ZAoIBAQDZYW3N+4qk\nGtC9+hHW5x8SkPChM5jP8G3aps2HPxVid7xl+bk9SB873gFRQQEI/N6xFsnyb2A0\n8I8+vHrqOE2OvRJOFWF24lbNWJRUifsReWlwCK/slBptUkI9vXaz3w1vAheepiXH\nUVoXDBGCAD4LsK6bjiE+ltJGVqdVJgsIm9AgUnG6MhMqI5DKssiCkEzpsbqj0x+k\nc+6n+wy4DQxbk+a18ZtyhilFAqF26I/jKCpcd6+FRo0Ut8GqbpsNdgNapqxwr+RK\nCcRGNxtlPYJybEftIdH39VtKAzy+QPPPEc98b7qKNNDqRMpgDLY1NDxmSuTGVBU3\nljqdcMW/afAfAoIBAHcCCsfDDuN6Jewid0z0KEuaaH6r3sRU8UeiDEhHgwwn36p9\n5dyeOjHEIOM3EwoOsXSHJcJ12pgxT75Q/n0JZ895VvcVMHWNj/Y3JxE+fOg7FQ4u\n9q2EUiP2plxmnjN2Keqjh7KcX2UElCufkkRsTTDfkgj0aUOTewbjqf3Xw+1Sqe6Y\nhF0438xwphYKIvOLmaEUu8S+BM/naNeRCs/sSbhsmNx2fPYi0L29lqFNgpI3k0w1\nmHUpuO/qj+rEtINVvgdibIttJVxR+j5s1reE6wsM0sa25xnai56kwpES7geT7WPz\nVlgftXEEGutlUoyh54ouSiBk+rhuF5OkQB3ygNkCggEBAL/3ZTOZJncDY0HRm31v\nfyYzLvz8hr9i8HA+C5SbJfReDtbzMB2pGkQRKpKp2BMq1DIJEO/yYUB/C9D4O4ep\njvw1hfvEr9x/xu3ygpMhgsGMuYsBcPJ4W9oc4XiKX1A68y8L5vXofcZF1kwyESf/\ntMs4DQo7+qm+IRWSopT0UpwYlTRl+h7W58u3ur72IVIDwphBprPT1sawxpo7fqDu\njPI2a3BTW9ZIGhviVdqfR6nvp3EfFLaadi5MlE9A+9ZoWE/ujqu4+N5VP6pOMfg2\n2ILZkq8bxcO2PhbfQv40d9puPRADzvUL7U5kz18A+suDRK+FBgEK8e2z0jGFDGyc\nTjsCggEAeJHUUolvPjmgoP2LL3dPBCvz6zLOdkgD9KBGpZKNnkhJDdRL2XUUUMit\nwP6hnhABNiLhe8jMkgU2QyI/vfKQKROjkt441Yk34QpiQwwrlLNFKl+mccl5QTD5\nNSkMWNoBc0cx2tDNLqIhP71Pcx50slCeET65SmgQP1KQi6K/iarnDm4zwty5LqJc\nj7ugvAgGCdhPmwwuOgVVl0zL6ThV1fNSG5N39S9gYbUQWb0h9I15FZv2DDixZHWD\nhnANyjhopEgBLkaTIL+8jUgRMclSmXVjtQHBRWgJeKT0AeollLvf+HIsdlWYtV/K\nNJCEOHJkdzGFQTGhAiQATUdw8yP5IA==\n-----END PRIVATE KEY-----\n",
            "public_key_fingerprint_md5": "38:e0:6f:9d:0c:68:27:d0:1c:a3:9b:cd:f9:5e:09:8d",
            "public_key_fingerprint_sha256": "SHA256:/Q6ihgX4gyXKGyuv+aXww+ju+xEuQhG+9RSIHtmJe5I",
            "public_key_openssh": "ssh-rsa AAAAB3NzaC1yc2EAAAADAQABAAACAQDUGaMR4d4vpzcxwVAQFF7MTJcKOU2sQz9gOHLdj4fxYlwbdZ7QKGpP5z56cFsfD+M83TqOw6J55u98eozFio5TjALC1NHhBJxJ7yD0+qEyvMZCdm9FREhqKVNdjTDr+OSY6Q2rijqf5Ja42RLUrY6xdWiXWPkdu3ZDx44RbLnhAuPuntg4OJIpT3I3ib/2wTSEON+m24lBKsrNCNaSNvOgnZb3IuPGmnlcNhHAwWBd2G34tNdWa+v00pi75R4h5CWCvPntUPUL4amhKFhgcVR7XMFU3NtMEoW2t0i579YBjToa59miDH1szsz8924ana7uAU3dYdBPnTgKuLSAaSdumgA8jJXqwhNCwyiWBJEUUezXZlSNNVM/9GUZn2P1P+UlLbAeVABbSMeeFPLPAXJMhvmK72brZO65h01Sr3Hzs12M/BdhFNRD7Q7OZ8MuqehodMYxpXAfb4Et64Vu/+Wg8P+8udtX4DAx+Q0jj7anJQCMs3lsJBLSCqKRswwrzUJT3x1qyvMLKJ5y3A/1RNMrezdLZBal3tlHJ8i38X0j4Kg1JYTgd2V54uXnBhA6vgInx5Hv3mbFiHPh2toTXJMY2zofEXSFqIIe3RZbZsXv2RNr260LoOaDD6TxQPX+foX1/wRolfb2kpWskYxjB6WsznNZ0gV6ch1qS/l8++clhw==\n",
            "public_key_pem": "-----BEGIN PUBLIC KEY-----\nMIICIjANBgkqhkiG9w0BAQEFAAOCAg8AMIICCgKCAgEA1BmjEeHeL6c3McFQEBRe\nzEyXCjlNrEM/YDhy3Y+H8WJcG3We0ChqT+c+enBbHw/jPN06jsOieebvfHqMxYqO\nU4wCwtTR4QScSe8g9PqhMrzGQnZvRURIailTXY0w6/jkmOkNq4o6n+SWuNkS1K2O\nsXVol1j5Hbt2Q8eOEWy54QLj7p7YODiSKU9yN4m/9sE0hDjfptuJQSrKzQjWkjbz\noJ2W9yLjxpp5XDYRwMFgXdht+LTXVmvr9NKYu+UeIeQlgrz57VD1C+GpoShYYHFU\ne1zBVNzbTBKFtrdIue/WAY06GufZogx9bM7M/PduGp2u7gFN3WHQT504Cri0gGkn\nbpoAPIyV6sITQsMolgSRFFHs12ZUjTVTP/RlGZ9j9T/lJS2wHlQAW0jHnhTyzwFy\nTIb5iu9m62TuuYdNUq9x87NdjPwXYRTUQ+0OzmfDLqnoaHTGMaVwH2+BLeuFbv/l\noPD/vLnbV+AwMfkNI4+2pyUAjLN5bCQS0gqikbMMK81CU98dasrzCyiectwP9UTT\nK3s3S2QWpd7ZRyfIt/F9I+CoNSWE4HdleeLl5wYQOr4CJ8eR795mxYhz4draE1yT\nGNs6HxF0haiCHt0WW2bF79kTa9utC6Dmgw+k8UD1/n6F9f8EaJX29pKVrJGMYwel\nrM5zWdIFenIdakv5fPvnJYcCAwEAAQ==\n-----END PUBLIC KEY-----\n",
            "rsa_bits": 4096
          },
          "sensitive_attributes": []
        }
      ]
    },
    {
      "module": "module.api_gateway.module.vpc",
      "mode": "managed",
      "type": "aws_internet_gateway",
      "name": "zenskar_igw",
      "provider": "provider[\"registry.terraform.io/hashicorp/aws\"]",
      "instances": [
        {
          "schema_version": 0,
          "attributes": {
            "arn": "arn:aws:ec2:ap-south-1:107534347551:internet-gateway/igw-050e9a7e505dd6d0f",
            "id": "igw-050e9a7e505dd6d0f",
            "owner_id": "107534347551",
            "tags": {
              "Name": "zenskar-igw"
            },
            "tags_all": {
              "Name": "zenskar-igw"
            },
            "timeouts": null,
            "vpc_id": "vpc-0ae3f36ee7d94056a"
          },
          "sensitive_attributes": [],
          "private": "eyJlMmJmYjczMC1lY2FhLTExZTYtOGY4OC0zNDM2M2JjN2M0YzAiOnsiY3JlYXRlIjoxMjAwMDAwMDAwMDAwLCJkZWxldGUiOjEyMDAwMDAwMDAwMDAsInVwZGF0ZSI6MTIwMDAwMDAwMDAwMH19",
          "dependencies": [
            "module.api_gateway.module.vpc.aws_vpc.zenskar"
          ]
        }
      ]
    },
    {
      "module": "module.api_gateway.module.vpc",
      "mode": "managed",
      "type": "aws_subnet",
      "name": "private_subnet",
      "provider": "provider[\"registry.terraform.io/hashicorp/aws\"]",
      "instances": [
        {
          "index_key": 0,
          "schema_version": 1,
          "attributes": {
            "arn": "arn:aws:ec2:ap-south-1:107534347551:subnet/subnet-0850040e6c47c5f62",
            "assign_ipv6_address_on_creation": false,
            "availability_zone": "ap-south-1a",
            "availability_zone_id": "aps1-az1",
            "cidr_block": "172.34.4.0/24",
            "customer_owned_ipv4_pool": "",
            "enable_dns64": false,
            "enable_lni_at_device_index": 0,
            "enable_resource_name_dns_a_record_on_launch": false,
            "enable_resource_name_dns_aaaa_record_on_launch": false,
            "id": "subnet-0850040e6c47c5f62",
            "ipv6_cidr_block": "",
            "ipv6_cidr_block_association_id": "",
            "ipv6_native": false,
            "map_customer_owned_ip_on_launch": false,
            "map_public_ip_on_launch": false,
            "outpost_arn": "",
            "owner_id": "107534347551",
            "private_dns_hostname_type_on_launch": "ip-name",
            "tags": {
              "Name": "zenskar-private-subnet-1"
            },
            "tags_all": {
              "Name": "zenskar-private-subnet-1"
            },
            "timeouts": null,
            "vpc_id": "vpc-0ae3f36ee7d94056a"
          },
          "sensitive_attributes": [],
          "private": "eyJlMmJmYjczMC1lY2FhLTExZTYtOGY4OC0zNDM2M2JjN2M0YzAiOnsiY3JlYXRlIjo2MDAwMDAwMDAwMDAsImRlbGV0ZSI6MTIwMDAwMDAwMDAwMH0sInNjaGVtYV92ZXJzaW9uIjoiMSJ9",
          "dependencies": [
            "module.api_gateway.module.vpc.aws_vpc.zenskar"
          ]
        },
        {
          "index_key": 1,
          "schema_version": 1,
          "attributes": {
            "arn": "arn:aws:ec2:ap-south-1:107534347551:subnet/subnet-08c1f5c3ec5425201",
            "assign_ipv6_address_on_creation": false,
            "availability_zone": "ap-south-1b",
            "availability_zone_id": "aps1-az3",
            "cidr_block": "172.34.5.0/24",
            "customer_owned_ipv4_pool": "",
            "enable_dns64": false,
            "enable_lni_at_device_index": 0,
            "enable_resource_name_dns_a_record_on_launch": false,
            "enable_resource_name_dns_aaaa_record_on_launch": false,
            "id": "subnet-08c1f5c3ec5425201",
            "ipv6_cidr_block": "",
            "ipv6_cidr_block_association_id": "",
            "ipv6_native": false,
            "map_customer_owned_ip_on_launch": false,
            "map_public_ip_on_launch": false,
            "outpost_arn": "",
            "owner_id": "107534347551",
            "private_dns_hostname_type_on_launch": "ip-name",
            "tags": {
              "Name": "zenskar-private-subnet-2"
            },
            "tags_all": {
              "Name": "zenskar-private-subnet-2"
            },
            "timeouts": null,
            "vpc_id": "vpc-0ae3f36ee7d94056a"
          },
          "sensitive_attributes": [],
          "private": "eyJlMmJmYjczMC1lY2FhLTExZTYtOGY4OC0zNDM2M2JjN2M0YzAiOnsiY3JlYXRlIjo2MDAwMDAwMDAwMDAsImRlbGV0ZSI6MTIwMDAwMDAwMDAwMH0sInNjaGVtYV92ZXJzaW9uIjoiMSJ9",
          "dependencies": [
            "module.api_gateway.module.vpc.aws_vpc.zenskar"
          ]
        },
        {
          "index_key": 2,
          "schema_version": 1,
          "attributes": {
            "arn": "arn:aws:ec2:ap-south-1:107534347551:subnet/subnet-0667092658415b763",
            "assign_ipv6_address_on_creation": false,
            "availability_zone": "ap-south-1c",
            "availability_zone_id": "aps1-az2",
            "cidr_block": "172.34.6.0/24",
            "customer_owned_ipv4_pool": "",
            "enable_dns64": false,
            "enable_lni_at_device_index": 0,
            "enable_resource_name_dns_a_record_on_launch": false,
            "enable_resource_name_dns_aaaa_record_on_launch": false,
            "id": "subnet-0667092658415b763",
            "ipv6_cidr_block": "",
            "ipv6_cidr_block_association_id": "",
            "ipv6_native": false,
            "map_customer_owned_ip_on_launch": false,
            "map_public_ip_on_launch": false,
            "outpost_arn": "",
            "owner_id": "107534347551",
            "private_dns_hostname_type_on_launch": "ip-name",
            "tags": {
              "Name": "zenskar-private-subnet-3"
            },
            "tags_all": {
              "Name": "zenskar-private-subnet-3"
            },
            "timeouts": null,
            "vpc_id": "vpc-0ae3f36ee7d94056a"
          },
          "sensitive_attributes": [],
          "private": "eyJlMmJmYjczMC1lY2FhLTExZTYtOGY4OC0zNDM2M2JjN2M0YzAiOnsiY3JlYXRlIjo2MDAwMDAwMDAwMDAsImRlbGV0ZSI6MTIwMDAwMDAwMDAwMH0sInNjaGVtYV92ZXJzaW9uIjoiMSJ9",
          "dependencies": [
            "module.api_gateway.module.vpc.aws_vpc.zenskar"
          ]
        }
      ]
    },
    {
      "module": "module.api_gateway.module.vpc",
      "mode": "managed",
      "type": "aws_subnet",
      "name": "public_subnet",
      "provider": "provider[\"registry.terraform.io/hashicorp/aws\"]",
      "instances": [
        {
          "index_key": 0,
          "schema_version": 1,
          "attributes": {
            "arn": "arn:aws:ec2:ap-south-1:107534347551:subnet/subnet-020fa6eaea3fc1589",
            "assign_ipv6_address_on_creation": false,
            "availability_zone": "ap-south-1a",
            "availability_zone_id": "aps1-az1",
            "cidr_block": "172.34.1.0/24",
            "customer_owned_ipv4_pool": "",
            "enable_dns64": false,
            "enable_lni_at_device_index": 0,
            "enable_resource_name_dns_a_record_on_launch": false,
            "enable_resource_name_dns_aaaa_record_on_launch": false,
            "id": "subnet-020fa6eaea3fc1589",
            "ipv6_cidr_block": "",
            "ipv6_cidr_block_association_id": "",
            "ipv6_native": false,
            "map_customer_owned_ip_on_launch": false,
            "map_public_ip_on_launch": false,
            "outpost_arn": "",
            "owner_id": "107534347551",
            "private_dns_hostname_type_on_launch": "ip-name",
            "tags": {
              "Name": "zenskar-public-subnet-1"
            },
            "tags_all": {
              "Name": "zenskar-public-subnet-1"
            },
            "timeouts": null,
            "vpc_id": "vpc-0ae3f36ee7d94056a"
          },
          "sensitive_attributes": [],
          "private": "eyJlMmJmYjczMC1lY2FhLTExZTYtOGY4OC0zNDM2M2JjN2M0YzAiOnsiY3JlYXRlIjo2MDAwMDAwMDAwMDAsImRlbGV0ZSI6MTIwMDAwMDAwMDAwMH0sInNjaGVtYV92ZXJzaW9uIjoiMSJ9",
          "dependencies": [
            "module.api_gateway.module.vpc.aws_vpc.zenskar"
          ]
        },
        {
          "index_key": 1,
          "schema_version": 1,
          "attributes": {
            "arn": "arn:aws:ec2:ap-south-1:107534347551:subnet/subnet-0847ac59506a54a5e",
            "assign_ipv6_address_on_creation": false,
            "availability_zone": "ap-south-1b",
            "availability_zone_id": "aps1-az3",
            "cidr_block": "172.34.2.0/24",
            "customer_owned_ipv4_pool": "",
            "enable_dns64": false,
            "enable_lni_at_device_index": 0,
            "enable_resource_name_dns_a_record_on_launch": false,
            "enable_resource_name_dns_aaaa_record_on_launch": false,
            "id": "subnet-0847ac59506a54a5e",
            "ipv6_cidr_block": "",
            "ipv6_cidr_block_association_id": "",
            "ipv6_native": false,
            "map_customer_owned_ip_on_launch": false,
            "map_public_ip_on_launch": false,
            "outpost_arn": "",
            "owner_id": "107534347551",
            "private_dns_hostname_type_on_launch": "ip-name",
            "tags": {
              "Name": "zenskar-public-subnet-2"
            },
            "tags_all": {
              "Name": "zenskar-public-subnet-2"
            },
            "timeouts": null,
            "vpc_id": "vpc-0ae3f36ee7d94056a"
          },
          "sensitive_attributes": [],
          "private": "eyJlMmJmYjczMC1lY2FhLTExZTYtOGY4OC0zNDM2M2JjN2M0YzAiOnsiY3JlYXRlIjo2MDAwMDAwMDAwMDAsImRlbGV0ZSI6MTIwMDAwMDAwMDAwMH0sInNjaGVtYV92ZXJzaW9uIjoiMSJ9",
          "dependencies": [
            "module.api_gateway.module.vpc.aws_vpc.zenskar"
          ]
        },
        {
          "index_key": 2,
          "schema_version": 1,
          "attributes": {
            "arn": "arn:aws:ec2:ap-south-1:107534347551:subnet/subnet-0cf92bab0b989f834",
            "assign_ipv6_address_on_creation": false,
            "availability_zone": "ap-south-1c",
            "availability_zone_id": "aps1-az2",
            "cidr_block": "172.34.3.0/24",
            "customer_owned_ipv4_pool": "",
            "enable_dns64": false,
            "enable_lni_at_device_index": 0,
            "enable_resource_name_dns_a_record_on_launch": false,
            "enable_resource_name_dns_aaaa_record_on_launch": false,
            "id": "subnet-0cf92bab0b989f834",
            "ipv6_cidr_block": "",
            "ipv6_cidr_block_association_id": "",
            "ipv6_native": false,
            "map_customer_owned_ip_on_launch": false,
            "map_public_ip_on_launch": false,
            "outpost_arn": "",
            "owner_id": "107534347551",
            "private_dns_hostname_type_on_launch": "ip-name",
            "tags": {
              "Name": "zenskar-public-subnet-3"
            },
            "tags_all": {
              "Name": "zenskar-public-subnet-3"
            },
            "timeouts": null,
            "vpc_id": "vpc-0ae3f36ee7d94056a"
          },
          "sensitive_attributes": [],
          "private": "eyJlMmJmYjczMC1lY2FhLTExZTYtOGY4OC0zNDM2M2JjN2M0YzAiOnsiY3JlYXRlIjo2MDAwMDAwMDAwMDAsImRlbGV0ZSI6MTIwMDAwMDAwMDAwMH0sInNjaGVtYV92ZXJzaW9uIjoiMSJ9",
          "dependencies": [
            "module.api_gateway.module.vpc.aws_vpc.zenskar"
          ]
        }
      ]
    },
    {
      "module": "module.api_gateway.module.vpc",
      "mode": "managed",
      "type": "aws_vpc",
      "name": "zenskar",
      "provider": "provider[\"registry.terraform.io/hashicorp/aws\"]",
      "instances": [
        {
          "schema_version": 1,
          "attributes": {
            "arn": "arn:aws:ec2:ap-south-1:107534347551:vpc/vpc-0ae3f36ee7d94056a",
            "assign_generated_ipv6_cidr_block": false,
            "cidr_block": "172.34.0.0/16",
            "default_network_acl_id": "acl-077c1b001a5b201ca",
            "default_route_table_id": "rtb-0347fe91aeada8bc9",
            "default_security_group_id": "sg-05cebaa800975f3f3",
            "dhcp_options_id": "dopt-0b14c5fe946d33454",
            "enable_dns_hostnames": true,
            "enable_dns_support": true,
            "enable_network_address_usage_metrics": false,
            "id": "vpc-0ae3f36ee7d94056a",
            "instance_tenancy": "default",
            "ipv4_ipam_pool_id": null,
            "ipv4_netmask_length": null,
            "ipv6_association_id": "",
            "ipv6_cidr_block": "",
            "ipv6_cidr_block_network_border_group": "",
            "ipv6_ipam_pool_id": "",
            "ipv6_netmask_length": 0,
            "main_route_table_id": "rtb-0347fe91aeada8bc9",
            "owner_id": "107534347551",
            "tags": {
              "Name": "zenskar-vpc"
            },
            "tags_all": {
              "Name": "zenskar-vpc"
            }
          },
          "sensitive_attributes": [],
          "private": "eyJzY2hlbWFfdmVyc2lvbiI6IjEifQ=="
        }
      ]
    },
    {
      "module": "module.instances",
      "mode": "managed",
      "type": "aws_instance",
      "name": "bastion_host",
      "provider": "provider[\"registry.terraform.io/hashicorp/aws\"]",
      "instances": [
        {
          "schema_version": 1,
          "attributes": {
            "ami": "ami-03f4878755434977f",
            "arn": "arn:aws:ec2:ap-south-1:107534347551:instance/i-0268d05afcfe7ce85",
            "associate_public_ip_address": true,
            "availability_zone": "ap-south-1a",
            "capacity_reservation_specification": [
              {
                "capacity_reservation_preference": "open",
                "capacity_reservation_target": []
              }
            ],
            "cpu_core_count": 1,
            "cpu_options": [
              {
                "amd_sev_snp": "",
                "core_count": 1,
                "threads_per_core": 1
              }
            ],
            "cpu_threads_per_core": 1,
            "credit_specification": [
              {
                "cpu_credits": "standard"
              }
            ],
            "disable_api_stop": false,
            "disable_api_termination": false,
            "ebs_block_device": [],
            "ebs_optimized": false,
            "enclave_options": [
              {
                "enabled": false
              }
            ],
            "ephemeral_block_device": [],
            "get_password_data": false,
            "hibernation": false,
            "host_id": "",
            "host_resource_group_arn": null,
            "iam_instance_profile": "",
            "id": "i-0268d05afcfe7ce85",
            "instance_initiated_shutdown_behavior": "stop",
            "instance_lifecycle": "",
            "instance_market_options": [],
            "instance_state": "running",
            "instance_type": "t2.micro",
            "ipv6_address_count": 0,
            "ipv6_addresses": [],
            "key_name": "BastionSSHKey",
            "launch_template": [],
            "maintenance_options": [
              {
                "auto_recovery": "default"
              }
            ],
            "metadata_options": [
              {
                "http_endpoint": "enabled",
                "http_protocol_ipv6": "disabled",
                "http_put_response_hop_limit": 1,
                "http_tokens": "optional",
                "instance_metadata_tags": "disabled"
              }
            ],
            "monitoring": false,
            "network_interface": [],
            "outpost_arn": "",
            "password_data": "",
            "placement_group": "",
            "placement_partition_number": 0,
            "primary_network_interface_id": "eni-0f842f50420ba605e",
            "private_dns": "ip-172-34-1-138.ap-south-1.compute.internal",
            "private_dns_name_options": [
              {
                "enable_resource_name_dns_a_record": false,
                "enable_resource_name_dns_aaaa_record": false,
                "hostname_type": "ip-name"
              }
            ],
            "private_ip": "172.34.1.138",
            "public_dns": "ec2-13-201-135-245.ap-south-1.compute.amazonaws.com",
            "public_ip": "13.201.135.245",
            "root_block_device": [
              {
                "delete_on_termination": true,
                "device_name": "/dev/sda1",
                "encrypted": false,
                "iops": 100,
                "kms_key_id": "",
                "tags": {},
                "tags_all": {},
                "throughput": 0,
                "volume_id": "vol-06069a7b4975da0a5",
                "volume_size": 8,
                "volume_type": "gp2"
              }
            ],
            "secondary_private_ips": [],
            "security_groups": [],
            "source_dest_check": true,
            "spot_instance_request_id": "",
            "subnet_id": "subnet-0eaa4757782af0f62",
            "tags": {
              "Name": "bastion-host"
            },
            "tags_all": {
              "Name": "bastion-host"
            },
            "tenancy": "default",
            "timeouts": null,
            "user_data": null,
            "user_data_base64": null,
            "user_data_replace_on_change": false,
            "volume_tags": null,
            "vpc_security_group_ids": [
              "sg-03c9bf8e746a70827"
            ]
          },
          "sensitive_attributes": [],
          "private": "eyJlMmJmYjczMC1lY2FhLTExZTYtOGY4OC0zNDM2M2JjN2M0YzAiOnsiY3JlYXRlIjo2MDAwMDAwMDAwMDAsImRlbGV0ZSI6MTIwMDAwMDAwMDAwMCwicmVhZCI6OTAwMDAwMDAwMDAwLCJ1cGRhdGUiOjYwMDAwMDAwMDAwMH0sInNjaGVtYV92ZXJzaW9uIjoiMSJ9",
          "dependencies": [
            "module.security_groups.aws_security_group.public_sg",
            "module.vpc.aws_subnet.public_subnet",
            "module.vpc.aws_vpc.zenskar"
          ]
        }
      ]
    },
    {
      "module": "module.instances",
      "mode": "managed",
      "type": "aws_instance",
      "name": "private_instance_1",
      "provider": "provider[\"registry.terraform.io/hashicorp/aws\"]",
      "instances": [
        {
          "status": "tainted",
          "schema_version": 1,
          "attributes": {
            "ami": "ami-03f4878755434977f",
            "arn": "arn:aws:ec2:ap-south-1:107534347551:instance/i-0271f43b32936379f",
            "associate_public_ip_address": false,
            "availability_zone": "ap-south-1a",
            "capacity_reservation_specification": [
              {
                "capacity_reservation_preference": "open",
                "capacity_reservation_target": []
              }
            ],
            "cpu_core_count": 1,
            "cpu_options": [
              {
                "amd_sev_snp": "",
                "core_count": 1,
                "threads_per_core": 1
              }
            ],
            "cpu_threads_per_core": 1,
            "credit_specification": [
              {
                "cpu_credits": "standard"
              }
            ],
            "disable_api_stop": false,
            "disable_api_termination": false,
            "ebs_block_device": [],
            "ebs_optimized": false,
            "enclave_options": [
              {
                "enabled": false
              }
            ],
            "ephemeral_block_device": [],
            "get_password_data": false,
            "hibernation": false,
            "host_id": "",
            "host_resource_group_arn": null,
            "iam_instance_profile": "",
            "id": "i-0271f43b32936379f",
            "instance_initiated_shutdown_behavior": "stop",
            "instance_lifecycle": "",
            "instance_market_options": [],
            "instance_state": "running",
            "instance_type": "t2.micro",
            "ipv6_address_count": 0,
            "ipv6_addresses": [],
            "key_name": "PrivateInstanceSSHKey",
            "launch_template": [],
            "maintenance_options": [
              {
                "auto_recovery": "default"
              }
            ],
            "metadata_options": [
              {
                "http_endpoint": "enabled",
                "http_protocol_ipv6": "disabled",
                "http_put_response_hop_limit": 1,
                "http_tokens": "optional",
                "instance_metadata_tags": "disabled"
              }
            ],
            "monitoring": false,
            "network_interface": [],
            "outpost_arn": "",
            "password_data": "",
            "placement_group": "",
            "placement_partition_number": 0,
            "primary_network_interface_id": "eni-0d7f3445a38705af9",
            "private_dns": "ip-172-34-4-58.ap-south-1.compute.internal",
            "private_dns_name_options": [
              {
                "enable_resource_name_dns_a_record": false,
                "enable_resource_name_dns_aaaa_record": false,
                "hostname_type": "ip-name"
              }
            ],
            "private_ip": "172.34.4.58",
            "public_dns": "",
            "public_ip": "",
            "root_block_device": [
              {
                "delete_on_termination": true,
                "device_name": "/dev/sda1",
                "encrypted": false,
                "iops": 100,
                "kms_key_id": "",
                "tags": {},
                "tags_all": {},
                "throughput": 0,
                "volume_id": "vol-03326d207ddfebe82",
                "volume_size": 8,
                "volume_type": "gp2"
              }
            ],
            "secondary_private_ips": [],
            "security_groups": [],
            "source_dest_check": true,
            "spot_instance_request_id": "",
            "subnet_id": "subnet-00a28379a54070b67",
            "tags": {
              "Name": "private_instance_1"
            },
            "tags_all": {
              "Name": "private_instance_1"
            },
            "tenancy": "default",
            "timeouts": null,
            "user_data": null,
            "user_data_base64": null,
            "user_data_replace_on_change": false,
            "volume_tags": null,
            "vpc_security_group_ids": [
              "sg-004496a7844d38e88"
            ]
          },
          "sensitive_attributes": [],
          "private": "eyJlMmJmYjczMC1lY2FhLTExZTYtOGY4OC0zNDM2M2JjN2M0YzAiOnsiY3JlYXRlIjo2MDAwMDAwMDAwMDAsImRlbGV0ZSI6MTIwMDAwMDAwMDAwMCwicmVhZCI6OTAwMDAwMDAwMDAwLCJ1cGRhdGUiOjYwMDAwMDAwMDAwMH0sInNjaGVtYV92ZXJzaW9uIjoiMSJ9",
          "dependencies": [
            "module.security_groups.aws_security_group.private_sg",
            "module.vpc.aws_subnet.private_subnet",
            "module.vpc.aws_vpc.zenskar"
          ]
        }
      ]
    },
    {
      "module": "module.instances",
      "mode": "managed",
      "type": "aws_instance",
      "name": "private_instance_2",
      "provider": "provider[\"registry.terraform.io/hashicorp/aws\"]",
      "instances": [
        {
          "status": "tainted",
          "schema_version": 1,
          "attributes": {
            "ami": "ami-03f4878755434977f",
            "arn": "arn:aws:ec2:ap-south-1:107534347551:instance/i-0ee2e28c40cfbc4f1",
            "associate_public_ip_address": false,
            "availability_zone": "ap-south-1a",
            "capacity_reservation_specification": [
              {
                "capacity_reservation_preference": "open",
                "capacity_reservation_target": []
              }
            ],
            "cpu_core_count": 1,
            "cpu_options": [
              {
                "amd_sev_snp": "",
                "core_count": 1,
                "threads_per_core": 1
              }
            ],
            "cpu_threads_per_core": 1,
            "credit_specification": [
              {
                "cpu_credits": "standard"
              }
            ],
            "disable_api_stop": false,
            "disable_api_termination": false,
            "ebs_block_device": [],
            "ebs_optimized": false,
            "enclave_options": [
              {
                "enabled": false
              }
            ],
            "ephemeral_block_device": [],
            "get_password_data": false,
            "hibernation": false,
            "host_id": "",
            "host_resource_group_arn": null,
            "iam_instance_profile": "",
            "id": "i-0ee2e28c40cfbc4f1",
            "instance_initiated_shutdown_behavior": "stop",
            "instance_lifecycle": "",
            "instance_market_options": [],
            "instance_state": "running",
            "instance_type": "t2.micro",
            "ipv6_address_count": 0,
            "ipv6_addresses": [],
            "key_name": "PrivateInstanceSSHKey",
            "launch_template": [],
            "maintenance_options": [
              {
                "auto_recovery": "default"
              }
            ],
            "metadata_options": [
              {
                "http_endpoint": "enabled",
                "http_protocol_ipv6": "disabled",
                "http_put_response_hop_limit": 1,
                "http_tokens": "optional",
                "instance_metadata_tags": "disabled"
              }
            ],
            "monitoring": false,
            "network_interface": [],
            "outpost_arn": "",
            "password_data": "",
            "placement_group": "",
            "placement_partition_number": 0,
            "primary_network_interface_id": "eni-0c97f554c049cd336",
            "private_dns": "ip-172-34-4-192.ap-south-1.compute.internal",
            "private_dns_name_options": [
              {
                "enable_resource_name_dns_a_record": false,
                "enable_resource_name_dns_aaaa_record": false,
                "hostname_type": "ip-name"
              }
            ],
            "private_ip": "172.34.4.192",
            "public_dns": "",
            "public_ip": "",
            "root_block_device": [
              {
                "delete_on_termination": true,
                "device_name": "/dev/sda1",
                "encrypted": false,
                "iops": 100,
                "kms_key_id": "",
                "tags": {},
                "tags_all": {},
                "throughput": 0,
                "volume_id": "vol-0cbc4346b691d1b55",
                "volume_size": 8,
                "volume_type": "gp2"
              }
            ],
            "secondary_private_ips": [],
            "security_groups": [],
            "source_dest_check": true,
            "spot_instance_request_id": "",
            "subnet_id": "subnet-00a28379a54070b67",
            "tags": {
              "Name": "private_instance_2"
            },
            "tags_all": {
              "Name": "private_instance_2"
            },
            "tenancy": "default",
            "timeouts": null,
            "user_data": null,
            "user_data_base64": null,
            "user_data_replace_on_change": false,
            "volume_tags": null,
            "vpc_security_group_ids": [
              "sg-004496a7844d38e88"
            ]
          },
          "sensitive_attributes": [],
          "private": "eyJlMmJmYjczMC1lY2FhLTExZTYtOGY4OC0zNDM2M2JjN2M0YzAiOnsiY3JlYXRlIjo2MDAwMDAwMDAwMDAsImRlbGV0ZSI6MTIwMDAwMDAwMDAwMCwicmVhZCI6OTAwMDAwMDAwMDAwLCJ1cGRhdGUiOjYwMDAwMDAwMDAwMH0sInNjaGVtYV92ZXJzaW9uIjoiMSJ9",
          "dependencies": [
            "module.security_groups.aws_security_group.private_sg",
            "module.vpc.aws_subnet.private_subnet",
            "module.vpc.aws_vpc.zenskar"
          ]
        }
      ]
    },
    {
      "module": "module.load_balancer.module.instances",
      "mode": "managed",
      "type": "aws_instance",
      "name": "bastion_host",
      "provider": "provider[\"registry.terraform.io/hashicorp/aws\"]",
      "instances": [
        {
          "schema_version": 1,
          "attributes": {
            "ami": "ami-03f4878755434977f",
            "arn": "arn:aws:ec2:ap-south-1:107534347551:instance/i-03f65c05f3f7f6647",
            "associate_public_ip_address": true,
            "availability_zone": "ap-south-1a",
            "capacity_reservation_specification": [
              {
                "capacity_reservation_preference": "open",
                "capacity_reservation_target": []
              }
            ],
            "cpu_core_count": 1,
            "cpu_options": [
              {
                "amd_sev_snp": "",
                "core_count": 1,
                "threads_per_core": 1
              }
            ],
            "cpu_threads_per_core": 1,
            "credit_specification": [
              {
                "cpu_credits": "standard"
              }
            ],
            "disable_api_stop": false,
            "disable_api_termination": false,
            "ebs_block_device": [],
            "ebs_optimized": false,
            "enclave_options": [
              {
                "enabled": false
              }
            ],
            "ephemeral_block_device": [],
            "get_password_data": false,
            "hibernation": false,
            "host_id": "",
            "host_resource_group_arn": null,
            "iam_instance_profile": "",
            "id": "i-03f65c05f3f7f6647",
            "instance_initiated_shutdown_behavior": "stop",
            "instance_lifecycle": "",
            "instance_market_options": [],
            "instance_state": "running",
            "instance_type": "t2.micro",
            "ipv6_address_count": 0,
            "ipv6_addresses": [],
            "key_name": "BastionSSHKey",
            "launch_template": [],
            "maintenance_options": [
              {
                "auto_recovery": "default"
              }
            ],
            "metadata_options": [
              {
                "http_endpoint": "enabled",
                "http_protocol_ipv6": "disabled",
                "http_put_response_hop_limit": 1,
                "http_tokens": "optional",
                "instance_metadata_tags": "disabled"
              }
            ],
            "monitoring": false,
            "network_interface": [],
            "outpost_arn": "",
            "password_data": "",
            "placement_group": "",
            "placement_partition_number": 0,
            "primary_network_interface_id": "eni-0fa6c43936595650f",
            "private_dns": "ip-172-34-1-28.ap-south-1.compute.internal",
            "private_dns_name_options": [
              {
                "enable_resource_name_dns_a_record": false,
                "enable_resource_name_dns_aaaa_record": false,
                "hostname_type": "ip-name"
              }
            ],
            "private_ip": "172.34.1.28",
            "public_dns": "ec2-13-201-115-106.ap-south-1.compute.amazonaws.com",
            "public_ip": "13.201.115.106",
            "root_block_device": [
              {
                "delete_on_termination": true,
                "device_name": "/dev/sda1",
                "encrypted": false,
                "iops": 100,
                "kms_key_id": "",
                "tags": {},
                "tags_all": {},
                "throughput": 0,
                "volume_id": "vol-0abb1d2cb0911c8e2",
                "volume_size": 8,
                "volume_type": "gp2"
              }
            ],
            "secondary_private_ips": [],
            "security_groups": [],
            "source_dest_check": true,
            "spot_instance_request_id": "",
            "subnet_id": "subnet-038f58d527ea8138d",
            "tags": {
              "Name": "bastion-host"
            },
            "tags_all": {
              "Name": "bastion-host"
            },
            "tenancy": "default",
            "timeouts": null,
            "user_data": null,
            "user_data_base64": null,
            "user_data_replace_on_change": false,
            "volume_tags": null,
            "vpc_security_group_ids": [
              "sg-0c959109527a15849"
            ]
          },
          "sensitive_attributes": [],
          "private": "eyJlMmJmYjczMC1lY2FhLTExZTYtOGY4OC0zNDM2M2JjN2M0YzAiOnsiY3JlYXRlIjo2MDAwMDAwMDAwMDAsImRlbGV0ZSI6MTIwMDAwMDAwMDAwMCwicmVhZCI6OTAwMDAwMDAwMDAwLCJ1cGRhdGUiOjYwMDAwMDAwMDAwMH0sInNjaGVtYV92ZXJzaW9uIjoiMSJ9",
          "dependencies": [
            "module.load_balancer.module.security_groups.aws_security_group.public_sg",
            "module.load_balancer.module.vpc.aws_subnet.public_subnet",
            "module.load_balancer.module.vpc.aws_vpc.zenskar"
          ]
        }
      ]
    },
    {
      "module": "module.load_balancer.module.instances",
      "mode": "managed",
      "type": "aws_instance",
      "name": "private_instance_1",
      "provider": "provider[\"registry.terraform.io/hashicorp/aws\"]",
      "instances": [
        {
          "status": "tainted",
          "schema_version": 1,
          "attributes": {
            "ami": "ami-03f4878755434977f",
            "arn": "arn:aws:ec2:ap-south-1:107534347551:instance/i-021eff827e501949e",
            "associate_public_ip_address": false,
            "availability_zone": "ap-south-1a",
            "capacity_reservation_specification": [
              {
                "capacity_reservation_preference": "open",
                "capacity_reservation_target": []
              }
            ],
            "cpu_core_count": 1,
            "cpu_options": [
              {
                "amd_sev_snp": "",
                "core_count": 1,
                "threads_per_core": 1
              }
            ],
            "cpu_threads_per_core": 1,
            "credit_specification": [
              {
                "cpu_credits": "standard"
              }
            ],
            "disable_api_stop": false,
            "disable_api_termination": false,
            "ebs_block_device": [],
            "ebs_optimized": false,
            "enclave_options": [
              {
                "enabled": false
              }
            ],
            "ephemeral_block_device": [],
            "get_password_data": false,
            "hibernation": false,
            "host_id": "",
            "host_resource_group_arn": null,
            "iam_instance_profile": "",
            "id": "i-021eff827e501949e",
            "instance_initiated_shutdown_behavior": "stop",
            "instance_lifecycle": "",
            "instance_market_options": [],
            "instance_state": "running",
            "instance_type": "t2.micro",
            "ipv6_address_count": 0,
            "ipv6_addresses": [],
            "key_name": "PrivateInstanceSSHKey",
            "launch_template": [],
            "maintenance_options": [
              {
                "auto_recovery": "default"
              }
            ],
            "metadata_options": [
              {
                "http_endpoint": "enabled",
                "http_protocol_ipv6": "disabled",
                "http_put_response_hop_limit": 1,
                "http_tokens": "optional",
                "instance_metadata_tags": "disabled"
              }
            ],
            "monitoring": false,
            "network_interface": [],
            "outpost_arn": "",
            "password_data": "",
            "placement_group": "",
            "placement_partition_number": 0,
            "primary_network_interface_id": "eni-030a32265c75dd032",
            "private_dns": "ip-172-34-4-70.ap-south-1.compute.internal",
            "private_dns_name_options": [
              {
                "enable_resource_name_dns_a_record": false,
                "enable_resource_name_dns_aaaa_record": false,
                "hostname_type": "ip-name"
              }
            ],
            "private_ip": "172.34.4.70",
            "public_dns": "",
            "public_ip": "",
            "root_block_device": [
              {
                "delete_on_termination": true,
                "device_name": "/dev/sda1",
                "encrypted": false,
                "iops": 100,
                "kms_key_id": "",
                "tags": {},
                "tags_all": {},
                "throughput": 0,
                "volume_id": "vol-00203d6b0f8b8c07e",
                "volume_size": 8,
                "volume_type": "gp2"
              }
            ],
            "secondary_private_ips": [],
            "security_groups": [],
            "source_dest_check": true,
            "spot_instance_request_id": "",
            "subnet_id": "subnet-0cb8cb4552e3eb675",
            "tags": {
              "Name": "private_instance_1"
            },
            "tags_all": {
              "Name": "private_instance_1"
            },
            "tenancy": "default",
            "timeouts": null,
            "user_data": null,
            "user_data_base64": null,
            "user_data_replace_on_change": false,
            "volume_tags": null,
            "vpc_security_group_ids": [
              "sg-0a33a3e84f689b716"
            ]
          },
          "sensitive_attributes": [],
          "private": "eyJlMmJmYjczMC1lY2FhLTExZTYtOGY4OC0zNDM2M2JjN2M0YzAiOnsiY3JlYXRlIjo2MDAwMDAwMDAwMDAsImRlbGV0ZSI6MTIwMDAwMDAwMDAwMCwicmVhZCI6OTAwMDAwMDAwMDAwLCJ1cGRhdGUiOjYwMDAwMDAwMDAwMH0sInNjaGVtYV92ZXJzaW9uIjoiMSJ9",
          "dependencies": [
            "module.load_balancer.module.security_groups.aws_security_group.private_sg",
            "module.load_balancer.module.vpc.aws_subnet.private_subnet",
            "module.load_balancer.module.vpc.aws_vpc.zenskar"
          ]
        }
      ]
    },
    {
      "module": "module.load_balancer.module.instances",
      "mode": "managed",
      "type": "aws_instance",
      "name": "private_instance_2",
      "provider": "provider[\"registry.terraform.io/hashicorp/aws\"]",
      "instances": [
        {
          "status": "tainted",
          "schema_version": 1,
          "attributes": {
            "ami": "ami-03f4878755434977f",
            "arn": "arn:aws:ec2:ap-south-1:107534347551:instance/i-0ccc799a2ff777264",
            "associate_public_ip_address": false,
            "availability_zone": "ap-south-1a",
            "capacity_reservation_specification": [
              {
                "capacity_reservation_preference": "open",
                "capacity_reservation_target": []
              }
            ],
            "cpu_core_count": 1,
            "cpu_options": [
              {
                "amd_sev_snp": "",
                "core_count": 1,
                "threads_per_core": 1
              }
            ],
            "cpu_threads_per_core": 1,
            "credit_specification": [
              {
                "cpu_credits": "standard"
              }
            ],
            "disable_api_stop": false,
            "disable_api_termination": false,
            "ebs_block_device": [],
            "ebs_optimized": false,
            "enclave_options": [
              {
                "enabled": false
              }
            ],
            "ephemeral_block_device": [],
            "get_password_data": false,
            "hibernation": false,
            "host_id": "",
            "host_resource_group_arn": null,
            "iam_instance_profile": "",
            "id": "i-0ccc799a2ff777264",
            "instance_initiated_shutdown_behavior": "stop",
            "instance_lifecycle": "",
            "instance_market_options": [],
            "instance_state": "running",
            "instance_type": "t2.micro",
            "ipv6_address_count": 0,
            "ipv6_addresses": [],
            "key_name": "PrivateInstanceSSHKey",
            "launch_template": [],
            "maintenance_options": [
              {
                "auto_recovery": "default"
              }
            ],
            "metadata_options": [
              {
                "http_endpoint": "enabled",
                "http_protocol_ipv6": "disabled",
                "http_put_response_hop_limit": 1,
                "http_tokens": "optional",
                "instance_metadata_tags": "disabled"
              }
            ],
            "monitoring": false,
            "network_interface": [],
            "outpost_arn": "",
            "password_data": "",
            "placement_group": "",
            "placement_partition_number": 0,
            "primary_network_interface_id": "eni-06bc8c4b5e850c2e9",
            "private_dns": "ip-172-34-4-68.ap-south-1.compute.internal",
            "private_dns_name_options": [
              {
                "enable_resource_name_dns_a_record": false,
                "enable_resource_name_dns_aaaa_record": false,
                "hostname_type": "ip-name"
              }
            ],
            "private_ip": "172.34.4.68",
            "public_dns": "",
            "public_ip": "",
            "root_block_device": [
              {
                "delete_on_termination": true,
                "device_name": "/dev/sda1",
                "encrypted": false,
                "iops": 100,
                "kms_key_id": "",
                "tags": {},
                "tags_all": {},
                "throughput": 0,
                "volume_id": "vol-0a0c2062f2ea81ecc",
                "volume_size": 8,
                "volume_type": "gp2"
              }
            ],
            "secondary_private_ips": [],
            "security_groups": [],
            "source_dest_check": true,
            "spot_instance_request_id": "",
            "subnet_id": "subnet-0cb8cb4552e3eb675",
            "tags": {
              "Name": "private_instance_2"
            },
            "tags_all": {
              "Name": "private_instance_2"
            },
            "tenancy": "default",
            "timeouts": null,
            "user_data": null,
            "user_data_base64": null,
            "user_data_replace_on_change": false,
            "volume_tags": null,
            "vpc_security_group_ids": [
              "sg-0a33a3e84f689b716"
            ]
          },
          "sensitive_attributes": [],
          "private": "eyJlMmJmYjczMC1lY2FhLTExZTYtOGY4OC0zNDM2M2JjN2M0YzAiOnsiY3JlYXRlIjo2MDAwMDAwMDAwMDAsImRlbGV0ZSI6MTIwMDAwMDAwMDAwMCwicmVhZCI6OTAwMDAwMDAwMDAwLCJ1cGRhdGUiOjYwMDAwMDAwMDAwMH0sInNjaGVtYV92ZXJzaW9uIjoiMSJ9",
          "dependencies": [
            "module.load_balancer.module.security_groups.aws_security_group.private_sg",
            "module.load_balancer.module.vpc.aws_subnet.private_subnet",
            "module.load_balancer.module.vpc.aws_vpc.zenskar"
          ]
        }
      ]
    },
    {
      "module": "module.load_balancer.module.security_groups",
      "mode": "managed",
      "type": "aws_security_group",
      "name": "private_sg",
      "provider": "provider[\"registry.terraform.io/hashicorp/aws\"]",
      "instances": [
        {
          "schema_version": 1,
          "attributes": {
            "arn": "arn:aws:ec2:ap-south-1:107534347551:security-group/sg-0a33a3e84f689b716",
            "description": "Security group for private instances",
            "egress": [
              {
                "cidr_blocks": [
                  "0.0.0.0/0"
                ],
                "description": "",
                "from_port": 0,
                "ipv6_cidr_blocks": [],
                "prefix_list_ids": [],
                "protocol": "-1",
                "security_groups": [],
                "self": false,
                "to_port": 0
              }
            ],
            "id": "sg-0a33a3e84f689b716",
            "ingress": [
              {
                "cidr_blocks": [
                  "0.0.0.0/0"
                ],
                "description": "",
                "from_port": 22,
                "ipv6_cidr_blocks": [],
                "prefix_list_ids": [],
                "protocol": "tcp",
                "security_groups": [],
                "self": false,
                "to_port": 22
              },
              {
                "cidr_blocks": [
                  "0.0.0.0/0"
                ],
                "description": "",
                "from_port": 80,
                "ipv6_cidr_blocks": [],
                "prefix_list_ids": [],
                "protocol": "tcp",
                "security_groups": [],
                "self": false,
                "to_port": 80
              }
            ],
            "name": "private_sg",
            "name_prefix": "",
            "owner_id": "107534347551",
            "revoke_rules_on_delete": false,
            "tags": null,
            "tags_all": {},
            "timeouts": null,
            "vpc_id": "vpc-0c02f2c3792039776"
          },
          "sensitive_attributes": [],
          "private": "eyJlMmJmYjczMC1lY2FhLTExZTYtOGY4OC0zNDM2M2JjN2M0YzAiOnsiY3JlYXRlIjo2MDAwMDAwMDAwMDAsImRlbGV0ZSI6OTAwMDAwMDAwMDAwfSwic2NoZW1hX3ZlcnNpb24iOiIxIn0=",
          "dependencies": [
            "module.load_balancer.module.vpc.aws_vpc.zenskar"
          ]
        }
      ]
    },
    {
      "module": "module.load_balancer.module.security_groups",
      "mode": "managed",
      "type": "aws_security_group",
      "name": "public_sg",
      "provider": "provider[\"registry.terraform.io/hashicorp/aws\"]",
      "instances": [
        {
          "schema_version": 1,
          "attributes": {
            "arn": "arn:aws:ec2:ap-south-1:107534347551:security-group/sg-0c959109527a15849",
            "description": "Security group for public instances",
            "egress": [
              {
                "cidr_blocks": [
                  "0.0.0.0/0"
                ],
                "description": "",
                "from_port": 0,
                "ipv6_cidr_blocks": [],
                "prefix_list_ids": [],
                "protocol": "-1",
                "security_groups": [],
                "self": false,
                "to_port": 0
              }
            ],
            "id": "sg-0c959109527a15849",
            "ingress": [
              {
                "cidr_blocks": [
                  "0.0.0.0/0"
                ],
                "description": "",
                "from_port": 22,
                "ipv6_cidr_blocks": [],
                "prefix_list_ids": [],
                "protocol": "tcp",
                "security_groups": [],
                "self": false,
                "to_port": 22
              },
              {
                "cidr_blocks": [
                  "0.0.0.0/0"
                ],
                "description": "",
                "from_port": 80,
                "ipv6_cidr_blocks": [],
                "prefix_list_ids": [],
                "protocol": "tcp",
                "security_groups": [],
                "self": false,
                "to_port": 80
              }
            ],
            "name": "public_sg",
            "name_prefix": "",
            "owner_id": "107534347551",
            "revoke_rules_on_delete": false,
            "tags": null,
            "tags_all": {},
            "timeouts": null,
            "vpc_id": "vpc-0c02f2c3792039776"
          },
          "sensitive_attributes": [],
          "private": "eyJlMmJmYjczMC1lY2FhLTExZTYtOGY4OC0zNDM2M2JjN2M0YzAiOnsiY3JlYXRlIjo2MDAwMDAwMDAwMDAsImRlbGV0ZSI6OTAwMDAwMDAwMDAwfSwic2NoZW1hX3ZlcnNpb24iOiIxIn0=",
          "dependencies": [
            "module.load_balancer.module.vpc.aws_vpc.zenskar"
          ]
        }
      ]
    },
    {
      "module": "module.load_balancer.module.ssh_keypair",
      "mode": "managed",
      "type": "aws_key_pair",
      "name": "bastion_key_pair",
      "provider": "provider[\"registry.terraform.io/hashicorp/aws\"]",
      "instances": [
        {
          "schema_version": 1,
          "attributes": {
            "arn": "arn:aws:ec2:ap-south-1:107534347551:key-pair/BastionSSHKey",
            "fingerprint": "17:5a:2e:9d:46:1f:46:22:56:0f:17:fe:d6:3f:44:21",
            "id": "BastionSSHKey",
            "key_name": "BastionSSHKey",
            "key_name_prefix": "",
            "key_pair_id": "key-0ee384e9ba1b4203a",
            "key_type": "rsa",
            "public_key": "ssh-rsa AAAAB3NzaC1yc2EAAAADAQABAAACAQC7soVNuI0BkF3jjolQ8/wQvtrLhF/2/RW0Vc5AjT0LS0YFkl9wskKc7gjYOp9YMIWNBKWq103Z06im2jtCTxqgvn0FF6aCELCdrqFauMpPpkeh6PEz4JItStrWeo5LidbPCgEN11BczvWDecg6E9Kl3UWy49IGjkdItchciJ2i+e5RVA32TTiQn0RACt1/yWupF9XA7TTc7WnmUKmy+XMpNHFiyEkokZc/mFdVzeeRogFmLiSLJJcEf4/dVILFk7gwxztX3Vt4Wd9obC8MckBxnyRVGjFdP7B17YNJxeVtWpWhpZw7xh+OjhsThYp5N+wRH2D11T6mBLOy7yZXqhk+cVSxVPD+FanN9SXZasLDZg8TVf/ggEYlvsvko9tIOBBWEgXmKx1Cu88e2+t+kqEnn0C1DR2hfwvEyJSiw6zxE8eILE9BYa4rsM4RxIcwHaCVEi6JHqsyonZgT2iSqhQ1gFGE3VZf9u4uZBAdRK4At7sICaZtr3LUUCjbIEP8evSPLsxXMJutqbPKKKfTOtD9N5lns9gg1mVzyuJ7DpiqI4uxwl7C603T6Va5wqcfv6LvKILO1zn8XPGBb/ZJVDTO5ay7MOB+0ZR8lSMsdMOeii9XY9VKfCKHjv3pUzxGFh1BdNT+iQyNVj4J1zkey1KOsgcxjJRDIYsHpFtiIDUflQ==",
            "tags": null,
            "tags_all": {}
          },
          "sensitive_attributes": [],
          "private": "eyJzY2hlbWFfdmVyc2lvbiI6IjEifQ==",
          "dependencies": [
            "module.load_balancer.module.ssh_keypair.tls_private_key.bastion_ssh_keypair"
          ]
        }
      ]
    },
    {
      "module": "module.load_balancer.module.ssh_keypair",
      "mode": "managed",
      "type": "tls_private_key",
      "name": "bastion_ssh_keypair",
      "provider": "provider[\"registry.terraform.io/hashicorp/tls\"]",
      "instances": [
        {
          "schema_version": 1,
          "attributes": {
            "algorithm": "RSA",
            "ecdsa_curve": "P224",
            "id": "3fc9f59aee1d9bae53b86bb52c029e8516dbef72",
            "private_key_openssh": "-----BEGIN OPENSSH PRIVATE KEY-----\nb3BlbnNzaC1rZXktdjEAAAAABG5vbmUAAAAEbm9uZQAAAAAAAAABAAACFwAAAAdz\nc2gtcnNhAAAAAwEAAQAAAgEAu7KFTbiNAZBd446JUPP8EL7ay4Rf9v0VtFXOQI09\nC0tGBZJfcLJCnO4I2DqfWDCFjQSlqtdN2dOopto7Qk8aoL59BRemghCwna6hWrjK\nT6ZHoejxM+CSLUra1nqOS4nWzwoBDddQXM71g3nIOhPSpd1FsuPSBo5HSLXIXIid\novnuUVQN9k04kJ9EQArdf8lrqRfVwO003O1p5lCpsvlzKTRxYshJKJGXP5hXVc3n\nkaIBZi4kiySXBH+P3VSCxZO4MMc7V91beFnfaGwvDHJAcZ8kVRoxXT+wde2DScXl\nbVqVoaWcO8Yfjo4bE4WKeTfsER9g9dU+pgSzsu8mV6oZPnFUsVTw/hWpzfUl2WrC\nw2YPE1X/4IBGJb7L5KPbSDgQVhIF5isdQrvPHtvrfpKhJ59AtQ0doX8LxMiUosOs\n8RPHiCxPQWGuK7DOEcSHMB2glRIuiR6rMqJ2YE9okqoUNYBRhN1WX/buLmQQHUSu\nALe7CAmmba9y1FAo2yBD/Hr0jy7MVzCbramzyiin0zrQ/TeZZ7PYINZlc8riew6Y\nqiOLscJewutN0+lWucKnH7+i7yiCztc5/FzxgW/2SVQ0zuWsuzDgftGUfJUjLHTD\nnoovV2PVSnwih4796VM8RhYdQXTU/okMjVY+Cdc5HstSjrIHMYyUQyGLB6RbYiA1\nH5UAAAc4HzVu5x81bucAAAAHc3NoLXJzYQAAAgEAu7KFTbiNAZBd446JUPP8EL7a\ny4Rf9v0VtFXOQI09C0tGBZJfcLJCnO4I2DqfWDCFjQSlqtdN2dOopto7Qk8aoL59\nBRemghCwna6hWrjKT6ZHoejxM+CSLUra1nqOS4nWzwoBDddQXM71g3nIOhPSpd1F\nsuPSBo5HSLXIXIidovnuUVQN9k04kJ9EQArdf8lrqRfVwO003O1p5lCpsvlzKTRx\nYshJKJGXP5hXVc3nkaIBZi4kiySXBH+P3VSCxZO4MMc7V91beFnfaGwvDHJAcZ8k\nVRoxXT+wde2DScXlbVqVoaWcO8Yfjo4bE4WKeTfsER9g9dU+pgSzsu8mV6oZPnFU\nsVTw/hWpzfUl2WrCw2YPE1X/4IBGJb7L5KPbSDgQVhIF5isdQrvPHtvrfpKhJ59A\ntQ0doX8LxMiUosOs8RPHiCxPQWGuK7DOEcSHMB2glRIuiR6rMqJ2YE9okqoUNYBR\nhN1WX/buLmQQHUSuALe7CAmmba9y1FAo2yBD/Hr0jy7MVzCbramzyiin0zrQ/TeZ\nZ7PYINZlc8riew6YqiOLscJewutN0+lWucKnH7+i7yiCztc5/FzxgW/2SVQ0zuWs\nuzDgftGUfJUjLHTDnoovV2PVSnwih4796VM8RhYdQXTU/okMjVY+Cdc5HstSjrIH\nMYyUQyGLB6RbYiA1H5UAAAADAQABAAACAQC6mnIC4d511pQxPqzv6ZEJCOW2/cT2\nZYilf8UM0h4FU3Gq6mmuPdsR72ilqCpw39R2bU9S+LhyPgZm04Gkm8ZKVvcuD+Q/\nXN5p9Yp/CkZAR3zh0Be0zqglFU1ZfABpwwDnVvfTTeOcUTku2+0fKEP9GG5Juks8\nr0jZVbh7nmqx865l9p3m58C7r0uILAUoHRTGyGZ/ZpRurC3jhwAfafZ+2Z98aMiq\n54up8weoy4tUcu7XKjq0hs0I8NUTYwib6w9slzY9VVmx3g/I3f0sb434KBJT9TVs\nknwZ0eb7eh5syGkIiwA3QPJwpIDwuIwBlYJBR6P642VkYjpRQ4coEnkCsSkSc85j\nHTdQlIGE5oYQPuwkWDQDvoUDS9+j2jjO9EaJRE8YIFJbd6D8oxR/tyIG2J3xgspy\nQRQaP4vnAWkot/5/zbj51XQLh/n61uNdiLIZy0gjyBK8cHDVNZxLYONXR0U/kADV\nzZ9C64uB/pZCZbF3zqtfX6N4zMFFEiwc7ZpSQt5zKe9wpL0g42kBudjYrJkpV6sr\n5f23opy3QMr9GOMc+CoOa1mtn3+fkPbqg7VEpoznll+FuJE2WorfXzH5Fr7OfgDv\nM8017rkamoL3NQKTDPWYbVnFQcyTNQiQnog59n3kgnuyakt2JQeXp85TPMqwt3B3\npbPhycVqAVEoxQAAAQBZ4S2+1J6+UvqzRRAjpO/tiiyULRwJgP5KKfa4qVy6cMrK\nGYSh6UzNStlWA51gG6eQz06kbYMJLTM+I0ysnpX5erra+Pgp3TdLhoPeVNxAL4T6\n2HC4F3tVfQg/L2yyXxUBE+3ZUazuFie3fTZjVO5RYWyD/xZaufzdKNIXoe1M6vJM\ne0Mb+Lg1hwnUs5dvVk+J87y5ELoX9jFtLsMpYAKRY6noavPwvq4uXpvLeFab8mba\n5vl1kfbZOD4MBhSRxBtns9xk32g5jxAQSf7I7qzUD6841eivHtJQcgFGGggl0ZK8\nqyGZgyygnvN3A6rv/0I6tcurp4zxqfAHDb59xx5GAAABAQDtRXv1+TIIVbD0P+Uv\nwdXnJW1Otn6qBIU+vrgfvo/WWilmtlnBNV7XXtU+vn6vtOTTvDmqNzFMR8QJr3HU\nqfgcvqx6KR5zQU/5RzR+XJgbbi7/hq8ov9Cg+dJttP19nAHJ2YMJvWajJwJ5FQLh\nDmJzM8S2TDbVf/uQcOitvDn4/1UCNBHrEiDZThjsjixGrxOGdKIdFMvxvPcSGlqR\nh/4rr9gbzUTWMTy+OwHXmHiyUR+2Co7BCmA3fhqUvMyzsjXLd52bZRwXAtUfuOic\nDTWH97WVEaAUjnbPvV6xlYlz0mxC3P4rFrwaqPu8sJlQTcZ4rKk0OAeTyvYOrofN\nNWlvAAABAQDKg0yIj9xyH7IyHhtlP9ZafAukK4JuOwzlfTSGKx6iz5HsKLMpKAqU\nByjjZ2H7SMaA5KFarDyIWQQxYGvISCrREyU1VZkCuzNT5RKqwxqQcHXy5qhe5xwi\nUiYe1Q8Bm7Fd3Z02mu1tnI3zErf/F78RZErHTpuIyDPYER1T5/+jOHtnfDR4JUP7\n044dSugfRImz1vLTQdmfCD+dgi+H8Z7de2I5jTgjnBHrnvw3HV14LxJjRxXG8I83\nHcJ5002igTjFHpXQm/T/hd0tbhg4Kueqvqq3fWFqAHl7jvZWVuEhg1PHpOex3Xwe\n64VZg4RY7xLfVaGKuwOHMsnUOr+6r907AAAAAAEC\n-----END OPENSSH PRIVATE KEY-----\n",
            "private_key_pem": "-----BEGIN RSA PRIVATE KEY-----\nMIIJKQIBAAKCAgEAu7KFTbiNAZBd446JUPP8EL7ay4Rf9v0VtFXOQI09C0tGBZJf\ncLJCnO4I2DqfWDCFjQSlqtdN2dOopto7Qk8aoL59BRemghCwna6hWrjKT6ZHoejx\nM+CSLUra1nqOS4nWzwoBDddQXM71g3nIOhPSpd1FsuPSBo5HSLXIXIidovnuUVQN\n9k04kJ9EQArdf8lrqRfVwO003O1p5lCpsvlzKTRxYshJKJGXP5hXVc3nkaIBZi4k\niySXBH+P3VSCxZO4MMc7V91beFnfaGwvDHJAcZ8kVRoxXT+wde2DScXlbVqVoaWc\nO8Yfjo4bE4WKeTfsER9g9dU+pgSzsu8mV6oZPnFUsVTw/hWpzfUl2WrCw2YPE1X/\n4IBGJb7L5KPbSDgQVhIF5isdQrvPHtvrfpKhJ59AtQ0doX8LxMiUosOs8RPHiCxP\nQWGuK7DOEcSHMB2glRIuiR6rMqJ2YE9okqoUNYBRhN1WX/buLmQQHUSuALe7CAmm\nba9y1FAo2yBD/Hr0jy7MVzCbramzyiin0zrQ/TeZZ7PYINZlc8riew6YqiOLscJe\nwutN0+lWucKnH7+i7yiCztc5/FzxgW/2SVQ0zuWsuzDgftGUfJUjLHTDnoovV2PV\nSnwih4796VM8RhYdQXTU/okMjVY+Cdc5HstSjrIHMYyUQyGLB6RbYiA1H5UCAwEA\nAQKCAgEAuppyAuHeddaUMT6s7+mRCQjltv3E9mWIpX/FDNIeBVNxqupprj3bEe9o\npagqcN/Udm1PUvi4cj4GZtOBpJvGSlb3Lg/kP1zeafWKfwpGQEd84dAXtM6oJRVN\nWXwAacMA51b3003jnFE5LtvtHyhD/RhuSbpLPK9I2VW4e55qsfOuZfad5ufAu69L\niCwFKB0Uxshmf2aUbqwt44cAH2n2ftmffGjIqueLqfMHqMuLVHLu1yo6tIbNCPDV\nE2MIm+sPbJc2PVVZsd4PyN39LG+N+CgSU/U1bJJ8GdHm+3oebMhpCIsAN0DycKSA\n8LiMAZWCQUej+uNlZGI6UUOHKBJ5ArEpEnPOYx03UJSBhOaGED7sJFg0A76FA0vf\no9o4zvRGiURPGCBSW3eg/KMUf7ciBtid8YLKckEUGj+L5wFpKLf+f824+dV0C4f5\n+tbjXYiyGctII8gSvHBw1TWcS2DjV0dFP5AA1c2fQuuLgf6WQmWxd86rX1+jeMzB\nRRIsHO2aUkLecynvcKS9IONpAbnY2KyZKVerK+X9t6Kct0DK/RjjHPgqDmtZrZ9/\nn5D26oO1RKaM55ZfhbiRNlqK318x+Ra+zn4A7zPNNe65GpqC9zUCkwz1mG1ZxUHM\nkzUIkJ6IOfZ95IJ7smpLdiUHl6fOUzzKsLdwd6Wz4cnFagFRKMUCggEBAO1Fe/X5\nMghVsPQ/5S/B1eclbU62fqoEhT6+uB++j9ZaKWa2WcE1Xtde1T6+fq+05NO8Oao3\nMUxHxAmvcdSp+By+rHopHnNBT/lHNH5cmBtuLv+Gryi/0KD50m20/X2cAcnZgwm9\nZqMnAnkVAuEOYnMzxLZMNtV/+5Bw6K28Ofj/VQI0EesSINlOGOyOLEavE4Z0oh0U\ny/G89xIaWpGH/iuv2BvNRNYxPL47AdeYeLJRH7YKjsEKYDd+GpS8zLOyNct3nZtl\nHBcC1R+46JwNNYf3tZURoBSOds+9XrGViXPSbELc/isWvBqo+7ywmVBNxnisqTQ4\nB5PK9g6uh801aW8CggEBAMqDTIiP3HIfsjIeG2U/1lp8C6Qrgm47DOV9NIYrHqLP\nkewosykoCpQHKONnYftIxoDkoVqsPIhZBDFga8hIKtETJTVVmQK7M1PlEqrDGpBw\ndfLmqF7nHCJSJh7VDwGbsV3dnTaa7W2cjfMSt/8XvxFkSsdOm4jIM9gRHVPn/6M4\ne2d8NHglQ/vTjh1K6B9EibPW8tNB2Z8IP52CL4fxnt17YjmNOCOcEeue/DcdXXgv\nEmNHFcbwjzcdwnnTTaKBOMUeldCb9P+F3S1uGDgq56q+qrd9YWoAeXuO9lZW4SGD\nU8ek57HdfB7rhVmDhFjvEt9VoYq7A4cyydQ6v7qv3TsCggEAKIuKHkNCEHiML4DH\nqjyGT+RuZFf9FxKErm8qyYnnzGpFzt50QfbbyRPUfs9QmLfhrmjotbSOwQk2b61C\nV2PgGRFgKdPi9zD++Ir5ZmpuN6nBcDrUrbLxdMCb+9FEy/UfvR1lLgHmixS8cHJt\ntoWdvy/menxVlnAzTcBtklqq0WjYXvME6NWFNX0J90poOH/sZzqBBVUrcJio47gL\nJ/lELrTyyfVuwOdTCPLOYsgUP+xq7dGqCUS7ol/zLN2CYWafmLBNB2Pkw+3g+3W+\nkgQT1LM4nUuQvlKF7QPgLZpvDZK0m0xmRnixFiEwO1M2L6nKs45Vr62vZcr19xZN\n8HwjEwKCAQEAiteiLS6UsRnSDlJd7fjqeXb6dD/wWKrbmKtSy3ncszskjIkK7Hir\nZ/nQqrhCkQnALraReZ0Ek2aUXVYCD3qLAHTj2cEp+plmA2rWdYT2PXkdJL/HR+mj\nfFReFl10wGGCJRy/oKRvi+r9111KEPay5LWiHythr1GzWbvCI7i3p6wdz0F0p7rE\n9W6BzMuCgY1363i/Wt+W2FXLZ63N8KJTjP3+xf5wMtnZ33VM7myPnMqJDM+7un1L\nczpQDz4zx+pYha0GgdOrEVUx4ufMaxXfZ0z5tnubwhU5NOE7Os6t41AqrIH+6A81\n/ezzq/9jSaX/hmcrLfYx4QuNHJh6wv+36QKCAQBZ4S2+1J6+UvqzRRAjpO/tiiyU\nLRwJgP5KKfa4qVy6cMrKGYSh6UzNStlWA51gG6eQz06kbYMJLTM+I0ysnpX5erra\n+Pgp3TdLhoPeVNxAL4T62HC4F3tVfQg/L2yyXxUBE+3ZUazuFie3fTZjVO5RYWyD\n/xZaufzdKNIXoe1M6vJMe0Mb+Lg1hwnUs5dvVk+J87y5ELoX9jFtLsMpYAKRY6no\navPwvq4uXpvLeFab8mba5vl1kfbZOD4MBhSRxBtns9xk32g5jxAQSf7I7qzUD684\n1eivHtJQcgFGGggl0ZK8qyGZgyygnvN3A6rv/0I6tcurp4zxqfAHDb59xx5G\n-----END RSA PRIVATE KEY-----\n",
            "private_key_pem_pkcs8": "-----BEGIN PRIVATE KEY-----\nMIIJQwIBADANBgkqhkiG9w0BAQEFAASCCS0wggkpAgEAAoICAQC7soVNuI0BkF3j\njolQ8/wQvtrLhF/2/RW0Vc5AjT0LS0YFkl9wskKc7gjYOp9YMIWNBKWq103Z06im\n2jtCTxqgvn0FF6aCELCdrqFauMpPpkeh6PEz4JItStrWeo5LidbPCgEN11BczvWD\necg6E9Kl3UWy49IGjkdItchciJ2i+e5RVA32TTiQn0RACt1/yWupF9XA7TTc7Wnm\nUKmy+XMpNHFiyEkokZc/mFdVzeeRogFmLiSLJJcEf4/dVILFk7gwxztX3Vt4Wd9o\nbC8MckBxnyRVGjFdP7B17YNJxeVtWpWhpZw7xh+OjhsThYp5N+wRH2D11T6mBLOy\n7yZXqhk+cVSxVPD+FanN9SXZasLDZg8TVf/ggEYlvsvko9tIOBBWEgXmKx1Cu88e\n2+t+kqEnn0C1DR2hfwvEyJSiw6zxE8eILE9BYa4rsM4RxIcwHaCVEi6JHqsyonZg\nT2iSqhQ1gFGE3VZf9u4uZBAdRK4At7sICaZtr3LUUCjbIEP8evSPLsxXMJutqbPK\nKKfTOtD9N5lns9gg1mVzyuJ7DpiqI4uxwl7C603T6Va5wqcfv6LvKILO1zn8XPGB\nb/ZJVDTO5ay7MOB+0ZR8lSMsdMOeii9XY9VKfCKHjv3pUzxGFh1BdNT+iQyNVj4J\n1zkey1KOsgcxjJRDIYsHpFtiIDUflQIDAQABAoICAQC6mnIC4d511pQxPqzv6ZEJ\nCOW2/cT2ZYilf8UM0h4FU3Gq6mmuPdsR72ilqCpw39R2bU9S+LhyPgZm04Gkm8ZK\nVvcuD+Q/XN5p9Yp/CkZAR3zh0Be0zqglFU1ZfABpwwDnVvfTTeOcUTku2+0fKEP9\nGG5Juks8r0jZVbh7nmqx865l9p3m58C7r0uILAUoHRTGyGZ/ZpRurC3jhwAfafZ+\n2Z98aMiq54up8weoy4tUcu7XKjq0hs0I8NUTYwib6w9slzY9VVmx3g/I3f0sb434\nKBJT9TVsknwZ0eb7eh5syGkIiwA3QPJwpIDwuIwBlYJBR6P642VkYjpRQ4coEnkC\nsSkSc85jHTdQlIGE5oYQPuwkWDQDvoUDS9+j2jjO9EaJRE8YIFJbd6D8oxR/tyIG\n2J3xgspyQRQaP4vnAWkot/5/zbj51XQLh/n61uNdiLIZy0gjyBK8cHDVNZxLYONX\nR0U/kADVzZ9C64uB/pZCZbF3zqtfX6N4zMFFEiwc7ZpSQt5zKe9wpL0g42kBudjY\nrJkpV6sr5f23opy3QMr9GOMc+CoOa1mtn3+fkPbqg7VEpoznll+FuJE2WorfXzH5\nFr7OfgDvM8017rkamoL3NQKTDPWYbVnFQcyTNQiQnog59n3kgnuyakt2JQeXp85T\nPMqwt3B3pbPhycVqAVEoxQKCAQEA7UV79fkyCFWw9D/lL8HV5yVtTrZ+qgSFPr64\nH76P1lopZrZZwTVe117VPr5+r7Tk07w5qjcxTEfECa9x1Kn4HL6seikec0FP+Uc0\nflyYG24u/4avKL/QoPnSbbT9fZwBydmDCb1moycCeRUC4Q5iczPEtkw21X/7kHDo\nrbw5+P9VAjQR6xIg2U4Y7I4sRq8ThnSiHRTL8bz3EhpakYf+K6/YG81E1jE8vjsB\n15h4slEftgqOwQpgN34alLzMs7I1y3edm2UcFwLVH7jonA01h/e1lRGgFI52z71e\nsZWJc9JsQtz+Kxa8Gqj7vLCZUE3GeKypNDgHk8r2Dq6HzTVpbwKCAQEAyoNMiI/c\nch+yMh4bZT/WWnwLpCuCbjsM5X00hiseos+R7CizKSgKlAco42dh+0jGgOShWqw8\niFkEMWBryEgq0RMlNVWZArszU+USqsMakHB18uaoXuccIlImHtUPAZuxXd2dNprt\nbZyN8xK3/xe/EWRKx06biMgz2BEdU+f/ozh7Z3w0eCVD+9OOHUroH0SJs9by00HZ\nnwg/nYIvh/Ge3XtiOY04I5wR6578Nx1deC8SY0cVxvCPNx3CedNNooE4xR6V0Jv0\n/4XdLW4YOCrnqr6qt31hagB5e472VlbhIYNTx6Tnsd18HuuFWYOEWO8S31WhirsD\nhzLJ1Dq/uq/dOwKCAQAoi4oeQ0IQeIwvgMeqPIZP5G5kV/0XEoSubyrJiefMakXO\n3nRB9tvJE9R+z1CYt+GuaOi1tI7BCTZvrUJXY+AZEWAp0+L3MP74ivlmam43qcFw\nOtStsvF0wJv70UTL9R+9HWUuAeaLFLxwcm22hZ2/L+Z6fFWWcDNNwG2SWqrRaNhe\n8wTo1YU1fQn3Smg4f+xnOoEFVStwmKjjuAsn+UQutPLJ9W7A51MI8s5iyBQ/7Grt\n0aoJRLuiX/Ms3YJhZp+YsE0HY+TD7eD7db6SBBPUszidS5C+UoXtA+Atmm8NkrSb\nTGZGeLEWITA7UzYvqcqzjlWvra9lyvX3Fk3wfCMTAoIBAQCK16ItLpSxGdIOUl3t\n+Op5dvp0P/BYqtuYq1LLedyzOySMiQrseKtn+dCquEKRCcAutpF5nQSTZpRdVgIP\neosAdOPZwSn6mWYDatZ1hPY9eR0kv8dH6aN8VF4WXXTAYYIlHL+gpG+L6v3XXUoQ\n9rLktaIfK2GvUbNZu8IjuLenrB3PQXSnusT1boHMy4KBjXfreL9a35bYVctnrc3w\nolOM/f7F/nAy2dnfdUzubI+cyokMz7u6fUtzOlAPPjPH6liFrQaB06sRVTHi58xr\nFd9nTPm2e5vCFTk04Ts6zq3jUCqsgf7oDzX97POr/2NJpf+GZyst9jHhC40cmHrC\n/7fpAoIBAFnhLb7Unr5S+rNFECOk7+2KLJQtHAmA/kop9ripXLpwysoZhKHpTM1K\n2VYDnWAbp5DPTqRtgwktMz4jTKyelfl6utr4+CndN0uGg95U3EAvhPrYcLgXe1V9\nCD8vbLJfFQET7dlRrO4WJ7d9NmNU7lFhbIP/Flq5/N0o0heh7Uzq8kx7Qxv4uDWH\nCdSzl29WT4nzvLkQuhf2MW0uwylgApFjqehq8/C+ri5em8t4VpvyZtrm+XWR9tk4\nPgwGFJHEG2ez3GTfaDmPEBBJ/sjurNQPrzjV6K8e0lByAUYaCCXRkryrIZmDLKCe\n83cDqu//Qjq1y6unjPGp8AcNvn3HHkY=\n-----END PRIVATE KEY-----\n",
            "public_key_fingerprint_md5": "1d:c9:42:5e:db:2e:26:1f:65:5c:32:60:12:70:50:cd",
            "public_key_fingerprint_sha256": "SHA256:HLYIw8l8r//4mTiRHMrSStpZz83LOvMoe+19gkitZY4",
            "public_key_openssh": "ssh-rsa AAAAB3NzaC1yc2EAAAADAQABAAACAQC7soVNuI0BkF3jjolQ8/wQvtrLhF/2/RW0Vc5AjT0LS0YFkl9wskKc7gjYOp9YMIWNBKWq103Z06im2jtCTxqgvn0FF6aCELCdrqFauMpPpkeh6PEz4JItStrWeo5LidbPCgEN11BczvWDecg6E9Kl3UWy49IGjkdItchciJ2i+e5RVA32TTiQn0RACt1/yWupF9XA7TTc7WnmUKmy+XMpNHFiyEkokZc/mFdVzeeRogFmLiSLJJcEf4/dVILFk7gwxztX3Vt4Wd9obC8MckBxnyRVGjFdP7B17YNJxeVtWpWhpZw7xh+OjhsThYp5N+wRH2D11T6mBLOy7yZXqhk+cVSxVPD+FanN9SXZasLDZg8TVf/ggEYlvsvko9tIOBBWEgXmKx1Cu88e2+t+kqEnn0C1DR2hfwvEyJSiw6zxE8eILE9BYa4rsM4RxIcwHaCVEi6JHqsyonZgT2iSqhQ1gFGE3VZf9u4uZBAdRK4At7sICaZtr3LUUCjbIEP8evSPLsxXMJutqbPKKKfTOtD9N5lns9gg1mVzyuJ7DpiqI4uxwl7C603T6Va5wqcfv6LvKILO1zn8XPGBb/ZJVDTO5ay7MOB+0ZR8lSMsdMOeii9XY9VKfCKHjv3pUzxGFh1BdNT+iQyNVj4J1zkey1KOsgcxjJRDIYsHpFtiIDUflQ==\n",
            "public_key_pem": "-----BEGIN PUBLIC KEY-----\nMIICIjANBgkqhkiG9w0BAQEFAAOCAg8AMIICCgKCAgEAu7KFTbiNAZBd446JUPP8\nEL7ay4Rf9v0VtFXOQI09C0tGBZJfcLJCnO4I2DqfWDCFjQSlqtdN2dOopto7Qk8a\noL59BRemghCwna6hWrjKT6ZHoejxM+CSLUra1nqOS4nWzwoBDddQXM71g3nIOhPS\npd1FsuPSBo5HSLXIXIidovnuUVQN9k04kJ9EQArdf8lrqRfVwO003O1p5lCpsvlz\nKTRxYshJKJGXP5hXVc3nkaIBZi4kiySXBH+P3VSCxZO4MMc7V91beFnfaGwvDHJA\ncZ8kVRoxXT+wde2DScXlbVqVoaWcO8Yfjo4bE4WKeTfsER9g9dU+pgSzsu8mV6oZ\nPnFUsVTw/hWpzfUl2WrCw2YPE1X/4IBGJb7L5KPbSDgQVhIF5isdQrvPHtvrfpKh\nJ59AtQ0doX8LxMiUosOs8RPHiCxPQWGuK7DOEcSHMB2glRIuiR6rMqJ2YE9okqoU\nNYBRhN1WX/buLmQQHUSuALe7CAmmba9y1FAo2yBD/Hr0jy7MVzCbramzyiin0zrQ\n/TeZZ7PYINZlc8riew6YqiOLscJewutN0+lWucKnH7+i7yiCztc5/FzxgW/2SVQ0\nzuWsuzDgftGUfJUjLHTDnoovV2PVSnwih4796VM8RhYdQXTU/okMjVY+Cdc5HstS\njrIHMYyUQyGLB6RbYiA1H5UCAwEAAQ==\n-----END PUBLIC KEY-----\n",
            "rsa_bits": 4096
          },
          "sensitive_attributes": []
        }
      ]
    },
    {
      "module": "module.load_balancer.module.ssh_keypair",
      "mode": "managed",
      "type": "tls_private_key",
      "name": "private_instance_ssh_keypair",
      "provider": "provider[\"registry.terraform.io/hashicorp/tls\"]",
      "instances": [
        {
          "schema_version": 1,
          "attributes": {
            "algorithm": "RSA",
            "ecdsa_curve": "P224",
            "id": "dc39e401d74d348b2ff8eeac10811b2d26a42973",
            "private_key_openssh": "-----BEGIN OPENSSH PRIVATE KEY-----\nb3BlbnNzaC1rZXktdjEAAAAABG5vbmUAAAAEbm9uZQAAAAAAAAABAAACFwAAAAdz\nc2gtcnNhAAAAAwEAAQAAAgEA0JGhj1QXf4pBn9Gzns/9L1T+a50CK+O9/C7hNM/t\n+IDn/+rtK2P6xR2lJGuDBQezXt+puq9eaZyptAwqKCDnuH/VQIrlmw5KtbHhPnKr\nWZDOl3dXZon27D2FwbMxKY9YbEFhcXvD2/5HilIns0WXtXItt/vrtKKQsWTmiUCv\nFBl8TJ/BEQNDDTJzz6n+fX1KF6v7vXHtOIFqUD2BeoMipsivRdizHVs3OUOEXKMM\nYAiR+nFTA+0PBb7J08iX3BfWjTZql8DJQy1+zIMABgWTSSomU+NpTc3celZ9yi+9\na+wzSsY0ovfa9FizYlYPr+JwL7hoQ6Bl8Hp+u4pdHyPsaB0/PIjhRlEeUIk7oUyf\nXDkqMkQoOMHig7b0q4jdlUz+Tt9qL90zW9jTPCy4oZ0CKXmusqaBqGQx3Wq6VSSl\n1vezopK3qZYozbOLG2zNGHAWTfU2Ksf0XyK10R+t69o2MNNU4mvRo9Z6d2tkBKuG\n1N2UWEz6nh3rftHAtv/fUsiIm4WO8PrKvISvgzUaMvmEM3sPh5QQpCldd0+Z42BI\nCIuCB09BeThckiRpUaHgWrtYUM/XrzLqJJRgrIEV/cOw6wGSYS4yWXP4b2rIUw+W\nMRsL7zvs+ofnTZBsWXyZblUurMCp9IpiWL+I3mrFChx1QN5pFLuJNAzLGgW4S9Kk\nee0AAAc4Lbeeby23nm8AAAAHc3NoLXJzYQAAAgEA0JGhj1QXf4pBn9Gzns/9L1T+\na50CK+O9/C7hNM/t+IDn/+rtK2P6xR2lJGuDBQezXt+puq9eaZyptAwqKCDnuH/V\nQIrlmw5KtbHhPnKrWZDOl3dXZon27D2FwbMxKY9YbEFhcXvD2/5HilIns0WXtXIt\nt/vrtKKQsWTmiUCvFBl8TJ/BEQNDDTJzz6n+fX1KF6v7vXHtOIFqUD2BeoMipsiv\nRdizHVs3OUOEXKMMYAiR+nFTA+0PBb7J08iX3BfWjTZql8DJQy1+zIMABgWTSSom\nU+NpTc3celZ9yi+9a+wzSsY0ovfa9FizYlYPr+JwL7hoQ6Bl8Hp+u4pdHyPsaB0/\nPIjhRlEeUIk7oUyfXDkqMkQoOMHig7b0q4jdlUz+Tt9qL90zW9jTPCy4oZ0CKXmu\nsqaBqGQx3Wq6VSSl1vezopK3qZYozbOLG2zNGHAWTfU2Ksf0XyK10R+t69o2MNNU\n4mvRo9Z6d2tkBKuG1N2UWEz6nh3rftHAtv/fUsiIm4WO8PrKvISvgzUaMvmEM3sP\nh5QQpCldd0+Z42BICIuCB09BeThckiRpUaHgWrtYUM/XrzLqJJRgrIEV/cOw6wGS\nYS4yWXP4b2rIUw+WMRsL7zvs+ofnTZBsWXyZblUurMCp9IpiWL+I3mrFChx1QN5p\nFLuJNAzLGgW4S9Kkee0AAAADAQABAAACAQCuB5YjHiutRBOV40hZT3sXL3hLGutg\n69ruvb80bftGy2jJ5aCYAAiSyTWuufbND6vfkgjxuLqyrQH9NdlHOo2fKSsre7oy\nMy6rhQ1JKi1HwshfIjlPWfcrD/q3sWloIC/LxJImOvsmaXoQNJTjxUHdKLR1PENk\nqfDJ1EN4avyrbMiGtxZFt88PB/YSZOnwk8ZrEhov7QvfhjzLT0bmjt0vBW0afsKV\n0DK4GVosYfBFgWEs87otIHTUemm1yT7NayafFbTDgx1sbF3ND9HJNIW9Gup4PNz1\nCrzZZ6n2Nvd7Qc9aqR/qi52rHQgxGVZlkC/D4b8+DmyAx/VPTxh8j2EFzNky21Id\nULKhLpdzIs6BvbYruiDduhKuMTAlT+rTvUG74+YASrSWh/KRVo8lY8hOEY0NTCbE\n9qnzAb6Ud3USGh4uRGhdmV7fjGQu8T5FJPWuhcCk+ulY6TxzFhdykW01dPYeomqm\nTRq6OqrWF12H2j0ObumZWN+0DoqgPlQBe6eOpWD3N++IcYYI8alJYB1HKG4yB6GO\nfHps656eY/PGngKnxtunj/nh8GcoRm/c2N40X+jXDbctT/qn+oy83SC1njYUKbgG\nEGKmgKRBmp9ZUXZZfq5/Algp0viR3XwZ1sw02fUKqWZ496Fl0h7BOpYQBwJ4Opkk\nmDMIM0nwSVGcgQAAAQEA1CiYg51Qxa5UZ258nfaANKRFYz32aXMREiXCxxwQnwy4\nPIAJ4qx3xTp363TFwsxj52qppgo0+TfLwzr5R9HMb4CGbZp0HCYZGrg+z+cMxRRI\nAo3rl/LmebZxLvGZ0P5SQdt2hv5NtJgZDf5dUGRxua/7ShQ85P9XkVfShE/SH0EY\nDP+WZdqwI/r2jpnVnt34fB+rLBA7/JsuLEBWilRWvjt0sdACRiiDARQrwsVxGAjz\nIXZbhtCx39723jdBuKgSrBhdy1F7b+G23aDo+Gtp47e0I8JrmYYcYHHLs/Xm1C4x\n0vXuP/ccIxujsbe+/o8YO/CkBNNS+53K8ks+oYooOgAAAQEA3kCcwBZdLd/Y9E5p\n8iPq6vrfkvSnBdX1w3xwWYOBVLS2p7iLEXblP3R7t8M7SqtMZ4Dqs10uEmKpznaA\nVIuHNW7SEBaQbplbHe0WCEg7LLHmXK4atS03VECR8bLVEbCfsaZRU3gE9VZiOYx5\nT+YGYEpCRm7OZp+bn4tqXjomlbhB9GkRBzP9wB+lKrdKXkjg27YXdQuN7MD3Zo36\nZTB79krApd8fhscH5xxdGIBykc8jtBlXJvTFPnqoCmqnWefY3H/IfwuPrcXAQ7mX\nsJcXS3jRoZyr1e+ZbrbXkUCz9J50UsUZHNFi6qVyJCNLBj2DuiR6Qq9YNyqaxnaH\n1Ge22QAAAQEA8D0dCeD8QyJeoiAWB5zr9UtGG2lGhKM4hlMuDtMV5fKzn9tFLcLv\nxWOm5BM2G5iQSWLy63bw3Z7+X93vHPI2Xto09j+j1Fc/TEnVR4toOxVdmVJmkdvd\n9WuCBMp+FtpJm5HmRrC6w2ZM3CEO5WoExsimfrpcyMzUKuSA2mbfdj2RB0DRgn21\nAbo7cjXXF1o5QoArifIp9tW4E/yjoJSIGVuTsUBtOfUITzKC4ejQeIHBRoa26xDK\nnpLIFgWxL+DDzR5+sZqNSb5Ap7Wa/914OO1qispCq1ew7wHUbyXo0oAGNyGGlr0p\nJip2M+wNp2IaX0xz/FF2yLBuShbPiBs3NQAAAAAB\n-----END OPENSSH PRIVATE KEY-----\n",
            "private_key_pem": "-----BEGIN RSA PRIVATE KEY-----\nMIIJKwIBAAKCAgEA0JGhj1QXf4pBn9Gzns/9L1T+a50CK+O9/C7hNM/t+IDn/+rt\nK2P6xR2lJGuDBQezXt+puq9eaZyptAwqKCDnuH/VQIrlmw5KtbHhPnKrWZDOl3dX\nZon27D2FwbMxKY9YbEFhcXvD2/5HilIns0WXtXItt/vrtKKQsWTmiUCvFBl8TJ/B\nEQNDDTJzz6n+fX1KF6v7vXHtOIFqUD2BeoMipsivRdizHVs3OUOEXKMMYAiR+nFT\nA+0PBb7J08iX3BfWjTZql8DJQy1+zIMABgWTSSomU+NpTc3celZ9yi+9a+wzSsY0\novfa9FizYlYPr+JwL7hoQ6Bl8Hp+u4pdHyPsaB0/PIjhRlEeUIk7oUyfXDkqMkQo\nOMHig7b0q4jdlUz+Tt9qL90zW9jTPCy4oZ0CKXmusqaBqGQx3Wq6VSSl1vezopK3\nqZYozbOLG2zNGHAWTfU2Ksf0XyK10R+t69o2MNNU4mvRo9Z6d2tkBKuG1N2UWEz6\nnh3rftHAtv/fUsiIm4WO8PrKvISvgzUaMvmEM3sPh5QQpCldd0+Z42BICIuCB09B\neThckiRpUaHgWrtYUM/XrzLqJJRgrIEV/cOw6wGSYS4yWXP4b2rIUw+WMRsL7zvs\n+ofnTZBsWXyZblUurMCp9IpiWL+I3mrFChx1QN5pFLuJNAzLGgW4S9Kkee0CAwEA\nAQKCAgEArgeWIx4rrUQTleNIWU97Fy94SxrrYOva7r2/NG37RstoyeWgmAAIksk1\nrrn2zQ+r35II8bi6sq0B/TXZRzqNnykrK3u6MjMuq4UNSSotR8LIXyI5T1n3Kw/6\nt7FpaCAvy8SSJjr7Jml6EDSU48VB3Si0dTxDZKnwydRDeGr8q2zIhrcWRbfPDwf2\nEmTp8JPGaxIaL+0L34Y8y09G5o7dLwVtGn7CldAyuBlaLGHwRYFhLPO6LSB01Hpp\ntck+zWsmnxW0w4MdbGxdzQ/RyTSFvRrqeDzc9Qq82Wep9jb3e0HPWqkf6oudqx0I\nMRlWZZAvw+G/Pg5sgMf1T08YfI9hBczZMttSHVCyoS6XcyLOgb22K7og3boSrjEw\nJU/q071Bu+PmAEq0lofykVaPJWPIThGNDUwmxPap8wG+lHd1EhoeLkRoXZle34xk\nLvE+RST1roXApPrpWOk8cxYXcpFtNXT2HqJqpk0aujqq1hddh9o9Dm7pmVjftA6K\noD5UAXunjqVg9zfviHGGCPGpSWAdRyhuMgehjnx6bOuenmPzxp4Cp8bbp4/54fBn\nKEZv3NjeNF/o1w23LU/6p/qMvN0gtZ42FCm4BhBipoCkQZqfWVF2WX6ufwJYKdL4\nkd18GdbMNNn1CqlmePehZdIewTqWEAcCeDqZJJgzCDNJ8ElRnIECggEBAN5AnMAW\nXS3f2PROafIj6ur635L0pwXV9cN8cFmDgVS0tqe4ixF25T90e7fDO0qrTGeA6rNd\nLhJiqc52gFSLhzVu0hAWkG6ZWx3tFghIOyyx5lyuGrUtN1RAkfGy1RGwn7GmUVN4\nBPVWYjmMeU/mBmBKQkZuzmafm5+Lal46JpW4QfRpEQcz/cAfpSq3Sl5I4Nu2F3UL\njezA92aN+mUwe/ZKwKXfH4bHB+ccXRiAcpHPI7QZVyb0xT56qApqp1nn2Nx/yH8L\nj63FwEO5l7CXF0t40aGcq9XvmW6215FAs/SedFLFGRzRYuqlciQjSwY9g7okekKv\nWDcqmsZ2h9RnttkCggEBAPA9HQng/EMiXqIgFgec6/VLRhtpRoSjOIZTLg7TFeXy\ns5/bRS3C78VjpuQTNhuYkEli8ut28N2e/l/d7xzyNl7aNPY/o9RXP0xJ1UeLaDsV\nXZlSZpHb3fVrggTKfhbaSZuR5kawusNmTNwhDuVqBMbIpn66XMjM1CrkgNpm33Y9\nkQdA0YJ9tQG6O3I11xdaOUKAK4nyKfbVuBP8o6CUiBlbk7FAbTn1CE8yguHo0HiB\nwUaGtusQyp6SyBYFsS/gw80efrGajUm+QKe1mv/deDjtaorKQqtXsO8B1G8l6NKA\nBjchhpa9KSYqdjPsDadiGl9Mc/xRdsiwbkoWz4gbNzUCggEBAKe6VVG1zv5W59F/\n9/6wUpKhX+b00bPaxA2StOspDoqRkyNCZ1l3xAy+aLvHD9ELM68NIJLaaHGhmgrh\nbXngjtqpVsijbr6454XPLgh0EoxpebNKBYfjptTjogCo+JnQFMSqAsgeVIeeeKR7\nufWtX/R9NkUXTJcwLu8Z9N1Fv2bQVp4QSLSJ7R94AlsZVnuPPnsxkcRYQvSAsHTq\nAyUokPTPd1H28EDzpagpxKxAC7a0f3pkgVw57z12raim0sNL8GJ/4RzX6ce37KBv\nyOWRMRhZBsOTjC75Em72d/r7vJOInbr1Wj1gW+k/kMNrCyybcfUhoE8BK27+rS3H\nuDx5RQkCggEBANLBanY+MFBdGJQ2fd0T51T8QnbNtpWp8260DlXnDPD8KGT3Igtx\nVpPeRo0T5YX0I7Cd4+p6H/jtAM/tjVXhj51K5OebEQi5ucgdhcQMItaieciGJ4GS\nV3h0Zk35rwAxZB3csx4U8ON3HbqILd9JUQNrB9VpfPiT6RXv/LKdSTEb9d1dGe/W\nhDMNxBT/8sCD4HPcqVWNYw8ukxzFqG65n2RPmJQJp0kPE8kW0QeLDUiK3JoYmORD\niN3weyQGvlj4YA3U0OTSZ1zoUSRQB7ir/EpEzhEQO8jBV3F2M32GzmfM9Kbs/HvF\nWxImcig+0AOl5ujv01jpxsFtNnQ86rfG2HkCggEBANQomIOdUMWuVGdufJ32gDSk\nRWM99mlzERIlwsccEJ8MuDyACeKsd8U6d+t0xcLMY+dqqaYKNPk3y8M6+UfRzG+A\nhm2adBwmGRq4Ps/nDMUUSAKN65fy5nm2cS7xmdD+UkHbdob+TbSYGQ3+XVBkcbmv\n+0oUPOT/V5FX0oRP0h9BGAz/lmXasCP69o6Z1Z7d+HwfqywQO/ybLixAVopUVr47\ndLHQAkYogwEUK8LFcRgI8yF2W4bQsd/e9t43QbioEqwYXctRe2/htt2g6PhraeO3\ntCPCa5mGHGBxy7P15tQuMdL17j/3HCMbo7G3vv6PGDvwpATTUvudyvJLPqGKKDo=\n-----END RSA PRIVATE KEY-----\n",
            "private_key_pem_pkcs8": "-----BEGIN PRIVATE KEY-----\nMIIJRQIBADANBgkqhkiG9w0BAQEFAASCCS8wggkrAgEAAoICAQDQkaGPVBd/ikGf\n0bOez/0vVP5rnQIr4738LuE0z+34gOf/6u0rY/rFHaUka4MFB7Ne36m6r15pnKm0\nDCooIOe4f9VAiuWbDkq1seE+cqtZkM6Xd1dmifbsPYXBszEpj1hsQWFxe8Pb/keK\nUiezRZe1ci23++u0opCxZOaJQK8UGXxMn8ERA0MNMnPPqf59fUoXq/u9ce04gWpQ\nPYF6gyKmyK9F2LMdWzc5Q4RcowxgCJH6cVMD7Q8FvsnTyJfcF9aNNmqXwMlDLX7M\ngwAGBZNJKiZT42lNzdx6Vn3KL71r7DNKxjSi99r0WLNiVg+v4nAvuGhDoGXwen67\nil0fI+xoHT88iOFGUR5QiTuhTJ9cOSoyRCg4weKDtvSriN2VTP5O32ov3TNb2NM8\nLLihnQIpea6ypoGoZDHdarpVJKXW97OikreplijNs4sbbM0YcBZN9TYqx/RfIrXR\nH63r2jYw01Tia9Gj1np3a2QEq4bU3ZRYTPqeHet+0cC2/99SyIibhY7w+sq8hK+D\nNRoy+YQzew+HlBCkKV13T5njYEgIi4IHT0F5OFySJGlRoeBau1hQz9evMuoklGCs\ngRX9w7DrAZJhLjJZc/hvashTD5YxGwvvO+z6h+dNkGxZfJluVS6swKn0imJYv4je\nasUKHHVA3mkUu4k0DMsaBbhL0qR57QIDAQABAoICAQCuB5YjHiutRBOV40hZT3sX\nL3hLGutg69ruvb80bftGy2jJ5aCYAAiSyTWuufbND6vfkgjxuLqyrQH9NdlHOo2f\nKSsre7oyMy6rhQ1JKi1HwshfIjlPWfcrD/q3sWloIC/LxJImOvsmaXoQNJTjxUHd\nKLR1PENkqfDJ1EN4avyrbMiGtxZFt88PB/YSZOnwk8ZrEhov7QvfhjzLT0bmjt0v\nBW0afsKV0DK4GVosYfBFgWEs87otIHTUemm1yT7NayafFbTDgx1sbF3ND9HJNIW9\nGup4PNz1CrzZZ6n2Nvd7Qc9aqR/qi52rHQgxGVZlkC/D4b8+DmyAx/VPTxh8j2EF\nzNky21IdULKhLpdzIs6BvbYruiDduhKuMTAlT+rTvUG74+YASrSWh/KRVo8lY8hO\nEY0NTCbE9qnzAb6Ud3USGh4uRGhdmV7fjGQu8T5FJPWuhcCk+ulY6TxzFhdykW01\ndPYeomqmTRq6OqrWF12H2j0ObumZWN+0DoqgPlQBe6eOpWD3N++IcYYI8alJYB1H\nKG4yB6GOfHps656eY/PGngKnxtunj/nh8GcoRm/c2N40X+jXDbctT/qn+oy83SC1\nnjYUKbgGEGKmgKRBmp9ZUXZZfq5/Algp0viR3XwZ1sw02fUKqWZ496Fl0h7BOpYQ\nBwJ4OpkkmDMIM0nwSVGcgQKCAQEA3kCcwBZdLd/Y9E5p8iPq6vrfkvSnBdX1w3xw\nWYOBVLS2p7iLEXblP3R7t8M7SqtMZ4Dqs10uEmKpznaAVIuHNW7SEBaQbplbHe0W\nCEg7LLHmXK4atS03VECR8bLVEbCfsaZRU3gE9VZiOYx5T+YGYEpCRm7OZp+bn4tq\nXjomlbhB9GkRBzP9wB+lKrdKXkjg27YXdQuN7MD3Zo36ZTB79krApd8fhscH5xxd\nGIBykc8jtBlXJvTFPnqoCmqnWefY3H/IfwuPrcXAQ7mXsJcXS3jRoZyr1e+ZbrbX\nkUCz9J50UsUZHNFi6qVyJCNLBj2DuiR6Qq9YNyqaxnaH1Ge22QKCAQEA8D0dCeD8\nQyJeoiAWB5zr9UtGG2lGhKM4hlMuDtMV5fKzn9tFLcLvxWOm5BM2G5iQSWLy63bw\n3Z7+X93vHPI2Xto09j+j1Fc/TEnVR4toOxVdmVJmkdvd9WuCBMp+FtpJm5HmRrC6\nw2ZM3CEO5WoExsimfrpcyMzUKuSA2mbfdj2RB0DRgn21Abo7cjXXF1o5QoArifIp\n9tW4E/yjoJSIGVuTsUBtOfUITzKC4ejQeIHBRoa26xDKnpLIFgWxL+DDzR5+sZqN\nSb5Ap7Wa/914OO1qispCq1ew7wHUbyXo0oAGNyGGlr0pJip2M+wNp2IaX0xz/FF2\nyLBuShbPiBs3NQKCAQEAp7pVUbXO/lbn0X/3/rBSkqFf5vTRs9rEDZK06ykOipGT\nI0JnWXfEDL5ou8cP0Qszrw0gktpocaGaCuFteeCO2qlWyKNuvrjnhc8uCHQSjGl5\ns0oFh+Om1OOiAKj4mdAUxKoCyB5Uh554pHu59a1f9H02RRdMlzAu7xn03UW/ZtBW\nnhBItIntH3gCWxlWe48+ezGRxFhC9ICwdOoDJSiQ9M93UfbwQPOlqCnErEALtrR/\nemSBXDnvPXatqKbSw0vwYn/hHNfpx7fsoG/I5ZExGFkGw5OMLvkSbvZ3+vu8k4id\nuvVaPWBb6T+Qw2sLLJtx9SGgTwErbv6tLce4PHlFCQKCAQEA0sFqdj4wUF0YlDZ9\n3RPnVPxCds22lanzbrQOVecM8PwoZPciC3FWk95GjRPlhfQjsJ3j6nof+O0Az+2N\nVeGPnUrk55sRCLm5yB2FxAwi1qJ5yIYngZJXeHRmTfmvADFkHdyzHhTw43cduogt\n30lRA2sH1Wl8+JPpFe/8sp1JMRv13V0Z79aEMw3EFP/ywIPgc9ypVY1jDy6THMWo\nbrmfZE+YlAmnSQ8TyRbRB4sNSIrcmhiY5EOI3fB7JAa+WPhgDdTQ5NJnXOhRJFAH\nuKv8SkTOERA7yMFXcXYzfYbOZ8z0puz8e8VbEiZyKD7QA6Xm6O/TWOnGwW02dDzq\nt8bYeQKCAQEA1CiYg51Qxa5UZ258nfaANKRFYz32aXMREiXCxxwQnwy4PIAJ4qx3\nxTp363TFwsxj52qppgo0+TfLwzr5R9HMb4CGbZp0HCYZGrg+z+cMxRRIAo3rl/Lm\nebZxLvGZ0P5SQdt2hv5NtJgZDf5dUGRxua/7ShQ85P9XkVfShE/SH0EYDP+WZdqw\nI/r2jpnVnt34fB+rLBA7/JsuLEBWilRWvjt0sdACRiiDARQrwsVxGAjzIXZbhtCx\n39723jdBuKgSrBhdy1F7b+G23aDo+Gtp47e0I8JrmYYcYHHLs/Xm1C4x0vXuP/cc\nIxujsbe+/o8YO/CkBNNS+53K8ks+oYooOg==\n-----END PRIVATE KEY-----\n",
            "public_key_fingerprint_md5": "1c:26:2a:2a:26:0d:d5:c4:9f:e1:06:86:e7:da:41:37",
            "public_key_fingerprint_sha256": "SHA256:QY7RkaGzoSGaRpFsNJjLsi7nMR4lQN6LTjIezvTOwME",
            "public_key_openssh": "ssh-rsa AAAAB3NzaC1yc2EAAAADAQABAAACAQDQkaGPVBd/ikGf0bOez/0vVP5rnQIr4738LuE0z+34gOf/6u0rY/rFHaUka4MFB7Ne36m6r15pnKm0DCooIOe4f9VAiuWbDkq1seE+cqtZkM6Xd1dmifbsPYXBszEpj1hsQWFxe8Pb/keKUiezRZe1ci23++u0opCxZOaJQK8UGXxMn8ERA0MNMnPPqf59fUoXq/u9ce04gWpQPYF6gyKmyK9F2LMdWzc5Q4RcowxgCJH6cVMD7Q8FvsnTyJfcF9aNNmqXwMlDLX7MgwAGBZNJKiZT42lNzdx6Vn3KL71r7DNKxjSi99r0WLNiVg+v4nAvuGhDoGXwen67il0fI+xoHT88iOFGUR5QiTuhTJ9cOSoyRCg4weKDtvSriN2VTP5O32ov3TNb2NM8LLihnQIpea6ypoGoZDHdarpVJKXW97OikreplijNs4sbbM0YcBZN9TYqx/RfIrXRH63r2jYw01Tia9Gj1np3a2QEq4bU3ZRYTPqeHet+0cC2/99SyIibhY7w+sq8hK+DNRoy+YQzew+HlBCkKV13T5njYEgIi4IHT0F5OFySJGlRoeBau1hQz9evMuoklGCsgRX9w7DrAZJhLjJZc/hvashTD5YxGwvvO+z6h+dNkGxZfJluVS6swKn0imJYv4jeasUKHHVA3mkUu4k0DMsaBbhL0qR57Q==\n",
            "public_key_pem": "-----BEGIN PUBLIC KEY-----\nMIICIjANBgkqhkiG9w0BAQEFAAOCAg8AMIICCgKCAgEA0JGhj1QXf4pBn9Gzns/9\nL1T+a50CK+O9/C7hNM/t+IDn/+rtK2P6xR2lJGuDBQezXt+puq9eaZyptAwqKCDn\nuH/VQIrlmw5KtbHhPnKrWZDOl3dXZon27D2FwbMxKY9YbEFhcXvD2/5HilIns0WX\ntXItt/vrtKKQsWTmiUCvFBl8TJ/BEQNDDTJzz6n+fX1KF6v7vXHtOIFqUD2BeoMi\npsivRdizHVs3OUOEXKMMYAiR+nFTA+0PBb7J08iX3BfWjTZql8DJQy1+zIMABgWT\nSSomU+NpTc3celZ9yi+9a+wzSsY0ovfa9FizYlYPr+JwL7hoQ6Bl8Hp+u4pdHyPs\naB0/PIjhRlEeUIk7oUyfXDkqMkQoOMHig7b0q4jdlUz+Tt9qL90zW9jTPCy4oZ0C\nKXmusqaBqGQx3Wq6VSSl1vezopK3qZYozbOLG2zNGHAWTfU2Ksf0XyK10R+t69o2\nMNNU4mvRo9Z6d2tkBKuG1N2UWEz6nh3rftHAtv/fUsiIm4WO8PrKvISvgzUaMvmE\nM3sPh5QQpCldd0+Z42BICIuCB09BeThckiRpUaHgWrtYUM/XrzLqJJRgrIEV/cOw\n6wGSYS4yWXP4b2rIUw+WMRsL7zvs+ofnTZBsWXyZblUurMCp9IpiWL+I3mrFChx1\nQN5pFLuJNAzLGgW4S9Kkee0CAwEAAQ==\n-----END PUBLIC KEY-----\n",
            "rsa_bits": 4096
          },
          "sensitive_attributes": []
        }
      ]
    },
    {
      "module": "module.load_balancer.module.vpc",
      "mode": "managed",
      "type": "aws_eip",
      "name": "nat_eip",
      "provider": "provider[\"registry.terraform.io/hashicorp/aws\"]",
      "instances": [
        {
          "index_key": 2,
          "schema_version": 0,
          "attributes": {
            "address": null,
            "allocation_id": "eipalloc-0f0cdb42a98529c8c",
            "associate_with_private_ip": null,
            "association_id": "",
            "carrier_ip": "",
            "customer_owned_ip": "",
            "customer_owned_ipv4_pool": "",
            "domain": "vpc",
            "id": "eipalloc-0f0cdb42a98529c8c",
            "instance": "",
            "network_border_group": "ap-south-1",
            "network_interface": "",
            "private_dns": null,
            "private_ip": "",
            "public_dns": "ec2-3-7-121-169.ap-south-1.compute.amazonaws.com",
            "public_ip": "3.7.121.169",
            "public_ipv4_pool": "amazon",
            "tags": {
              "Name": "zenskar-nat-eip-3"
            },
            "tags_all": {
              "Name": "zenskar-nat-eip-3"
            },
            "timeouts": null,
            "vpc": true
          },
          "sensitive_attributes": [],
          "private": "eyJlMmJmYjczMC1lY2FhLTExZTYtOGY4OC0zNDM2M2JjN2M0YzAiOnsiZGVsZXRlIjoxODAwMDAwMDAwMDAsInJlYWQiOjkwMDAwMDAwMDAwMCwidXBkYXRlIjozMDAwMDAwMDAwMDB9fQ=="
        }
      ]
    },
    {
      "module": "module.load_balancer.module.vpc",
      "mode": "managed",
      "type": "aws_internet_gateway",
      "name": "zenskar_igw",
      "provider": "provider[\"registry.terraform.io/hashicorp/aws\"]",
      "instances": [
        {
          "schema_version": 0,
          "attributes": {
            "arn": "arn:aws:ec2:ap-south-1:107534347551:internet-gateway/igw-0a8015d69f03205ef",
            "id": "igw-0a8015d69f03205ef",
            "owner_id": "107534347551",
            "tags": {
              "Name": "zenskar-igw"
            },
            "tags_all": {
              "Name": "zenskar-igw"
            },
            "timeouts": null,
            "vpc_id": "vpc-0c02f2c3792039776"
          },
          "sensitive_attributes": [],
          "private": "eyJlMmJmYjczMC1lY2FhLTExZTYtOGY4OC0zNDM2M2JjN2M0YzAiOnsiY3JlYXRlIjoxMjAwMDAwMDAwMDAwLCJkZWxldGUiOjEyMDAwMDAwMDAwMDAsInVwZGF0ZSI6MTIwMDAwMDAwMDAwMH19",
          "dependencies": [
            "module.load_balancer.module.vpc.aws_vpc.zenskar"
          ]
        }
      ]
    },
    {
      "module": "module.load_balancer.module.vpc",
      "mode": "managed",
      "type": "aws_subnet",
      "name": "private_subnet",
      "provider": "provider[\"registry.terraform.io/hashicorp/aws\"]",
      "instances": [
        {
          "index_key": 0,
          "schema_version": 1,
          "attributes": {
            "arn": "arn:aws:ec2:ap-south-1:107534347551:subnet/subnet-0cb8cb4552e3eb675",
            "assign_ipv6_address_on_creation": false,
            "availability_zone": "ap-south-1a",
            "availability_zone_id": "aps1-az1",
            "cidr_block": "172.34.4.0/24",
            "customer_owned_ipv4_pool": "",
            "enable_dns64": false,
            "enable_lni_at_device_index": 0,
            "enable_resource_name_dns_a_record_on_launch": false,
            "enable_resource_name_dns_aaaa_record_on_launch": false,
            "id": "subnet-0cb8cb4552e3eb675",
            "ipv6_cidr_block": "",
            "ipv6_cidr_block_association_id": "",
            "ipv6_native": false,
            "map_customer_owned_ip_on_launch": false,
            "map_public_ip_on_launch": false,
            "outpost_arn": "",
            "owner_id": "107534347551",
            "private_dns_hostname_type_on_launch": "ip-name",
            "tags": {
              "Name": "zenskar-private-subnet-1"
            },
            "tags_all": {
              "Name": "zenskar-private-subnet-1"
            },
            "timeouts": null,
            "vpc_id": "vpc-0c02f2c3792039776"
          },
          "sensitive_attributes": [],
          "private": "eyJlMmJmYjczMC1lY2FhLTExZTYtOGY4OC0zNDM2M2JjN2M0YzAiOnsiY3JlYXRlIjo2MDAwMDAwMDAwMDAsImRlbGV0ZSI6MTIwMDAwMDAwMDAwMH0sInNjaGVtYV92ZXJzaW9uIjoiMSJ9",
          "dependencies": [
            "module.load_balancer.module.vpc.aws_vpc.zenskar"
          ]
        },
        {
          "index_key": 1,
          "schema_version": 1,
          "attributes": {
            "arn": "arn:aws:ec2:ap-south-1:107534347551:subnet/subnet-0e5ce632bd45b4332",
            "assign_ipv6_address_on_creation": false,
            "availability_zone": "ap-south-1b",
            "availability_zone_id": "aps1-az3",
            "cidr_block": "172.34.5.0/24",
            "customer_owned_ipv4_pool": "",
            "enable_dns64": false,
            "enable_lni_at_device_index": 0,
            "enable_resource_name_dns_a_record_on_launch": false,
            "enable_resource_name_dns_aaaa_record_on_launch": false,
            "id": "subnet-0e5ce632bd45b4332",
            "ipv6_cidr_block": "",
            "ipv6_cidr_block_association_id": "",
            "ipv6_native": false,
            "map_customer_owned_ip_on_launch": false,
            "map_public_ip_on_launch": false,
            "outpost_arn": "",
            "owner_id": "107534347551",
            "private_dns_hostname_type_on_launch": "ip-name",
            "tags": {
              "Name": "zenskar-private-subnet-2"
            },
            "tags_all": {
              "Name": "zenskar-private-subnet-2"
            },
            "timeouts": null,
            "vpc_id": "vpc-0c02f2c3792039776"
          },
          "sensitive_attributes": [],
          "private": "eyJlMmJmYjczMC1lY2FhLTExZTYtOGY4OC0zNDM2M2JjN2M0YzAiOnsiY3JlYXRlIjo2MDAwMDAwMDAwMDAsImRlbGV0ZSI6MTIwMDAwMDAwMDAwMH0sInNjaGVtYV92ZXJzaW9uIjoiMSJ9",
          "dependencies": [
            "module.load_balancer.module.vpc.aws_vpc.zenskar"
          ]
        },
        {
          "index_key": 2,
          "schema_version": 1,
          "attributes": {
            "arn": "arn:aws:ec2:ap-south-1:107534347551:subnet/subnet-0183f0a804389195c",
            "assign_ipv6_address_on_creation": false,
            "availability_zone": "ap-south-1c",
            "availability_zone_id": "aps1-az2",
            "cidr_block": "172.34.6.0/24",
            "customer_owned_ipv4_pool": "",
            "enable_dns64": false,
            "enable_lni_at_device_index": 0,
            "enable_resource_name_dns_a_record_on_launch": false,
            "enable_resource_name_dns_aaaa_record_on_launch": false,
            "id": "subnet-0183f0a804389195c",
            "ipv6_cidr_block": "",
            "ipv6_cidr_block_association_id": "",
            "ipv6_native": false,
            "map_customer_owned_ip_on_launch": false,
            "map_public_ip_on_launch": false,
            "outpost_arn": "",
            "owner_id": "107534347551",
            "private_dns_hostname_type_on_launch": "ip-name",
            "tags": {
              "Name": "zenskar-private-subnet-3"
            },
            "tags_all": {
              "Name": "zenskar-private-subnet-3"
            },
            "timeouts": null,
            "vpc_id": "vpc-0c02f2c3792039776"
          },
          "sensitive_attributes": [],
          "private": "eyJlMmJmYjczMC1lY2FhLTExZTYtOGY4OC0zNDM2M2JjN2M0YzAiOnsiY3JlYXRlIjo2MDAwMDAwMDAwMDAsImRlbGV0ZSI6MTIwMDAwMDAwMDAwMH0sInNjaGVtYV92ZXJzaW9uIjoiMSJ9",
          "dependencies": [
            "module.load_balancer.module.vpc.aws_vpc.zenskar"
          ]
        }
      ]
    },
    {
      "module": "module.load_balancer.module.vpc",
      "mode": "managed",
      "type": "aws_subnet",
      "name": "public_subnet",
      "provider": "provider[\"registry.terraform.io/hashicorp/aws\"]",
      "instances": [
        {
          "index_key": 0,
          "schema_version": 1,
          "attributes": {
            "arn": "arn:aws:ec2:ap-south-1:107534347551:subnet/subnet-038f58d527ea8138d",
            "assign_ipv6_address_on_creation": false,
            "availability_zone": "ap-south-1a",
            "availability_zone_id": "aps1-az1",
            "cidr_block": "172.34.1.0/24",
            "customer_owned_ipv4_pool": "",
            "enable_dns64": false,
            "enable_lni_at_device_index": 0,
            "enable_resource_name_dns_a_record_on_launch": false,
            "enable_resource_name_dns_aaaa_record_on_launch": false,
            "id": "subnet-038f58d527ea8138d",
            "ipv6_cidr_block": "",
            "ipv6_cidr_block_association_id": "",
            "ipv6_native": false,
            "map_customer_owned_ip_on_launch": false,
            "map_public_ip_on_launch": false,
            "outpost_arn": "",
            "owner_id": "107534347551",
            "private_dns_hostname_type_on_launch": "ip-name",
            "tags": {
              "Name": "zenskar-public-subnet-1"
            },
            "tags_all": {
              "Name": "zenskar-public-subnet-1"
            },
            "timeouts": null,
            "vpc_id": "vpc-0c02f2c3792039776"
          },
          "sensitive_attributes": [],
          "private": "eyJlMmJmYjczMC1lY2FhLTExZTYtOGY4OC0zNDM2M2JjN2M0YzAiOnsiY3JlYXRlIjo2MDAwMDAwMDAwMDAsImRlbGV0ZSI6MTIwMDAwMDAwMDAwMH0sInNjaGVtYV92ZXJzaW9uIjoiMSJ9",
          "dependencies": [
            "module.load_balancer.module.vpc.aws_vpc.zenskar"
          ]
        },
        {
          "index_key": 1,
          "schema_version": 1,
          "attributes": {
            "arn": "arn:aws:ec2:ap-south-1:107534347551:subnet/subnet-0e7839c08100c4b2f",
            "assign_ipv6_address_on_creation": false,
            "availability_zone": "ap-south-1b",
            "availability_zone_id": "aps1-az3",
            "cidr_block": "172.34.2.0/24",
            "customer_owned_ipv4_pool": "",
            "enable_dns64": false,
            "enable_lni_at_device_index": 0,
            "enable_resource_name_dns_a_record_on_launch": false,
            "enable_resource_name_dns_aaaa_record_on_launch": false,
            "id": "subnet-0e7839c08100c4b2f",
            "ipv6_cidr_block": "",
            "ipv6_cidr_block_association_id": "",
            "ipv6_native": false,
            "map_customer_owned_ip_on_launch": false,
            "map_public_ip_on_launch": false,
            "outpost_arn": "",
            "owner_id": "107534347551",
            "private_dns_hostname_type_on_launch": "ip-name",
            "tags": {
              "Name": "zenskar-public-subnet-2"
            },
            "tags_all": {
              "Name": "zenskar-public-subnet-2"
            },
            "timeouts": null,
            "vpc_id": "vpc-0c02f2c3792039776"
          },
          "sensitive_attributes": [],
          "private": "eyJlMmJmYjczMC1lY2FhLTExZTYtOGY4OC0zNDM2M2JjN2M0YzAiOnsiY3JlYXRlIjo2MDAwMDAwMDAwMDAsImRlbGV0ZSI6MTIwMDAwMDAwMDAwMH0sInNjaGVtYV92ZXJzaW9uIjoiMSJ9",
          "dependencies": [
            "module.load_balancer.module.vpc.aws_vpc.zenskar"
          ]
        },
        {
          "index_key": 2,
          "schema_version": 1,
          "attributes": {
            "arn": "arn:aws:ec2:ap-south-1:107534347551:subnet/subnet-0f989d9cdaacf9f3f",
            "assign_ipv6_address_on_creation": false,
            "availability_zone": "ap-south-1c",
            "availability_zone_id": "aps1-az2",
            "cidr_block": "172.34.3.0/24",
            "customer_owned_ipv4_pool": "",
            "enable_dns64": false,
            "enable_lni_at_device_index": 0,
            "enable_resource_name_dns_a_record_on_launch": false,
            "enable_resource_name_dns_aaaa_record_on_launch": false,
            "id": "subnet-0f989d9cdaacf9f3f",
            "ipv6_cidr_block": "",
            "ipv6_cidr_block_association_id": "",
            "ipv6_native": false,
            "map_customer_owned_ip_on_launch": false,
            "map_public_ip_on_launch": false,
            "outpost_arn": "",
            "owner_id": "107534347551",
            "private_dns_hostname_type_on_launch": "ip-name",
            "tags": {
              "Name": "zenskar-public-subnet-3"
            },
            "tags_all": {
              "Name": "zenskar-public-subnet-3"
            },
            "timeouts": null,
            "vpc_id": "vpc-0c02f2c3792039776"
          },
          "sensitive_attributes": [],
          "private": "eyJlMmJmYjczMC1lY2FhLTExZTYtOGY4OC0zNDM2M2JjN2M0YzAiOnsiY3JlYXRlIjo2MDAwMDAwMDAwMDAsImRlbGV0ZSI6MTIwMDAwMDAwMDAwMH0sInNjaGVtYV92ZXJzaW9uIjoiMSJ9",
          "dependencies": [
            "module.load_balancer.module.vpc.aws_vpc.zenskar"
          ]
        }
      ]
    },
    {
      "module": "module.load_balancer.module.vpc",
      "mode": "managed",
      "type": "aws_vpc",
      "name": "zenskar",
      "provider": "provider[\"registry.terraform.io/hashicorp/aws\"]",
      "instances": [
        {
          "schema_version": 1,
          "attributes": {
            "arn": "arn:aws:ec2:ap-south-1:107534347551:vpc/vpc-0c02f2c3792039776",
            "assign_generated_ipv6_cidr_block": false,
            "cidr_block": "172.34.0.0/16",
            "default_network_acl_id": "acl-0611eeccde7e54ee8",
            "default_route_table_id": "rtb-0ed445c4bdf61c30a",
            "default_security_group_id": "sg-0eed895cf50efcc09",
            "dhcp_options_id": "dopt-0b14c5fe946d33454",
            "enable_dns_hostnames": true,
            "enable_dns_support": true,
            "enable_network_address_usage_metrics": false,
            "id": "vpc-0c02f2c3792039776",
            "instance_tenancy": "default",
            "ipv4_ipam_pool_id": null,
            "ipv4_netmask_length": null,
            "ipv6_association_id": "",
            "ipv6_cidr_block": "",
            "ipv6_cidr_block_network_border_group": "",
            "ipv6_ipam_pool_id": "",
            "ipv6_netmask_length": 0,
            "main_route_table_id": "rtb-0ed445c4bdf61c30a",
            "owner_id": "107534347551",
            "tags": {
              "Name": "zenskar-vpc"
            },
            "tags_all": {
              "Name": "zenskar-vpc"
            }
          },
          "sensitive_attributes": [],
          "private": "eyJzY2hlbWFfdmVyc2lvbiI6IjEifQ=="
        }
      ]
    },
    {
      "module": "module.security_groups",
      "mode": "managed",
      "type": "aws_security_group",
      "name": "private_sg",
      "provider": "provider[\"registry.terraform.io/hashicorp/aws\"]",
      "instances": [
        {
          "schema_version": 1,
          "attributes": {
            "arn": "arn:aws:ec2:ap-south-1:107534347551:security-group/sg-004496a7844d38e88",
            "description": "Security group for private instances",
            "egress": [
              {
                "cidr_blocks": [
                  "0.0.0.0/0"
                ],
                "description": "",
                "from_port": 0,
                "ipv6_cidr_blocks": [],
                "prefix_list_ids": [],
                "protocol": "-1",
                "security_groups": [],
                "self": false,
                "to_port": 0
              }
            ],
            "id": "sg-004496a7844d38e88",
            "ingress": [
              {
                "cidr_blocks": [
                  "0.0.0.0/0"
                ],
                "description": "",
                "from_port": 22,
                "ipv6_cidr_blocks": [],
                "prefix_list_ids": [],
                "protocol": "tcp",
                "security_groups": [],
                "self": false,
                "to_port": 22
              },
              {
                "cidr_blocks": [
                  "0.0.0.0/0"
                ],
                "description": "",
                "from_port": 80,
                "ipv6_cidr_blocks": [],
                "prefix_list_ids": [],
                "protocol": "tcp",
                "security_groups": [],
                "self": false,
                "to_port": 80
              }
            ],
            "name": "private_sg",
            "name_prefix": "",
            "owner_id": "107534347551",
            "revoke_rules_on_delete": false,
            "tags": null,
            "tags_all": {},
            "timeouts": null,
            "vpc_id": "vpc-072bbac1398ceb65a"
          },
          "sensitive_attributes": [],
          "private": "eyJlMmJmYjczMC1lY2FhLTExZTYtOGY4OC0zNDM2M2JjN2M0YzAiOnsiY3JlYXRlIjo2MDAwMDAwMDAwMDAsImRlbGV0ZSI6OTAwMDAwMDAwMDAwfSwic2NoZW1hX3ZlcnNpb24iOiIxIn0=",
          "dependencies": [
            "module.vpc.aws_vpc.zenskar"
          ]
        }
      ]
    },
    {
      "module": "module.security_groups",
      "mode": "managed",
      "type": "aws_security_group",
      "name": "public_sg",
      "provider": "provider[\"registry.terraform.io/hashicorp/aws\"]",
      "instances": [
        {
          "schema_version": 1,
          "attributes": {
            "arn": "arn:aws:ec2:ap-south-1:107534347551:security-group/sg-03c9bf8e746a70827",
            "description": "Security group for public instances",
            "egress": [
              {
                "cidr_blocks": [
                  "0.0.0.0/0"
                ],
                "description": "",
                "from_port": 0,
                "ipv6_cidr_blocks": [],
                "prefix_list_ids": [],
                "protocol": "-1",
                "security_groups": [],
                "self": false,
                "to_port": 0
              }
            ],
            "id": "sg-03c9bf8e746a70827",
            "ingress": [
              {
                "cidr_blocks": [
                  "0.0.0.0/0"
                ],
                "description": "",
                "from_port": 22,
                "ipv6_cidr_blocks": [],
                "prefix_list_ids": [],
                "protocol": "tcp",
                "security_groups": [],
                "self": false,
                "to_port": 22
              },
              {
                "cidr_blocks": [
                  "0.0.0.0/0"
                ],
                "description": "",
                "from_port": 80,
                "ipv6_cidr_blocks": [],
                "prefix_list_ids": [],
                "protocol": "tcp",
                "security_groups": [],
                "self": false,
                "to_port": 80
              }
            ],
            "name": "public_sg",
            "name_prefix": "",
            "owner_id": "107534347551",
            "revoke_rules_on_delete": false,
            "tags": null,
            "tags_all": {},
            "timeouts": null,
            "vpc_id": "vpc-072bbac1398ceb65a"
          },
          "sensitive_attributes": [],
          "private": "eyJlMmJmYjczMC1lY2FhLTExZTYtOGY4OC0zNDM2M2JjN2M0YzAiOnsiY3JlYXRlIjo2MDAwMDAwMDAwMDAsImRlbGV0ZSI6OTAwMDAwMDAwMDAwfSwic2NoZW1hX3ZlcnNpb24iOiIxIn0=",
          "dependencies": [
            "module.vpc.aws_vpc.zenskar"
          ]
        }
      ]
    },
    {
      "module": "module.ssh_keypair",
      "mode": "managed",
      "type": "tls_private_key",
      "name": "bastion_ssh_keypair",
      "provider": "provider[\"registry.terraform.io/hashicorp/tls\"]",
      "instances": [
        {
          "schema_version": 1,
          "attributes": {
            "algorithm": "RSA",
            "ecdsa_curve": "P224",
            "id": "d41143ab4e62578b3df543d0b97c93ad649f2fc2",
            "private_key_openssh": "-----BEGIN OPENSSH PRIVATE KEY-----\nb3BlbnNzaC1rZXktdjEAAAAABG5vbmUAAAAEbm9uZQAAAAAAAAABAAACFwAAAAdz\nc2gtcnNhAAAAAwEAAQAAAgEA4MvICBS0Bt2Suc3RAK6D0bBOXK39asDefQvgzCMl\nUhRa8i/SHlOBP/xu0GGlzEYenQD2QMET8VyeDrGs1ZAzHuWjE13aXVi/krQJAeBf\nwQylbYzcxk4rUcRkp6482Oxe7Rd1fKrSs3c4HCcqE50sxwkltJS9et2PmCKJ2ZHJ\nprGyeEpWz9Vt6nB6chGAGhsvc9/jQ+lkeEBUD87I7BMBntAQRYLXE1K9BbcpAR94\nDFrU16rbn3qmIEC5GIXucGfSBKQDDOlcTEEMhkVHZ9CvO6+6qQto+JYWlI6T3zDI\nIYfqorT3D3mDxo5g6RsRf9HVxqETmEefGXEDixV1jz0Us5w1qWc+B3vcMe+1CWJt\nIXvYJc/unQszbN+MGcNdbS0x4qYQFCWEFf+cSEKZeACrtrlXqr0QOfVRHzKVC4t/\nSyPyIXFAkaH9CMz/1BG2/5DtUWDnF9oWDMBDk1NClKfN1vdOjJRma9X8aPGsr7TX\nCdZDO20J188yjeM23Gnl0oEUbIwluCPq4CUo5m1cv4gZr1AlspXRa2Jgry5A/bJW\nVBIQ8TGrAk6Xo/TzvprrE7kl1RkYjpldr6v91vroyxomcy82Bzw+HoBd5QPaX58R\nv3+hRyGaNm5ORmKfyUcZml+rBF9RVqx+MaFTW6hEXT5WLuQYurnLAqlRCBCZQ+WL\nZ0cAAAc46NhmGujYZhoAAAAHc3NoLXJzYQAAAgEA4MvICBS0Bt2Suc3RAK6D0bBO\nXK39asDefQvgzCMlUhRa8i/SHlOBP/xu0GGlzEYenQD2QMET8VyeDrGs1ZAzHuWj\nE13aXVi/krQJAeBfwQylbYzcxk4rUcRkp6482Oxe7Rd1fKrSs3c4HCcqE50sxwkl\ntJS9et2PmCKJ2ZHJprGyeEpWz9Vt6nB6chGAGhsvc9/jQ+lkeEBUD87I7BMBntAQ\nRYLXE1K9BbcpAR94DFrU16rbn3qmIEC5GIXucGfSBKQDDOlcTEEMhkVHZ9CvO6+6\nqQto+JYWlI6T3zDIIYfqorT3D3mDxo5g6RsRf9HVxqETmEefGXEDixV1jz0Us5w1\nqWc+B3vcMe+1CWJtIXvYJc/unQszbN+MGcNdbS0x4qYQFCWEFf+cSEKZeACrtrlX\nqr0QOfVRHzKVC4t/SyPyIXFAkaH9CMz/1BG2/5DtUWDnF9oWDMBDk1NClKfN1vdO\njJRma9X8aPGsr7TXCdZDO20J188yjeM23Gnl0oEUbIwluCPq4CUo5m1cv4gZr1Al\nspXRa2Jgry5A/bJWVBIQ8TGrAk6Xo/TzvprrE7kl1RkYjpldr6v91vroyxomcy82\nBzw+HoBd5QPaX58Rv3+hRyGaNm5ORmKfyUcZml+rBF9RVqx+MaFTW6hEXT5WLuQY\nurnLAqlRCBCZQ+WLZ0cAAAADAQABAAACAQChH68qi5xV528JmooZ0PxOye4A4/zm\nDYPrYR4pc2+Gm2xsdvZGIlhcApVy6uqptgCvTEc1Nq8Squ3nXlahZJAfrzzp3rVr\nfvchMcXbAHXhqyzPjs2XnePS4c+7mFmoqhOIIO5nAxGu7N7c3v17vYagyt+pxYri\ni/gmdWsU9TfyMR/YtH/wy+vSw/gf1odZLu8eQPVmcd0/i+w0wGSnQSBCMqPXDucV\nxJITjKrpUSL8yAYS5zYv4vs71uhUuXqkOuX/yYceNA2h4mYVv4Zk1OElCNnj3HfK\n5dkddexrZ02rKv50zPzgrJpVMSwpKOusED0H9+BRn9RbqfN+N01h88fndPB1q3r4\nRUbmL1PpmhCOnnInohoaLRLe0EFzH5D0CPPNpStwx8P85suc9Dg0mWP20lR35ja2\nIW0sThhi1nbaSI9r0dTix4LyV3fL83FgYDApEtvBVQliPvCPbGkgevfPkx4JvHuN\nT5rdD9adkKnrHJ7SPe9pxRlvuDBDXTf/M5r3VbG82SXA/2GaVyQl+L0ey5SJWFJG\nElhe6y7u8g4K/Xa3hqDlZbRTIY4ObztYDsTfvWGTdWhAfQdXJxZfPphEqI+nc2lO\nwPduDk81IUy0OU/wuBguz15o+HaKJ7nBzroCTltHjNuviBemBzD4y03FHLIsL21O\n5orU/wCX+utY0QAAAQBkxbIjghgrFEgfWcRqdDOofCbtkIB6LmvWkthxKHQdOJX6\nZxYpLlROsuvAewrRh2B7cV0Y+52ELlyH6jPSjeRdU/xILbPFBNGSoi5gmt07V/yx\n4jgbD2wP3kP9Q7u1hWNaVgwC38ksnBpoiB1ayrQDlf7pVL2H8MQXjxHD18V6gKHy\n7nDfZw7Uct/ZLeoBlMdmCaxqyTnojH09vWC2RUUzNCnaD9+OXJ147ygbI2EWAR16\nRMNC+f3LMDWtP+1qRrBpZISr7bidMp6WVPdEq44Nz53/ELNbVHoQsoEBIx7Mv2Mg\n/mD0fXEyyt5Ly9HOFaLX7+QgqjeFHoE8hbdwzXZBAAABAQD6quwQzC69/Z3724O0\nCIEQwXY2yq0os/lNYG/fravgkLhNLY8DhTEDhWPA2AyAqP5I7+u+93giU3JqLQE7\nTjgzm8eLrFj7ZkSHmIrU0nxYwPuHXd/hlnlUrIDifgDMI7zQP5z27d98JDEthGL4\nFCrnHYwH85fGVdlBRBdeUSQuvqKeZGJ0k2tGkhsJVv5RdqM0P/4fBupPqKxJykXh\nodwItiQAfyYozluciEm2vtiuYPOCDgKS6TL84yxc0ZJGqszZ3aGkdqP+tkDfKqds\nlg55ZAAd8YBaMAy6yUnc0kZ4ugQ0C2OPOTsCoX3x7UjQVW6gmXzxjE5mKhHgQABs\ncjKjAAABAQDlk/fhR+rEsnhSGTFfYXN8CImqgUTq2iivLE9iVEE1CylGE7io5XvX\nq8AdJT7Ng9NcDzqRrLI3E0TCtojSIMksV2rRLpFfJ3XVwfPX4Ny4AyC4JVgZOeBk\nTgVHgnz34c6q3rCDpIH1EMXAil38CVaZNDAYAamNIjgVmsS1zdYeT2hJPbJcG9AX\n5Wd9zCeqTxQ26QY3tLl8f1kZpNg5tO6P3muW3NvyuRH9UGSRSDxWqIG0VRAzKr2Y\nZrDGBMnzGwR9rBsnRNhqlEy1L+FwTo8Ec3AEwUYsorgvUrqALS6Z09ER1fIGC+E5\noHg1zlrOpaN8bganav+fj5Q5RxlyWCcNAAAAAAEC\n-----END OPENSSH PRIVATE KEY-----\n",
            "private_key_pem": "-----BEGIN RSA PRIVATE KEY-----\nMIIJKQIBAAKCAgEA4MvICBS0Bt2Suc3RAK6D0bBOXK39asDefQvgzCMlUhRa8i/S\nHlOBP/xu0GGlzEYenQD2QMET8VyeDrGs1ZAzHuWjE13aXVi/krQJAeBfwQylbYzc\nxk4rUcRkp6482Oxe7Rd1fKrSs3c4HCcqE50sxwkltJS9et2PmCKJ2ZHJprGyeEpW\nz9Vt6nB6chGAGhsvc9/jQ+lkeEBUD87I7BMBntAQRYLXE1K9BbcpAR94DFrU16rb\nn3qmIEC5GIXucGfSBKQDDOlcTEEMhkVHZ9CvO6+6qQto+JYWlI6T3zDIIYfqorT3\nD3mDxo5g6RsRf9HVxqETmEefGXEDixV1jz0Us5w1qWc+B3vcMe+1CWJtIXvYJc/u\nnQszbN+MGcNdbS0x4qYQFCWEFf+cSEKZeACrtrlXqr0QOfVRHzKVC4t/SyPyIXFA\nkaH9CMz/1BG2/5DtUWDnF9oWDMBDk1NClKfN1vdOjJRma9X8aPGsr7TXCdZDO20J\n188yjeM23Gnl0oEUbIwluCPq4CUo5m1cv4gZr1AlspXRa2Jgry5A/bJWVBIQ8TGr\nAk6Xo/TzvprrE7kl1RkYjpldr6v91vroyxomcy82Bzw+HoBd5QPaX58Rv3+hRyGa\nNm5ORmKfyUcZml+rBF9RVqx+MaFTW6hEXT5WLuQYurnLAqlRCBCZQ+WLZ0cCAwEA\nAQKCAgEAoR+vKoucVedvCZqKGdD8TsnuAOP85g2D62EeKXNvhptsbHb2RiJYXAKV\ncurqqbYAr0xHNTavEqrt515WoWSQH6886d61a373ITHF2wB14assz47Nl53j0uHP\nu5hZqKoTiCDuZwMRruze3N79e72GoMrfqcWK4ov4JnVrFPU38jEf2LR/8Mvr0sP4\nH9aHWS7vHkD1ZnHdP4vsNMBkp0EgQjKj1w7nFcSSE4yq6VEi/MgGEuc2L+L7O9bo\nVLl6pDrl/8mHHjQNoeJmFb+GZNThJQjZ49x3yuXZHXXsa2dNqyr+dMz84KyaVTEs\nKSjrrBA9B/fgUZ/UW6nzfjdNYfPH53Twdat6+EVG5i9T6ZoQjp5yJ6IaGi0S3tBB\ncx+Q9AjzzaUrcMfD/ObLnPQ4NJlj9tJUd+Y2tiFtLE4YYtZ22kiPa9HU4seC8ld3\ny/NxYGAwKRLbwVUJYj7wj2xpIHr3z5MeCbx7jU+a3Q/WnZCp6xye0j3vacUZb7gw\nQ103/zOa91WxvNklwP9hmlckJfi9HsuUiVhSRhJYXusu7vIOCv12t4ag5WW0UyGO\nDm87WA7E371hk3VoQH0HVycWXz6YRKiPp3NpTsD3bg5PNSFMtDlP8LgYLs9eaPh2\niie5wc66Ak5bR4zbr4gXpgcw+MtNxRyyLC9tTuaK1P8Al/rrWNECggEBAPqq7BDM\nLr39nfvbg7QIgRDBdjbKrSiz+U1gb9+tq+CQuE0tjwOFMQOFY8DYDICo/kjv6773\neCJTcmotATtOODObx4usWPtmRIeYitTSfFjA+4dd3+GWeVSsgOJ+AMwjvNA/nPbt\n33wkMS2EYvgUKucdjAfzl8ZV2UFEF15RJC6+op5kYnSTa0aSGwlW/lF2ozQ//h8G\n6k+orEnKReGh3Ai2JAB/JijOW5yISba+2K5g84IOApLpMvzjLFzRkkaqzNndoaR2\no/62QN8qp2yWDnlkAB3xgFowDLrJSdzSRni6BDQLY485OwKhffHtSNBVbqCZfPGM\nTmYqEeBAAGxyMqMCggEBAOWT9+FH6sSyeFIZMV9hc3wIiaqBROraKK8sT2JUQTUL\nKUYTuKjle9erwB0lPs2D01wPOpGssjcTRMK2iNIgySxXatEukV8nddXB89fg3LgD\nILglWBk54GROBUeCfPfhzqresIOkgfUQxcCKXfwJVpk0MBgBqY0iOBWaxLXN1h5P\naEk9slwb0BflZ33MJ6pPFDbpBje0uXx/WRmk2Dm07o/ea5bc2/K5Ef1QZJFIPFao\ngbRVEDMqvZhmsMYEyfMbBH2sGydE2GqUTLUv4XBOjwRzcATBRiyiuC9SuoAtLpnT\n0RHV8gYL4TmgeDXOWs6lo3xuBqdq/5+PlDlHGXJYJw0CggEBALKXtqtdHmxk1vuL\ncbGCYZpzi+sLygV2/MdhTzPZg9zynyz1qbBDZCFzFxhdlcLRJKMItTkRDfm+5IS7\nXeZIG4jBk5FzEM7FFUxapYduFAQUMuFGQ+1xDS8D3KwCREUtrSfeOtI/tnu3OYaJ\njQ3dKJgTmCJOLrOzlJ+IiPG88/+N+UTKls8h/UuBa1vjLD0UPsFKWp72iViJ/35v\nbAyPCrr2Mn5cGO7335OOEp7uKGlNUBE4NCNBnP9KR+A1vHc2187dtn37vWoLpfqa\nZEDcRKG+Wsr6to0LMPaf1U1MT8NSHQ6LkrqHdwCv2JDWk4tDYxdvY/KhGXZ2wNe6\nIdMiJesCggEAdqXIP+d5D3rk8BkRCShGFN4ct7/jLDTfPdj6lejRYmaISC09DBy9\nqjKbMPTkxjXQ8Az2yf6khA4zRSYtA9vp3D65d65HdxPftD9ulC0kJP2I1WKHa1Ic\nA/rGg7SOfVV4B5rbQs2sVEj8yos4E1+IH9l22ZFSXRxIO/Imo4bjl/qV/PQjz7KY\nEyF+IOd3wG7qFY7MpdGC4zK1i6lEDl7RxAzBMdCm44R+JZp8vxDEDk0760TjAG6g\nWbkItu4WqMtXwNNHnT3ZUwudsS4zpmUTSMuYIvz4FW1rHxn0RPYU1W9A56TYVgOh\nvLSQK86f45h7K315duC3h3Eeu5NhNVUVqQKCAQBkxbIjghgrFEgfWcRqdDOofCbt\nkIB6LmvWkthxKHQdOJX6ZxYpLlROsuvAewrRh2B7cV0Y+52ELlyH6jPSjeRdU/xI\nLbPFBNGSoi5gmt07V/yx4jgbD2wP3kP9Q7u1hWNaVgwC38ksnBpoiB1ayrQDlf7p\nVL2H8MQXjxHD18V6gKHy7nDfZw7Uct/ZLeoBlMdmCaxqyTnojH09vWC2RUUzNCna\nD9+OXJ147ygbI2EWAR16RMNC+f3LMDWtP+1qRrBpZISr7bidMp6WVPdEq44Nz53/\nELNbVHoQsoEBIx7Mv2Mg/mD0fXEyyt5Ly9HOFaLX7+QgqjeFHoE8hbdwzXZB\n-----END RSA PRIVATE KEY-----\n",
            "private_key_pem_pkcs8": "-----BEGIN PRIVATE KEY-----\nMIIJQwIBADANBgkqhkiG9w0BAQEFAASCCS0wggkpAgEAAoICAQDgy8gIFLQG3ZK5\nzdEAroPRsE5crf1qwN59C+DMIyVSFFryL9IeU4E//G7QYaXMRh6dAPZAwRPxXJ4O\nsazVkDMe5aMTXdpdWL+StAkB4F/BDKVtjNzGTitRxGSnrjzY7F7tF3V8qtKzdzgc\nJyoTnSzHCSW0lL163Y+YIonZkcmmsbJ4SlbP1W3qcHpyEYAaGy9z3+ND6WR4QFQP\nzsjsEwGe0BBFgtcTUr0FtykBH3gMWtTXqtufeqYgQLkYhe5wZ9IEpAMM6VxMQQyG\nRUdn0K87r7qpC2j4lhaUjpPfMMghh+qitPcPeYPGjmDpGxF/0dXGoROYR58ZcQOL\nFXWPPRSznDWpZz4He9wx77UJYm0he9glz+6dCzNs34wZw11tLTHiphAUJYQV/5xI\nQpl4AKu2uVeqvRA59VEfMpULi39LI/IhcUCRof0IzP/UEbb/kO1RYOcX2hYMwEOT\nU0KUp83W906MlGZr1fxo8ayvtNcJ1kM7bQnXzzKN4zbcaeXSgRRsjCW4I+rgJSjm\nbVy/iBmvUCWyldFrYmCvLkD9slZUEhDxMasCTpej9PO+musTuSXVGRiOmV2vq/3W\n+ujLGiZzLzYHPD4egF3lA9pfnxG/f6FHIZo2bk5GYp/JRxmaX6sEX1FWrH4xoVNb\nqERdPlYu5Bi6ucsCqVEIEJlD5YtnRwIDAQABAoICAQChH68qi5xV528JmooZ0PxO\nye4A4/zmDYPrYR4pc2+Gm2xsdvZGIlhcApVy6uqptgCvTEc1Nq8Squ3nXlahZJAf\nrzzp3rVrfvchMcXbAHXhqyzPjs2XnePS4c+7mFmoqhOIIO5nAxGu7N7c3v17vYag\nyt+pxYrii/gmdWsU9TfyMR/YtH/wy+vSw/gf1odZLu8eQPVmcd0/i+w0wGSnQSBC\nMqPXDucVxJITjKrpUSL8yAYS5zYv4vs71uhUuXqkOuX/yYceNA2h4mYVv4Zk1OEl\nCNnj3HfK5dkddexrZ02rKv50zPzgrJpVMSwpKOusED0H9+BRn9RbqfN+N01h88fn\ndPB1q3r4RUbmL1PpmhCOnnInohoaLRLe0EFzH5D0CPPNpStwx8P85suc9Dg0mWP2\n0lR35ja2IW0sThhi1nbaSI9r0dTix4LyV3fL83FgYDApEtvBVQliPvCPbGkgevfP\nkx4JvHuNT5rdD9adkKnrHJ7SPe9pxRlvuDBDXTf/M5r3VbG82SXA/2GaVyQl+L0e\ny5SJWFJGElhe6y7u8g4K/Xa3hqDlZbRTIY4ObztYDsTfvWGTdWhAfQdXJxZfPphE\nqI+nc2lOwPduDk81IUy0OU/wuBguz15o+HaKJ7nBzroCTltHjNuviBemBzD4y03F\nHLIsL21O5orU/wCX+utY0QKCAQEA+qrsEMwuvf2d+9uDtAiBEMF2NsqtKLP5TWBv\n362r4JC4TS2PA4UxA4VjwNgMgKj+SO/rvvd4IlNyai0BO044M5vHi6xY+2ZEh5iK\n1NJ8WMD7h13f4ZZ5VKyA4n4AzCO80D+c9u3ffCQxLYRi+BQq5x2MB/OXxlXZQUQX\nXlEkLr6inmRidJNrRpIbCVb+UXajND/+HwbqT6isScpF4aHcCLYkAH8mKM5bnIhJ\ntr7YrmDzgg4Ckuky/OMsXNGSRqrM2d2hpHaj/rZA3yqnbJYOeWQAHfGAWjAMuslJ\n3NJGeLoENAtjjzk7AqF98e1I0FVuoJl88YxOZioR4EAAbHIyowKCAQEA5ZP34Ufq\nxLJ4UhkxX2FzfAiJqoFE6tooryxPYlRBNQspRhO4qOV716vAHSU+zYPTXA86kayy\nNxNEwraI0iDJLFdq0S6RXyd11cHz1+DcuAMguCVYGTngZE4FR4J89+HOqt6wg6SB\n9RDFwIpd/AlWmTQwGAGpjSI4FZrEtc3WHk9oST2yXBvQF+Vnfcwnqk8UNukGN7S5\nfH9ZGaTYObTuj95rltzb8rkR/VBkkUg8VqiBtFUQMyq9mGawxgTJ8xsEfawbJ0TY\napRMtS/hcE6PBHNwBMFGLKK4L1K6gC0umdPREdXyBgvhOaB4Nc5azqWjfG4Gp2r/\nn4+UOUcZclgnDQKCAQEAspe2q10ebGTW+4txsYJhmnOL6wvKBXb8x2FPM9mD3PKf\nLPWpsENkIXMXGF2VwtEkowi1OREN+b7khLtd5kgbiMGTkXMQzsUVTFqlh24UBBQy\n4UZD7XENLwPcrAJERS2tJ9460j+2e7c5homNDd0omBOYIk4us7OUn4iI8bzz/435\nRMqWzyH9S4FrW+MsPRQ+wUpanvaJWIn/fm9sDI8KuvYyflwY7vffk44Snu4oaU1Q\nETg0I0Gc/0pH4DW8dzbXzt22ffu9agul+ppkQNxEob5ayvq2jQsw9p/VTUxPw1Id\nDouSuod3AK/YkNaTi0NjF29j8qEZdnbA17oh0yIl6wKCAQB2pcg/53kPeuTwGREJ\nKEYU3hy3v+MsNN892PqV6NFiZohILT0MHL2qMpsw9OTGNdDwDPbJ/qSEDjNFJi0D\n2+ncPrl3rkd3E9+0P26ULSQk/YjVYodrUhwD+saDtI59VXgHmttCzaxUSPzKizgT\nX4gf2XbZkVJdHEg78iajhuOX+pX89CPPspgTIX4g53fAbuoVjsyl0YLjMrWLqUQO\nXtHEDMEx0KbjhH4lmny/EMQOTTvrROMAbqBZuQi27haoy1fA00edPdlTC52xLjOm\nZRNIy5gi/PgVbWsfGfRE9hTVb0DnpNhWA6G8tJArzp/jmHsrfXl24LeHcR67k2E1\nVRWpAoIBAGTFsiOCGCsUSB9ZxGp0M6h8Ju2QgHoua9aS2HEodB04lfpnFikuVE6y\n68B7CtGHYHtxXRj7nYQuXIfqM9KN5F1T/Egts8UE0ZKiLmCa3TtX/LHiOBsPbA/e\nQ/1Du7WFY1pWDALfySycGmiIHVrKtAOV/ulUvYfwxBePEcPXxXqAofLucN9nDtRy\n39kt6gGUx2YJrGrJOeiMfT29YLZFRTM0KdoP345cnXjvKBsjYRYBHXpEw0L5/csw\nNa0/7WpGsGlkhKvtuJ0ynpZU90Srjg3Pnf8Qs1tUehCygQEjHsy/YyD+YPR9cTLK\n3kvL0c4Votfv5CCqN4UegTyFt3DNdkE=\n-----END PRIVATE KEY-----\n",
            "public_key_fingerprint_md5": "42:85:87:2c:de:ed:88:e9:71:1b:e8:1f:13:27:9f:03",
            "public_key_fingerprint_sha256": "SHA256:LuQBQT7IwfXOYvtXa9TgXsy0DDwG/gy80zyJddpl088",
            "public_key_openssh": "ssh-rsa AAAAB3NzaC1yc2EAAAADAQABAAACAQDgy8gIFLQG3ZK5zdEAroPRsE5crf1qwN59C+DMIyVSFFryL9IeU4E//G7QYaXMRh6dAPZAwRPxXJ4OsazVkDMe5aMTXdpdWL+StAkB4F/BDKVtjNzGTitRxGSnrjzY7F7tF3V8qtKzdzgcJyoTnSzHCSW0lL163Y+YIonZkcmmsbJ4SlbP1W3qcHpyEYAaGy9z3+ND6WR4QFQPzsjsEwGe0BBFgtcTUr0FtykBH3gMWtTXqtufeqYgQLkYhe5wZ9IEpAMM6VxMQQyGRUdn0K87r7qpC2j4lhaUjpPfMMghh+qitPcPeYPGjmDpGxF/0dXGoROYR58ZcQOLFXWPPRSznDWpZz4He9wx77UJYm0he9glz+6dCzNs34wZw11tLTHiphAUJYQV/5xIQpl4AKu2uVeqvRA59VEfMpULi39LI/IhcUCRof0IzP/UEbb/kO1RYOcX2hYMwEOTU0KUp83W906MlGZr1fxo8ayvtNcJ1kM7bQnXzzKN4zbcaeXSgRRsjCW4I+rgJSjmbVy/iBmvUCWyldFrYmCvLkD9slZUEhDxMasCTpej9PO+musTuSXVGRiOmV2vq/3W+ujLGiZzLzYHPD4egF3lA9pfnxG/f6FHIZo2bk5GYp/JRxmaX6sEX1FWrH4xoVNbqERdPlYu5Bi6ucsCqVEIEJlD5YtnRw==\n",
            "public_key_pem": "-----BEGIN PUBLIC KEY-----\nMIICIjANBgkqhkiG9w0BAQEFAAOCAg8AMIICCgKCAgEA4MvICBS0Bt2Suc3RAK6D\n0bBOXK39asDefQvgzCMlUhRa8i/SHlOBP/xu0GGlzEYenQD2QMET8VyeDrGs1ZAz\nHuWjE13aXVi/krQJAeBfwQylbYzcxk4rUcRkp6482Oxe7Rd1fKrSs3c4HCcqE50s\nxwkltJS9et2PmCKJ2ZHJprGyeEpWz9Vt6nB6chGAGhsvc9/jQ+lkeEBUD87I7BMB\nntAQRYLXE1K9BbcpAR94DFrU16rbn3qmIEC5GIXucGfSBKQDDOlcTEEMhkVHZ9Cv\nO6+6qQto+JYWlI6T3zDIIYfqorT3D3mDxo5g6RsRf9HVxqETmEefGXEDixV1jz0U\ns5w1qWc+B3vcMe+1CWJtIXvYJc/unQszbN+MGcNdbS0x4qYQFCWEFf+cSEKZeACr\ntrlXqr0QOfVRHzKVC4t/SyPyIXFAkaH9CMz/1BG2/5DtUWDnF9oWDMBDk1NClKfN\n1vdOjJRma9X8aPGsr7TXCdZDO20J188yjeM23Gnl0oEUbIwluCPq4CUo5m1cv4gZ\nr1AlspXRa2Jgry5A/bJWVBIQ8TGrAk6Xo/TzvprrE7kl1RkYjpldr6v91vroyxom\ncy82Bzw+HoBd5QPaX58Rv3+hRyGaNm5ORmKfyUcZml+rBF9RVqx+MaFTW6hEXT5W\nLuQYurnLAqlRCBCZQ+WLZ0cCAwEAAQ==\n-----END PUBLIC KEY-----\n",
            "rsa_bits": 4096
          },
          "sensitive_attributes": []
        }
      ]
    },
    {
      "module": "module.ssh_keypair",
      "mode": "managed",
      "type": "tls_private_key",
      "name": "private_instance_ssh_keypair",
      "provider": "provider[\"registry.terraform.io/hashicorp/tls\"]",
      "instances": [
        {
          "schema_version": 1,
          "attributes": {
            "algorithm": "RSA",
            "ecdsa_curve": "P224",
            "id": "342ddb20132acf769e797fd02b2204f0a119f6ec",
            "private_key_openssh": "-----BEGIN OPENSSH PRIVATE KEY-----\nb3BlbnNzaC1rZXktdjEAAAAABG5vbmUAAAAEbm9uZQAAAAAAAAABAAACFwAAAAdz\nc2gtcnNhAAAAAwEAAQAAAgEAuh7/P+jlVfucIb+HYFw4sQkN8KGgZGrglCd+r81p\n+rJDn56nz96Qt+b7AxEsqq1908QqckRNle1QS8yXLuXGJb+4PtR4S54k51vaReHv\nUSZIHeG8XxT3YG8lEoXuFlbsl4BKPo/z+kSMCEmEElKNIqpdD0etgur7DdbOSfRO\nZSLLX3q4vLoA3hEBefxCa3w3DHBDAMVmAa9PR1mqyuChPDWI1VTXaAp4nYrAzGss\nJ+h5WLd7sTuV3w+vp0f+ygU3vZoyoHTx/CV3HvcEbFDIBTsYFOqAji6OrBbC5U/W\nA00sE/A6v5Nh3/ti1Z55utKs6x+wu9g66O9sYEnYgBgCKuY5n04ZmQaBsHYrPDBw\nXdm9JwQQ0kqfxFFE95ouGWRXwGmVJxr8j5Bl3e1KIBtChxobuK6CAG+hGfWLCl0p\nEET4LY+/BYRAoI0cQ8k+mspfK4hz0RbmFslEiSkoiIiqqF7W8FL7tP5Avq+ziZaz\nL5ELfcTlmBn/glpJVu8k2TGC4d3D3zOMl1EVunW7jz3pGGHv8r2VzRu5/wktoIw7\naKfXGagG5/ON0o67EPa3ekgatz+k012qwDUXqex2JrsS8ApQsEEdQJgZ+kbyryFD\nLBEOd61XnAJH1MuY6wie5qQMBE7SuzzkPVw/uRZ+aRXWWmsLyCiQh4h5CWltX+NN\n8bsAAAc4aWOFAmljhQIAAAAHc3NoLXJzYQAAAgEAuh7/P+jlVfucIb+HYFw4sQkN\n8KGgZGrglCd+r81p+rJDn56nz96Qt+b7AxEsqq1908QqckRNle1QS8yXLuXGJb+4\nPtR4S54k51vaReHvUSZIHeG8XxT3YG8lEoXuFlbsl4BKPo/z+kSMCEmEElKNIqpd\nD0etgur7DdbOSfROZSLLX3q4vLoA3hEBefxCa3w3DHBDAMVmAa9PR1mqyuChPDWI\n1VTXaAp4nYrAzGssJ+h5WLd7sTuV3w+vp0f+ygU3vZoyoHTx/CV3HvcEbFDIBTsY\nFOqAji6OrBbC5U/WA00sE/A6v5Nh3/ti1Z55utKs6x+wu9g66O9sYEnYgBgCKuY5\nn04ZmQaBsHYrPDBwXdm9JwQQ0kqfxFFE95ouGWRXwGmVJxr8j5Bl3e1KIBtChxob\nuK6CAG+hGfWLCl0pEET4LY+/BYRAoI0cQ8k+mspfK4hz0RbmFslEiSkoiIiqqF7W\n8FL7tP5Avq+ziZazL5ELfcTlmBn/glpJVu8k2TGC4d3D3zOMl1EVunW7jz3pGGHv\n8r2VzRu5/wktoIw7aKfXGagG5/ON0o67EPa3ekgatz+k012qwDUXqex2JrsS8ApQ\nsEEdQJgZ+kbyryFDLBEOd61XnAJH1MuY6wie5qQMBE7SuzzkPVw/uRZ+aRXWWmsL\nyCiQh4h5CWltX+NN8bsAAAADAQABAAACAGbljChBEckfeYoO4UEcuxrk7pgCQzJB\nBDfkPd3jqpu2wjwU8qGxYkDJqixf6lnR4Kaa5PyXVm107dd6HHsI/SsRe0MBJCBq\nJezikyHfbvdmOqiKjCHk7X6a89vxv1cKZ3K6slE0NKZAD0rlmeanTO/FT/2Kmxqt\n3m4gO5wXPOAdBGKc7lUoYCJlNHPEStQxsB1oUyKx/1sfGK1RnWLcHUe0MRn/9bbH\nUzeF5mEdPyQxGiU6C2BImOrhOTM6UlpN2CsyfJrJDJ9h9yFfX0qivnJl4UJvAvOY\nObhaPRWZta/NknjTbydKy+mQiWugWZw3rPGwa3zuZmMxOrFhIhhvLYKoklT5rvP1\nm7xd6zZj+C1RGy9QG0jWS3LIVKqe4kWAY8uD0I9rhXhzDJLn39M8QZOGgc2lSb1U\niqz3cLYvJQQuo8WNflsD76X9ay5TLX5VTbwp2gWNxAPrLCLqfkebyWDcUYjkHA5K\nib+TxlXk4nEFSBFyCJXRA3Btil0ObvlQONQ5wcczeufpl1wSvhykfjOnH/CpLB2h\nbrDrrKwjc+xuetFboyBCx1ejKKXNzpwM6IiShw6PTphdXgiUaPCTKWlsgqgkxciV\nU3uXFQViCurTvcYpqHu8ebrratCOPupcTPRLZZepccgV2iy05HThKcw3fYeiuQSM\nFu7r+B5yJElBAAABAEhrjLMbpBedG5395q5HFjkkZFsXfHXMNbF9ngnvy3NuYRpo\nAduBYoT7I/dsvvduQMeHrm3cRoF4GsJ61nl7VfHhOuNxh8D/JkSjyU6+eDJvJYih\nIsQuJ6FPu/CrQGEjpD0ntln7/bdb8SgWklZhPUGNbGVPq0AFgRbuyUT1DnCxlpbC\nSG8uVH1sutNC/NY5AVIakB8l6cuybqs5w7o4ned9Mr9NIozrIhThvSeiXFj9uO+G\nBO1TXB+wDmi34axNjtJTJ0qD6oir9ZG0grm+xgY0Y2H1y+HRFQdzYmS7yA3XMmaq\naJvbf4h6k6dxNG+r6GQtXBG5FbAB2Yvd7V/TfmwAAAEBAOI9rRPUEW+10Ts4zTCf\nR0Zn4B7di9V1GN8Iu+RvCHG0+eXwKVMXIJoHTCf1fl8fEtHAJ6q+mSvTw06heqMI\nHjuyqyDRv53sejMU8/yrKF8GNliAJLgsxtdC7e0wg3UIgTdb7dPpg0W2Oa4dQQux\n+y3aYK9qYYO7wYNlbFiUIMXuJ9ygdTK1U0Q6I8VAyGXomfkBU0d8RIPaONJFhGCo\nHm0IBvpuLx2ZR8AguJZvkvUV1O/17ZRplHaZVs3Qyanl8Tn2VhnlHBPTptg9eHpO\nBO6GY8vzgbXaMjfWcFQR53G5Wrm46ZTiOgGfakbaMgmL1wRcctahiCHq5Go8KZHX\ngRcAAAEBANKaWHPJMS/seQWlswESBqBjAmu15Z6uly8ICkhHtjT8kMMXxR1FNvFc\nGMbWY+y3NgxnaERRmc9cgTM5DUTuOChNyfwKjJiIMgQ3RlCIslQzPteA7rs+W/2m\nY5+reHxA5dP6ClA71f3IkZJ5cauPfe2OcdsiMCHCMEyOCYBhEmnBzULVhDGM2v7m\nvZA+wH6dzP99AoqHJKzQcIGmNCLBz39vYL/g/U1IEYtHsw1w7Wdy15tCXNarx1QR\npHD92IteMiclWw/Gt2b3WsM1Nc+YwdotAMd0rs9p6KGfzTlGOUf6BxJYmKE290Kk\nz86PLOPxHB8cxWgWLKQHicJ9164WUv0AAAAAAQID\n-----END OPENSSH PRIVATE KEY-----\n",
            "private_key_pem": "-----BEGIN RSA PRIVATE KEY-----\nMIIJKAIBAAKCAgEAuh7/P+jlVfucIb+HYFw4sQkN8KGgZGrglCd+r81p+rJDn56n\nz96Qt+b7AxEsqq1908QqckRNle1QS8yXLuXGJb+4PtR4S54k51vaReHvUSZIHeG8\nXxT3YG8lEoXuFlbsl4BKPo/z+kSMCEmEElKNIqpdD0etgur7DdbOSfROZSLLX3q4\nvLoA3hEBefxCa3w3DHBDAMVmAa9PR1mqyuChPDWI1VTXaAp4nYrAzGssJ+h5WLd7\nsTuV3w+vp0f+ygU3vZoyoHTx/CV3HvcEbFDIBTsYFOqAji6OrBbC5U/WA00sE/A6\nv5Nh3/ti1Z55utKs6x+wu9g66O9sYEnYgBgCKuY5n04ZmQaBsHYrPDBwXdm9JwQQ\n0kqfxFFE95ouGWRXwGmVJxr8j5Bl3e1KIBtChxobuK6CAG+hGfWLCl0pEET4LY+/\nBYRAoI0cQ8k+mspfK4hz0RbmFslEiSkoiIiqqF7W8FL7tP5Avq+ziZazL5ELfcTl\nmBn/glpJVu8k2TGC4d3D3zOMl1EVunW7jz3pGGHv8r2VzRu5/wktoIw7aKfXGagG\n5/ON0o67EPa3ekgatz+k012qwDUXqex2JrsS8ApQsEEdQJgZ+kbyryFDLBEOd61X\nnAJH1MuY6wie5qQMBE7SuzzkPVw/uRZ+aRXWWmsLyCiQh4h5CWltX+NN8bsCAwEA\nAQKCAgBm5YwoQRHJH3mKDuFBHLsa5O6YAkMyQQQ35D3d46qbtsI8FPKhsWJAyaos\nX+pZ0eCmmuT8l1ZtdO3Xehx7CP0rEXtDASQgaiXs4pMh3273Zjqoiowh5O1+mvPb\n8b9XCmdyurJRNDSmQA9K5Znmp0zvxU/9ipsard5uIDucFzzgHQRinO5VKGAiZTRz\nxErUMbAdaFMisf9bHxitUZ1i3B1HtDEZ//W2x1M3heZhHT8kMRolOgtgSJjq4Tkz\nOlJaTdgrMnyayQyfYfchX19Kor5yZeFCbwLzmDm4Wj0VmbWvzZJ4028nSsvpkIlr\noFmcN6zxsGt87mZjMTqxYSIYby2CqJJU+a7z9Zu8Xes2Y/gtURsvUBtI1ktyyFSq\nnuJFgGPLg9CPa4V4cwyS59/TPEGThoHNpUm9VIqs93C2LyUELqPFjX5bA++l/Wsu\nUy1+VU28KdoFjcQD6ywi6n5Hm8lg3FGI5BwOSom/k8ZV5OJxBUgRcgiV0QNwbYpd\nDm75UDjUOcHHM3rn6ZdcEr4cpH4zpx/wqSwdoW6w66ysI3PsbnrRW6MgQsdXoyil\nzc6cDOiIkocOj06YXV4IlGjwkylpbIKoJMXIlVN7lxUFYgrq073GKah7vHm662rQ\njj7qXEz0S2WXqXHIFdostOR04SnMN32HorkEjBbu6/geciRJQQKCAQEA4j2tE9QR\nb7XROzjNMJ9HRmfgHt2L1XUY3wi75G8IcbT55fApUxcgmgdMJ/V+Xx8S0cAnqr6Z\nK9PDTqF6owgeO7KrING/nex6MxTz/KsoXwY2WIAkuCzG10Lt7TCDdQiBN1vt0+mD\nRbY5rh1BC7H7Ldpgr2phg7vBg2VsWJQgxe4n3KB1MrVTRDojxUDIZeiZ+QFTR3xE\ng9o40kWEYKgebQgG+m4vHZlHwCC4lm+S9RXU7/XtlGmUdplWzdDJqeXxOfZWGeUc\nE9Om2D14ek4E7oZjy/OBtdoyN9ZwVBHncblaubjplOI6AZ9qRtoyCYvXBFxy1qGI\nIerkajwpkdeBFwKCAQEA0ppYc8kxL+x5BaWzARIGoGMCa7Xlnq6XLwgKSEe2NPyQ\nwxfFHUU28VwYxtZj7Lc2DGdoRFGZz1yBMzkNRO44KE3J/AqMmIgyBDdGUIiyVDM+\n14Duuz5b/aZjn6t4fEDl0/oKUDvV/ciRknlxq4997Y5x2yIwIcIwTI4JgGESacHN\nQtWEMYza/ua9kD7Afp3M/30CiockrNBwgaY0IsHPf29gv+D9TUgRi0ezDXDtZ3LX\nm0Jc1qvHVBGkcP3Yi14yJyVbD8a3ZvdawzU1z5jB2i0Ax3Suz2nooZ/NOUY5R/oH\nEliYoTb3QqTPzo8s4/EcHxzFaBYspAeJwn3XrhZS/QKCAQBkRf/LNQgRYh19SRyw\nuzfE/c84/uq2TjMaz20vvwKYGyVTg5FdUXfSrP9VCprbIBOgQbGTHO0YnsAGvs1z\nKurzfKoaXry2CxTSRSwqxdWb4E4ABbPAqZ/r0q9PnFv3aDCVT7pmXS4gnLaN9Etb\nGqSAWzTVKqpTz8jiKvbNf8HS2E50m+217uYb7ETkbWUkveZYlfzKR0q6weLDV6pn\niLwLiS5GmsVpMgG6JwaJLqSM2gNJ489MI0t5EVeG2042bkLvdL4OthwusXVWjFA0\nrRXEfm4G/EN2TWJKm1GoAVN6dTO/8zQcF/SruXNKOfVJg+Bl/2+qr2d92PUqHMYz\n7Lc7AoIBAQCaPcxWUJ2jma8xAaBOQmN0B894D2oyg2/aVCsjsNGzkN584+XLgCuz\nLV5AEjhw3+XHw9xLXPAnPHqrhzc+qrGaYw5xd1BtTiJDkDABP3xLypRVxOoTXKKG\n7Nu9zxmY9vbb/x6akJgzHDfxbNxhZ+A0ocSlVy6lKtGw3735th6EMhogvrvohl7F\nnTxsbmkQ0oWXAHlh94RWxPoBGjbI1eUgUfQr053wgb3HoiVyzKgywZtC7KGN35VG\n7vzefCuiNsTIgsVkkocz9CkXGttkRV6Eab1OVxjIc6qa5KyrK9E789RGDXkLaXRB\n7O79O0MHVkjgSHQTvVnIcHTmasARkewJAoIBAEhrjLMbpBedG5395q5HFjkkZFsX\nfHXMNbF9ngnvy3NuYRpoAduBYoT7I/dsvvduQMeHrm3cRoF4GsJ61nl7VfHhOuNx\nh8D/JkSjyU6+eDJvJYihIsQuJ6FPu/CrQGEjpD0ntln7/bdb8SgWklZhPUGNbGVP\nq0AFgRbuyUT1DnCxlpbCSG8uVH1sutNC/NY5AVIakB8l6cuybqs5w7o4ned9Mr9N\nIozrIhThvSeiXFj9uO+GBO1TXB+wDmi34axNjtJTJ0qD6oir9ZG0grm+xgY0Y2H1\ny+HRFQdzYmS7yA3XMmaqaJvbf4h6k6dxNG+r6GQtXBG5FbAB2Yvd7V/Tfmw=\n-----END RSA PRIVATE KEY-----\n",
            "private_key_pem_pkcs8": "-----BEGIN PRIVATE KEY-----\nMIIJQgIBADANBgkqhkiG9w0BAQEFAASCCSwwggkoAgEAAoICAQC6Hv8/6OVV+5wh\nv4dgXDixCQ3woaBkauCUJ36vzWn6skOfnqfP3pC35vsDESyqrX3TxCpyRE2V7VBL\nzJcu5cYlv7g+1HhLniTnW9pF4e9RJkgd4bxfFPdgbyUShe4WVuyXgEo+j/P6RIwI\nSYQSUo0iql0PR62C6vsN1s5J9E5lIstferi8ugDeEQF5/EJrfDcMcEMAxWYBr09H\nWarK4KE8NYjVVNdoCnidisDMaywn6HlYt3uxO5XfD6+nR/7KBTe9mjKgdPH8JXce\n9wRsUMgFOxgU6oCOLo6sFsLlT9YDTSwT8Dq/k2Hf+2LVnnm60qzrH7C72Dro72xg\nSdiAGAIq5jmfThmZBoGwdis8MHBd2b0nBBDSSp/EUUT3mi4ZZFfAaZUnGvyPkGXd\n7UogG0KHGhu4roIAb6EZ9YsKXSkQRPgtj78FhECgjRxDyT6ayl8riHPRFuYWyUSJ\nKSiIiKqoXtbwUvu0/kC+r7OJlrMvkQt9xOWYGf+CWklW7yTZMYLh3cPfM4yXURW6\ndbuPPekYYe/yvZXNG7n/CS2gjDtop9cZqAbn843SjrsQ9rd6SBq3P6TTXarANRep\n7HYmuxLwClCwQR1AmBn6RvKvIUMsEQ53rVecAkfUy5jrCJ7mpAwETtK7POQ9XD+5\nFn5pFdZaawvIKJCHiHkJaW1f403xuwIDAQABAoICAGbljChBEckfeYoO4UEcuxrk\n7pgCQzJBBDfkPd3jqpu2wjwU8qGxYkDJqixf6lnR4Kaa5PyXVm107dd6HHsI/SsR\ne0MBJCBqJezikyHfbvdmOqiKjCHk7X6a89vxv1cKZ3K6slE0NKZAD0rlmeanTO/F\nT/2Kmxqt3m4gO5wXPOAdBGKc7lUoYCJlNHPEStQxsB1oUyKx/1sfGK1RnWLcHUe0\nMRn/9bbHUzeF5mEdPyQxGiU6C2BImOrhOTM6UlpN2CsyfJrJDJ9h9yFfX0qivnJl\n4UJvAvOYObhaPRWZta/NknjTbydKy+mQiWugWZw3rPGwa3zuZmMxOrFhIhhvLYKo\nklT5rvP1m7xd6zZj+C1RGy9QG0jWS3LIVKqe4kWAY8uD0I9rhXhzDJLn39M8QZOG\ngc2lSb1Uiqz3cLYvJQQuo8WNflsD76X9ay5TLX5VTbwp2gWNxAPrLCLqfkebyWDc\nUYjkHA5Kib+TxlXk4nEFSBFyCJXRA3Btil0ObvlQONQ5wcczeufpl1wSvhykfjOn\nH/CpLB2hbrDrrKwjc+xuetFboyBCx1ejKKXNzpwM6IiShw6PTphdXgiUaPCTKWls\ngqgkxciVU3uXFQViCurTvcYpqHu8ebrratCOPupcTPRLZZepccgV2iy05HThKcw3\nfYeiuQSMFu7r+B5yJElBAoIBAQDiPa0T1BFvtdE7OM0wn0dGZ+Ae3YvVdRjfCLvk\nbwhxtPnl8ClTFyCaB0wn9X5fHxLRwCeqvpkr08NOoXqjCB47sqsg0b+d7HozFPP8\nqyhfBjZYgCS4LMbXQu3tMIN1CIE3W+3T6YNFtjmuHUELsfst2mCvamGDu8GDZWxY\nlCDF7ifcoHUytVNEOiPFQMhl6Jn5AVNHfESD2jjSRYRgqB5tCAb6bi8dmUfAILiW\nb5L1FdTv9e2UaZR2mVbN0Mmp5fE59lYZ5RwT06bYPXh6TgTuhmPL84G12jI31nBU\nEedxuVq5uOmU4joBn2pG2jIJi9cEXHLWoYgh6uRqPCmR14EXAoIBAQDSmlhzyTEv\n7HkFpbMBEgagYwJrteWerpcvCApIR7Y0/JDDF8UdRTbxXBjG1mPstzYMZ2hEUZnP\nXIEzOQ1E7jgoTcn8CoyYiDIEN0ZQiLJUMz7XgO67Plv9pmOfq3h8QOXT+gpQO9X9\nyJGSeXGrj33tjnHbIjAhwjBMjgmAYRJpwc1C1YQxjNr+5r2QPsB+ncz/fQKKhySs\n0HCBpjQiwc9/b2C/4P1NSBGLR7MNcO1nctebQlzWq8dUEaRw/diLXjInJVsPxrdm\n91rDNTXPmMHaLQDHdK7Paeihn805RjlH+gcSWJihNvdCpM/Ojyzj8RwfHMVoFiyk\nB4nCfdeuFlL9AoIBAGRF/8s1CBFiHX1JHLC7N8T9zzj+6rZOMxrPbS+/ApgbJVOD\nkV1Rd9Ks/1UKmtsgE6BBsZMc7RiewAa+zXMq6vN8qhpevLYLFNJFLCrF1ZvgTgAF\ns8Cpn+vSr0+cW/doMJVPumZdLiCcto30S1sapIBbNNUqqlPPyOIq9s1/wdLYTnSb\n7bXu5hvsRORtZSS95liV/MpHSrrB4sNXqmeIvAuJLkaaxWkyAbonBokupIzaA0nj\nz0wjS3kRV4bbTjZuQu90vg62HC6xdVaMUDStFcR+bgb8Q3ZNYkqbUagBU3p1M7/z\nNBwX9Ku5c0o59UmD4GX/b6qvZ33Y9SocxjPstzsCggEBAJo9zFZQnaOZrzEBoE5C\nY3QHz3gPajKDb9pUKyOw0bOQ3nzj5cuAK7MtXkASOHDf5cfD3Etc8Cc8equHNz6q\nsZpjDnF3UG1OIkOQMAE/fEvKlFXE6hNcoobs273PGZj29tv/HpqQmDMcN/Fs3GFn\n4DShxKVXLqUq0bDfvfm2HoQyGiC+u+iGXsWdPGxuaRDShZcAeWH3hFbE+gEaNsjV\n5SBR9CvTnfCBvceiJXLMqDLBm0LsoY3flUbu/N58K6I2xMiCxWSShzP0KRca22RF\nXoRpvU5XGMhzqprkrKsr0Tvz1EYNeQtpdEHs7v07QwdWSOBIdBO9WchwdOZqwBGR\n7AkCggEASGuMsxukF50bnf3mrkcWOSRkWxd8dcw1sX2eCe/Lc25hGmgB24FihPsj\n92y+925Ax4eubdxGgXgawnrWeXtV8eE643GHwP8mRKPJTr54Mm8liKEixC4noU+7\n8KtAYSOkPSe2Wfv9t1vxKBaSVmE9QY1sZU+rQAWBFu7JRPUOcLGWlsJIby5UfWy6\n00L81jkBUhqQHyXpy7JuqznDujid530yv00ijOsiFOG9J6JcWP2474YE7VNcH7AO\naLfhrE2O0lMnSoPqiKv1kbSCub7GBjRjYfXL4dEVB3NiZLvIDdcyZqpom9t/iHqT\np3E0b6voZC1cEbkVsAHZi93tX9N+bA==\n-----END PRIVATE KEY-----\n",
            "public_key_fingerprint_md5": "0e:23:28:11:0c:08:bc:f3:33:f0:2b:6c:c6:2b:70:b1",
            "public_key_fingerprint_sha256": "SHA256:hMjycezUiW/KNKDuhPOdVm1glF74Nvml1UDRSIiQraI",
            "public_key_openssh": "ssh-rsa AAAAB3NzaC1yc2EAAAADAQABAAACAQC6Hv8/6OVV+5whv4dgXDixCQ3woaBkauCUJ36vzWn6skOfnqfP3pC35vsDESyqrX3TxCpyRE2V7VBLzJcu5cYlv7g+1HhLniTnW9pF4e9RJkgd4bxfFPdgbyUShe4WVuyXgEo+j/P6RIwISYQSUo0iql0PR62C6vsN1s5J9E5lIstferi8ugDeEQF5/EJrfDcMcEMAxWYBr09HWarK4KE8NYjVVNdoCnidisDMaywn6HlYt3uxO5XfD6+nR/7KBTe9mjKgdPH8JXce9wRsUMgFOxgU6oCOLo6sFsLlT9YDTSwT8Dq/k2Hf+2LVnnm60qzrH7C72Dro72xgSdiAGAIq5jmfThmZBoGwdis8MHBd2b0nBBDSSp/EUUT3mi4ZZFfAaZUnGvyPkGXd7UogG0KHGhu4roIAb6EZ9YsKXSkQRPgtj78FhECgjRxDyT6ayl8riHPRFuYWyUSJKSiIiKqoXtbwUvu0/kC+r7OJlrMvkQt9xOWYGf+CWklW7yTZMYLh3cPfM4yXURW6dbuPPekYYe/yvZXNG7n/CS2gjDtop9cZqAbn843SjrsQ9rd6SBq3P6TTXarANRep7HYmuxLwClCwQR1AmBn6RvKvIUMsEQ53rVecAkfUy5jrCJ7mpAwETtK7POQ9XD+5Fn5pFdZaawvIKJCHiHkJaW1f403xuw==\n",
            "public_key_pem": "-----BEGIN PUBLIC KEY-----\nMIICIjANBgkqhkiG9w0BAQEFAAOCAg8AMIICCgKCAgEAuh7/P+jlVfucIb+HYFw4\nsQkN8KGgZGrglCd+r81p+rJDn56nz96Qt+b7AxEsqq1908QqckRNle1QS8yXLuXG\nJb+4PtR4S54k51vaReHvUSZIHeG8XxT3YG8lEoXuFlbsl4BKPo/z+kSMCEmEElKN\nIqpdD0etgur7DdbOSfROZSLLX3q4vLoA3hEBefxCa3w3DHBDAMVmAa9PR1mqyuCh\nPDWI1VTXaAp4nYrAzGssJ+h5WLd7sTuV3w+vp0f+ygU3vZoyoHTx/CV3HvcEbFDI\nBTsYFOqAji6OrBbC5U/WA00sE/A6v5Nh3/ti1Z55utKs6x+wu9g66O9sYEnYgBgC\nKuY5n04ZmQaBsHYrPDBwXdm9JwQQ0kqfxFFE95ouGWRXwGmVJxr8j5Bl3e1KIBtC\nhxobuK6CAG+hGfWLCl0pEET4LY+/BYRAoI0cQ8k+mspfK4hz0RbmFslEiSkoiIiq\nqF7W8FL7tP5Avq+ziZazL5ELfcTlmBn/glpJVu8k2TGC4d3D3zOMl1EVunW7jz3p\nGGHv8r2VzRu5/wktoIw7aKfXGagG5/ON0o67EPa3ekgatz+k012qwDUXqex2JrsS\n8ApQsEEdQJgZ+kbyryFDLBEOd61XnAJH1MuY6wie5qQMBE7SuzzkPVw/uRZ+aRXW\nWmsLyCiQh4h5CWltX+NN8bsCAwEAAQ==\n-----END PUBLIC KEY-----\n",
            "rsa_bits": 4096
          },
          "sensitive_attributes": []
        }
      ]
    },
    {
      "module": "module.vpc",
      "mode": "managed",
      "type": "aws_eip",
      "name": "nat_eip",
      "provider": "provider[\"registry.terraform.io/hashicorp/aws\"]",
      "instances": [
        {
          "index_key": 0,
          "schema_version": 0,
          "attributes": {
            "address": null,
            "allocation_id": "eipalloc-0ff0e240be20a60d9",
            "associate_with_private_ip": null,
            "association_id": "",
            "carrier_ip": "",
            "customer_owned_ip": "",
            "customer_owned_ipv4_pool": "",
            "domain": "vpc",
            "id": "eipalloc-0ff0e240be20a60d9",
            "instance": "",
            "network_border_group": "ap-south-1",
            "network_interface": "",
            "private_dns": null,
            "private_ip": "",
            "public_dns": "ec2-15-207-239-244.ap-south-1.compute.amazonaws.com",
            "public_ip": "15.207.239.244",
            "public_ipv4_pool": "amazon",
            "tags": {
              "Name": "zenskar-nat-eip-1"
            },
            "tags_all": {
              "Name": "zenskar-nat-eip-1"
            },
            "timeouts": null,
            "vpc": true
          },
          "sensitive_attributes": [],
          "private": "eyJlMmJmYjczMC1lY2FhLTExZTYtOGY4OC0zNDM2M2JjN2M0YzAiOnsiZGVsZXRlIjoxODAwMDAwMDAwMDAsInJlYWQiOjkwMDAwMDAwMDAwMCwidXBkYXRlIjozMDAwMDAwMDAwMDB9fQ=="
        },
        {
          "index_key": 1,
          "schema_version": 0,
          "attributes": {
            "address": null,
            "allocation_id": "eipalloc-03fe4c0da7219d7ca",
            "associate_with_private_ip": null,
            "association_id": "",
            "carrier_ip": "",
            "customer_owned_ip": "",
            "customer_owned_ipv4_pool": "",
            "domain": "vpc",
            "id": "eipalloc-03fe4c0da7219d7ca",
            "instance": "",
            "network_border_group": "ap-south-1",
            "network_interface": "",
            "private_dns": null,
            "private_ip": "",
            "public_dns": "ec2-3-6-211-162.ap-south-1.compute.amazonaws.com",
            "public_ip": "3.6.211.162",
            "public_ipv4_pool": "amazon",
            "tags": {
              "Name": "zenskar-nat-eip-2"
            },
            "tags_all": {
              "Name": "zenskar-nat-eip-2"
            },
            "timeouts": null,
            "vpc": true
          },
          "sensitive_attributes": [],
          "private": "eyJlMmJmYjczMC1lY2FhLTExZTYtOGY4OC0zNDM2M2JjN2M0YzAiOnsiZGVsZXRlIjoxODAwMDAwMDAwMDAsInJlYWQiOjkwMDAwMDAwMDAwMCwidXBkYXRlIjozMDAwMDAwMDAwMDB9fQ=="
        },
        {
          "index_key": 2,
          "schema_version": 0,
          "attributes": {
            "address": null,
            "allocation_id": "eipalloc-055b4283f27d3d84f",
            "associate_with_private_ip": null,
            "association_id": "",
            "carrier_ip": "",
            "customer_owned_ip": "",
            "customer_owned_ipv4_pool": "",
            "domain": "vpc",
            "id": "eipalloc-055b4283f27d3d84f",
            "instance": "",
            "network_border_group": "ap-south-1",
            "network_interface": "",
            "private_dns": null,
            "private_ip": "",
            "public_dns": "ec2-3-6-253-202.ap-south-1.compute.amazonaws.com",
            "public_ip": "3.6.253.202",
            "public_ipv4_pool": "amazon",
            "tags": {
              "Name": "zenskar-nat-eip-3"
            },
            "tags_all": {
              "Name": "zenskar-nat-eip-3"
            },
            "timeouts": null,
            "vpc": true
          },
          "sensitive_attributes": [],
          "private": "eyJlMmJmYjczMC1lY2FhLTExZTYtOGY4OC0zNDM2M2JjN2M0YzAiOnsiZGVsZXRlIjoxODAwMDAwMDAwMDAsInJlYWQiOjkwMDAwMDAwMDAwMCwidXBkYXRlIjozMDAwMDAwMDAwMDB9fQ=="
        }
      ]
    },
    {
      "module": "module.vpc",
      "mode": "managed",
      "type": "aws_internet_gateway",
      "name": "zenskar_igw",
      "provider": "provider[\"registry.terraform.io/hashicorp/aws\"]",
      "instances": [
        {
          "schema_version": 0,
          "attributes": {
            "arn": "arn:aws:ec2:ap-south-1:107534347551:internet-gateway/igw-08e85656454ac4c56",
            "id": "igw-08e85656454ac4c56",
            "owner_id": "107534347551",
            "tags": {
              "Name": "zenskar-igw"
            },
            "tags_all": {
              "Name": "zenskar-igw"
            },
            "timeouts": null,
            "vpc_id": "vpc-072bbac1398ceb65a"
          },
          "sensitive_attributes": [],
          "private": "eyJlMmJmYjczMC1lY2FhLTExZTYtOGY4OC0zNDM2M2JjN2M0YzAiOnsiY3JlYXRlIjoxMjAwMDAwMDAwMDAwLCJkZWxldGUiOjEyMDAwMDAwMDAwMDAsInVwZGF0ZSI6MTIwMDAwMDAwMDAwMH19",
          "dependencies": [
            "module.vpc.aws_vpc.zenskar"
          ]
        }
      ]
    },
    {
      "module": "module.vpc",
      "mode": "managed",
      "type": "aws_nat_gateway",
      "name": "nat_gateway",
      "provider": "provider[\"registry.terraform.io/hashicorp/aws\"]",
      "instances": [
        {
          "index_key": 0,
          "schema_version": 0,
          "attributes": {
            "allocation_id": "eipalloc-0ff0e240be20a60d9",
            "association_id": "eipassoc-0156f41903ae2713b",
            "connectivity_type": "public",
            "id": "nat-080eef31e4a0a31dd",
            "network_interface_id": "eni-056e5b17f0a957fd0",
            "private_ip": "172.34.1.62",
            "public_ip": "15.207.239.244",
            "secondary_allocation_ids": null,
            "secondary_private_ip_address_count": 0,
            "secondary_private_ip_addresses": [],
            "subnet_id": "subnet-0eaa4757782af0f62",
            "tags": {
              "Name": "zenskar-nat-gateway-1"
            },
            "tags_all": {
              "Name": "zenskar-nat-gateway-1"
            },
            "timeouts": null
          },
          "sensitive_attributes": [],
          "private": "eyJlMmJmYjczMC1lY2FhLTExZTYtOGY4OC0zNDM2M2JjN2M0YzAiOnsiY3JlYXRlIjo2MDAwMDAwMDAwMDAsImRlbGV0ZSI6MTgwMDAwMDAwMDAwMCwidXBkYXRlIjo2MDAwMDAwMDAwMDB9fQ==",
          "dependencies": [
            "module.vpc.aws_eip.nat_eip",
            "module.vpc.aws_subnet.public_subnet",
            "module.vpc.aws_vpc.zenskar"
          ]
        },
        {
          "index_key": 1,
          "schema_version": 0,
          "attributes": {
            "allocation_id": "eipalloc-03fe4c0da7219d7ca",
            "association_id": "eipassoc-0b046a5270b73a945",
            "connectivity_type": "public",
            "id": "nat-03324882add192630",
            "network_interface_id": "eni-01f0e275683c2c52e",
            "private_ip": "172.34.2.121",
            "public_ip": "3.6.211.162",
            "secondary_allocation_ids": null,
            "secondary_private_ip_address_count": 0,
            "secondary_private_ip_addresses": [],
            "subnet_id": "subnet-002b6ad18efbe3e8b",
            "tags": {
              "Name": "zenskar-nat-gateway-2"
            },
            "tags_all": {
              "Name": "zenskar-nat-gateway-2"
            },
            "timeouts": null
          },
          "sensitive_attributes": [],
          "private": "eyJlMmJmYjczMC1lY2FhLTExZTYtOGY4OC0zNDM2M2JjN2M0YzAiOnsiY3JlYXRlIjo2MDAwMDAwMDAwMDAsImRlbGV0ZSI6MTgwMDAwMDAwMDAwMCwidXBkYXRlIjo2MDAwMDAwMDAwMDB9fQ==",
          "dependencies": [
            "module.vpc.aws_eip.nat_eip",
            "module.vpc.aws_subnet.public_subnet",
            "module.vpc.aws_vpc.zenskar"
          ]
        },
        {
          "index_key": 2,
          "schema_version": 0,
          "attributes": {
            "allocation_id": "eipalloc-055b4283f27d3d84f",
            "association_id": "eipassoc-06034aad367ba307f",
            "connectivity_type": "public",
            "id": "nat-00f2126088c705e0f",
            "network_interface_id": "eni-09349baef61d7e08d",
            "private_ip": "172.34.3.160",
            "public_ip": "3.6.253.202",
            "secondary_allocation_ids": null,
            "secondary_private_ip_address_count": 0,
            "secondary_private_ip_addresses": [],
            "subnet_id": "subnet-08c66dc3494e46380",
            "tags": {
              "Name": "zenskar-nat-gateway-3"
            },
            "tags_all": {
              "Name": "zenskar-nat-gateway-3"
            },
            "timeouts": null
          },
          "sensitive_attributes": [],
          "private": "eyJlMmJmYjczMC1lY2FhLTExZTYtOGY4OC0zNDM2M2JjN2M0YzAiOnsiY3JlYXRlIjo2MDAwMDAwMDAwMDAsImRlbGV0ZSI6MTgwMDAwMDAwMDAwMCwidXBkYXRlIjo2MDAwMDAwMDAwMDB9fQ==",
          "dependencies": [
            "module.vpc.aws_eip.nat_eip",
            "module.vpc.aws_subnet.public_subnet",
            "module.vpc.aws_vpc.zenskar"
          ]
        }
      ]
    },
    {
      "module": "module.vpc",
      "mode": "managed",
      "type": "aws_subnet",
      "name": "private_subnet",
      "provider": "provider[\"registry.terraform.io/hashicorp/aws\"]",
      "instances": [
        {
          "index_key": 0,
          "schema_version": 1,
          "attributes": {
            "arn": "arn:aws:ec2:ap-south-1:107534347551:subnet/subnet-00a28379a54070b67",
            "assign_ipv6_address_on_creation": false,
            "availability_zone": "ap-south-1a",
            "availability_zone_id": "aps1-az1",
            "cidr_block": "172.34.4.0/24",
            "customer_owned_ipv4_pool": "",
            "enable_dns64": false,
            "enable_lni_at_device_index": 0,
            "enable_resource_name_dns_a_record_on_launch": false,
            "enable_resource_name_dns_aaaa_record_on_launch": false,
            "id": "subnet-00a28379a54070b67",
            "ipv6_cidr_block": "",
            "ipv6_cidr_block_association_id": "",
            "ipv6_native": false,
            "map_customer_owned_ip_on_launch": false,
            "map_public_ip_on_launch": false,
            "outpost_arn": "",
            "owner_id": "107534347551",
            "private_dns_hostname_type_on_launch": "ip-name",
            "tags": {
              "Name": "zenskar-private-subnet-1"
            },
            "tags_all": {
              "Name": "zenskar-private-subnet-1"
            },
            "timeouts": null,
            "vpc_id": "vpc-072bbac1398ceb65a"
          },
          "sensitive_attributes": [],
          "private": "eyJlMmJmYjczMC1lY2FhLTExZTYtOGY4OC0zNDM2M2JjN2M0YzAiOnsiY3JlYXRlIjo2MDAwMDAwMDAwMDAsImRlbGV0ZSI6MTIwMDAwMDAwMDAwMH0sInNjaGVtYV92ZXJzaW9uIjoiMSJ9",
          "dependencies": [
            "module.vpc.aws_vpc.zenskar"
          ]
        },
        {
          "index_key": 1,
          "schema_version": 1,
          "attributes": {
            "arn": "arn:aws:ec2:ap-south-1:107534347551:subnet/subnet-075412e6463eaf940",
            "assign_ipv6_address_on_creation": false,
            "availability_zone": "ap-south-1b",
            "availability_zone_id": "aps1-az3",
            "cidr_block": "172.34.5.0/24",
            "customer_owned_ipv4_pool": "",
            "enable_dns64": false,
            "enable_lni_at_device_index": 0,
            "enable_resource_name_dns_a_record_on_launch": false,
            "enable_resource_name_dns_aaaa_record_on_launch": false,
            "id": "subnet-075412e6463eaf940",
            "ipv6_cidr_block": "",
            "ipv6_cidr_block_association_id": "",
            "ipv6_native": false,
            "map_customer_owned_ip_on_launch": false,
            "map_public_ip_on_launch": false,
            "outpost_arn": "",
            "owner_id": "107534347551",
            "private_dns_hostname_type_on_launch": "ip-name",
            "tags": {
              "Name": "zenskar-private-subnet-2"
            },
            "tags_all": {
              "Name": "zenskar-private-subnet-2"
            },
            "timeouts": null,
            "vpc_id": "vpc-072bbac1398ceb65a"
          },
          "sensitive_attributes": [],
          "private": "eyJlMmJmYjczMC1lY2FhLTExZTYtOGY4OC0zNDM2M2JjN2M0YzAiOnsiY3JlYXRlIjo2MDAwMDAwMDAwMDAsImRlbGV0ZSI6MTIwMDAwMDAwMDAwMH0sInNjaGVtYV92ZXJzaW9uIjoiMSJ9",
          "dependencies": [
            "module.vpc.aws_vpc.zenskar"
          ]
        },
        {
          "index_key": 2,
          "schema_version": 1,
          "attributes": {
            "arn": "arn:aws:ec2:ap-south-1:107534347551:subnet/subnet-0f24d0611186df9b9",
            "assign_ipv6_address_on_creation": false,
            "availability_zone": "ap-south-1c",
            "availability_zone_id": "aps1-az2",
            "cidr_block": "172.34.6.0/24",
            "customer_owned_ipv4_pool": "",
            "enable_dns64": false,
            "enable_lni_at_device_index": 0,
            "enable_resource_name_dns_a_record_on_launch": false,
            "enable_resource_name_dns_aaaa_record_on_launch": false,
            "id": "subnet-0f24d0611186df9b9",
            "ipv6_cidr_block": "",
            "ipv6_cidr_block_association_id": "",
            "ipv6_native": false,
            "map_customer_owned_ip_on_launch": false,
            "map_public_ip_on_launch": false,
            "outpost_arn": "",
            "owner_id": "107534347551",
            "private_dns_hostname_type_on_launch": "ip-name",
            "tags": {
              "Name": "zenskar-private-subnet-3"
            },
            "tags_all": {
              "Name": "zenskar-private-subnet-3"
            },
            "timeouts": null,
            "vpc_id": "vpc-072bbac1398ceb65a"
          },
          "sensitive_attributes": [],
          "private": "eyJlMmJmYjczMC1lY2FhLTExZTYtOGY4OC0zNDM2M2JjN2M0YzAiOnsiY3JlYXRlIjo2MDAwMDAwMDAwMDAsImRlbGV0ZSI6MTIwMDAwMDAwMDAwMH0sInNjaGVtYV92ZXJzaW9uIjoiMSJ9",
          "dependencies": [
            "module.vpc.aws_vpc.zenskar"
          ]
        }
      ]
    },
    {
      "module": "module.vpc",
      "mode": "managed",
      "type": "aws_subnet",
      "name": "public_subnet",
      "provider": "provider[\"registry.terraform.io/hashicorp/aws\"]",
      "instances": [
        {
          "index_key": 0,
          "schema_version": 1,
          "attributes": {
            "arn": "arn:aws:ec2:ap-south-1:107534347551:subnet/subnet-0eaa4757782af0f62",
            "assign_ipv6_address_on_creation": false,
            "availability_zone": "ap-south-1a",
            "availability_zone_id": "aps1-az1",
            "cidr_block": "172.34.1.0/24",
            "customer_owned_ipv4_pool": "",
            "enable_dns64": false,
            "enable_lni_at_device_index": 0,
            "enable_resource_name_dns_a_record_on_launch": false,
            "enable_resource_name_dns_aaaa_record_on_launch": false,
            "id": "subnet-0eaa4757782af0f62",
            "ipv6_cidr_block": "",
            "ipv6_cidr_block_association_id": "",
            "ipv6_native": false,
            "map_customer_owned_ip_on_launch": false,
            "map_public_ip_on_launch": false,
            "outpost_arn": "",
            "owner_id": "107534347551",
            "private_dns_hostname_type_on_launch": "ip-name",
            "tags": {
              "Name": "zenskar-public-subnet-1"
            },
            "tags_all": {
              "Name": "zenskar-public-subnet-1"
            },
            "timeouts": null,
            "vpc_id": "vpc-072bbac1398ceb65a"
          },
          "sensitive_attributes": [],
          "private": "eyJlMmJmYjczMC1lY2FhLTExZTYtOGY4OC0zNDM2M2JjN2M0YzAiOnsiY3JlYXRlIjo2MDAwMDAwMDAwMDAsImRlbGV0ZSI6MTIwMDAwMDAwMDAwMH0sInNjaGVtYV92ZXJzaW9uIjoiMSJ9",
          "dependencies": [
            "module.vpc.aws_vpc.zenskar"
          ]
        },
        {
          "index_key": 1,
          "schema_version": 1,
          "attributes": {
            "arn": "arn:aws:ec2:ap-south-1:107534347551:subnet/subnet-002b6ad18efbe3e8b",
            "assign_ipv6_address_on_creation": false,
            "availability_zone": "ap-south-1b",
            "availability_zone_id": "aps1-az3",
            "cidr_block": "172.34.2.0/24",
            "customer_owned_ipv4_pool": "",
            "enable_dns64": false,
            "enable_lni_at_device_index": 0,
            "enable_resource_name_dns_a_record_on_launch": false,
            "enable_resource_name_dns_aaaa_record_on_launch": false,
            "id": "subnet-002b6ad18efbe3e8b",
            "ipv6_cidr_block": "",
            "ipv6_cidr_block_association_id": "",
            "ipv6_native": false,
            "map_customer_owned_ip_on_launch": false,
            "map_public_ip_on_launch": false,
            "outpost_arn": "",
            "owner_id": "107534347551",
            "private_dns_hostname_type_on_launch": "ip-name",
            "tags": {
              "Name": "zenskar-public-subnet-2"
            },
            "tags_all": {
              "Name": "zenskar-public-subnet-2"
            },
            "timeouts": null,
            "vpc_id": "vpc-072bbac1398ceb65a"
          },
          "sensitive_attributes": [],
          "private": "eyJlMmJmYjczMC1lY2FhLTExZTYtOGY4OC0zNDM2M2JjN2M0YzAiOnsiY3JlYXRlIjo2MDAwMDAwMDAwMDAsImRlbGV0ZSI6MTIwMDAwMDAwMDAwMH0sInNjaGVtYV92ZXJzaW9uIjoiMSJ9",
          "dependencies": [
            "module.vpc.aws_vpc.zenskar"
          ]
        },
        {
          "index_key": 2,
          "schema_version": 1,
          "attributes": {
            "arn": "arn:aws:ec2:ap-south-1:107534347551:subnet/subnet-08c66dc3494e46380",
            "assign_ipv6_address_on_creation": false,
            "availability_zone": "ap-south-1c",
            "availability_zone_id": "aps1-az2",
            "cidr_block": "172.34.3.0/24",
            "customer_owned_ipv4_pool": "",
            "enable_dns64": false,
            "enable_lni_at_device_index": 0,
            "enable_resource_name_dns_a_record_on_launch": false,
            "enable_resource_name_dns_aaaa_record_on_launch": false,
            "id": "subnet-08c66dc3494e46380",
            "ipv6_cidr_block": "",
            "ipv6_cidr_block_association_id": "",
            "ipv6_native": false,
            "map_customer_owned_ip_on_launch": false,
            "map_public_ip_on_launch": false,
            "outpost_arn": "",
            "owner_id": "107534347551",
            "private_dns_hostname_type_on_launch": "ip-name",
            "tags": {
              "Name": "zenskar-public-subnet-3"
            },
            "tags_all": {
              "Name": "zenskar-public-subnet-3"
            },
            "timeouts": null,
            "vpc_id": "vpc-072bbac1398ceb65a"
          },
          "sensitive_attributes": [],
          "private": "eyJlMmJmYjczMC1lY2FhLTExZTYtOGY4OC0zNDM2M2JjN2M0YzAiOnsiY3JlYXRlIjo2MDAwMDAwMDAwMDAsImRlbGV0ZSI6MTIwMDAwMDAwMDAwMH0sInNjaGVtYV92ZXJzaW9uIjoiMSJ9",
          "dependencies": [
            "module.vpc.aws_vpc.zenskar"
          ]
        }
      ]
    },
    {
      "module": "module.vpc",
      "mode": "managed",
      "type": "aws_vpc",
      "name": "zenskar",
      "provider": "provider[\"registry.terraform.io/hashicorp/aws\"]",
      "instances": [
        {
          "schema_version": 1,
          "attributes": {
            "arn": "arn:aws:ec2:ap-south-1:107534347551:vpc/vpc-072bbac1398ceb65a",
            "assign_generated_ipv6_cidr_block": false,
            "cidr_block": "172.34.0.0/16",
            "default_network_acl_id": "acl-04f165bfc761a472f",
            "default_route_table_id": "rtb-084f03584b931b761",
            "default_security_group_id": "sg-004f60aba0cd266d5",
            "dhcp_options_id": "dopt-0b14c5fe946d33454",
            "enable_dns_hostnames": true,
            "enable_dns_support": true,
            "enable_network_address_usage_metrics": false,
            "id": "vpc-072bbac1398ceb65a",
            "instance_tenancy": "default",
            "ipv4_ipam_pool_id": null,
            "ipv4_netmask_length": null,
            "ipv6_association_id": "",
            "ipv6_cidr_block": "",
            "ipv6_cidr_block_network_border_group": "",
            "ipv6_ipam_pool_id": "",
            "ipv6_netmask_length": 0,
            "main_route_table_id": "rtb-084f03584b931b761",
            "owner_id": "107534347551",
            "tags": {
              "Name": "zenskar-vpc"
            },
            "tags_all": {
              "Name": "zenskar-vpc"
            }
          },
          "sensitive_attributes": [],
          "private": "eyJzY2hlbWFfdmVyc2lvbiI6IjEifQ=="
        }
      ]
    }
  ],
  "check_results": null
}
